<?xml version="1.0" encoding="utf-8"?>
<Project ToolsVersion="4.0" xmlns="http://schemas.microsoft.com/developer/msbuild/2003">
  <ItemGroup>
    <Filter Include="Debugger">
      <UniqueIdentifier>{e9844833-b753-4c82-911e-eec1ae943beb}</UniqueIdentifier>
    </Filter>
    <Filter Include="DSPInterpreter">
      <UniqueIdentifier>{606b1289-0d81-475f-b4c8-c1ed018ad321}</UniqueIdentifier>
    </Filter>
    <Filter Include="DSPJitc">
      <UniqueIdentifier>{7f090f3b-5143-4966-ac9a-7341301f5416}</UniqueIdentifier>
    </Filter>
    <Filter Include="FlipperGX">
      <UniqueIdentifier>{b60faf82-f58a-4d32-b637-cbb739f163a9}</UniqueIdentifier>
    </Filter>
    <Filter Include="GekkoCommon">
      <UniqueIdentifier>{c93fde1e-243d-48af-958d-a989826b4416}</UniqueIdentifier>
    </Filter>
    <Filter Include="GekkoInterpreter">
      <UniqueIdentifier>{169a2131-ef8d-4151-95ac-e394881ff335}</UniqueIdentifier>
    </Filter>
    <Filter Include="GekkoJitc">
      <UniqueIdentifier>{9d15e578-c30c-4392-9d9a-b4d918dacf36}</UniqueIdentifier>
    </Filter>
    <Filter Include="Gui">
      <UniqueIdentifier>{a611e3e6-8dff-4f15-9174-c88242e861f9}</UniqueIdentifier>
    </Filter>
    <Filter Include="HLE">
      <UniqueIdentifier>{81b63314-9750-461e-afac-79aa555ec0a1}</UniqueIdentifier>
    </Filter>
    <Filter Include="HW">
      <UniqueIdentifier>{ca6ac939-0dae-4c4b-8982-0e855d4355db}</UniqueIdentifier>
    </Filter>
    <Filter Include="Utils">
      <UniqueIdentifier>{4290f6ea-dabe-447c-a9fd-c4fe0a042f5a}</UniqueIdentifier>
    </Filter>
    <Filter Include="Resource">
      <UniqueIdentifier>{8a9b2f8e-3466-4641-b06a-bfb396dbafbd}</UniqueIdentifier>
    </Filter>
  </ItemGroup>
  <ItemGroup>
    <ClInclude Include="..\Source\dolphin.h" />
    <ClInclude Include="..\Source\Gui\Gui.h">
      <Filter>Gui</Filter>
    </ClInclude>
    <ClInclude Include="..\Source\Gui\GuiMain.h">
      <Filter>Gui</Filter>
    </ClInclude>
    <ClInclude Include="..\Source\Gui\GuiAbout.h">
      <Filter>Gui</Filter>
    </ClInclude>
    <ClInclude Include="..\Source\Gui\GuiGamelist.h">
      <Filter>Gui</Filter>
    </ClInclude>
    <ClInclude Include="..\Source\Gui\GuiMemcards.h">
      <Filter>Gui</Filter>
    </ClInclude>
    <ClInclude Include="..\Source\Gui\GuiSettings.h">
      <Filter>Gui</Filter>
    </ClInclude>
    <ClInclude Include="..\Source\Gui\GuiStatus.h">
      <Filter>Gui</Filter>
    </ClInclude>
    <ClInclude Include="..\Source\Utils\Config.h">
      <Filter>Utils</Filter>
    </ClInclude>
    <ClInclude Include="..\Source\Utils\FileWrap.h">
      <Filter>Utils</Filter>
    </ClInclude>
    <ClInclude Include="..\Source\Utils\Listutils.h">
      <Filter>Utils</Filter>
    </ClInclude>
    <ClInclude Include="..\Source\Utils\Profiler.h">
      <Filter>Utils</Filter>
    </ClInclude>
    <ClInclude Include="..\Source\Utils\Spinlock.h">
      <Filter>Utils</Filter>
    </ClInclude>
    <ClInclude Include="..\Source\Utils\Threads.h">
      <Filter>Utils</Filter>
    </ClInclude>
    <ClInclude Include="..\Source\Utils\Cmd.h">
      <Filter>Utils</Filter>
    </ClInclude>
    <ClInclude Include="..\Source\Utils\CoreDisasm.h">
      <Filter>Utils</Filter>
    </ClInclude>
    <ClInclude Include="..\Source\Utils\GekkoDisasm.h">
      <Filter>Utils</Filter>
    </ClInclude>
    <ClInclude Include="..\Source\Utils\SaveState.h">
      <Filter>Utils</Filter>
    </ClInclude>
    <ClInclude Include="..\Source\Utils\Machine.h">
      <Filter>Utils</Filter>
    </ClInclude>
    <ClInclude Include="..\Source\Debugger\Break.h">
      <Filter>Debugger</Filter>
    </ClInclude>
    <ClInclude Include="..\Source\Debugger\Console.h">
      <Filter>Debugger</Filter>
    </ClInclude>
    <ClInclude Include="..\Source\Debugger\Debugger.h">
      <Filter>Debugger</Filter>
    </ClInclude>
    <ClInclude Include="..\Source\Debugger\DSPView.h">
      <Filter>Debugger</Filter>
    </ClInclude>
    <ClInclude Include="..\Source\Debugger\GekkoView.h">
      <Filter>Debugger</Filter>
    </ClInclude>
    <ClInclude Include="..\Source\Debugger\Input.h">
      <Filter>Debugger</Filter>
    </ClInclude>
    <ClInclude Include="..\Source\Debugger\MemView.h">
      <Filter>Debugger</Filter>
    </ClInclude>
    <ClInclude Include="..\Source\Debugger\Regs.h">
      <Filter>Debugger</Filter>
    </ClInclude>
    <ClInclude Include="..\Source\Utils\Utils.h">
      <Filter>Utils</Filter>
    </ClInclude>
    <ClInclude Include="..\Source\Debugger\Report.h">
      <Filter>Debugger</Filter>
    </ClInclude>
    <ClInclude Include="..\Source\Utils\Strutils.h">
      <Filter>Utils</Filter>
    </ClInclude>
  </ItemGroup>
  <ItemGroup>
    <ClCompile Include="..\Source\Gui\GuiMain.c">
      <Filter>Gui</Filter>
    </ClCompile>
    <ClCompile Include="..\Source\Gui\GuiAbout.c">
      <Filter>Gui</Filter>
    </ClCompile>
    <ClCompile Include="..\Source\Gui\GuiGamelist.c">
      <Filter>Gui</Filter>
    </ClCompile>
    <ClCompile Include="..\Source\Gui\GuiMemcards.c">
      <Filter>Gui</Filter>
    </ClCompile>
    <ClCompile Include="..\Source\Gui\GuiSettings.c">
      <Filter>Gui</Filter>
    </ClCompile>
    <ClCompile Include="..\Source\Gui\GuiStatus.c">
      <Filter>Gui</Filter>
    </ClCompile>
    <ClCompile Include="..\Source\Utils\Config.c">
      <Filter>Utils</Filter>
    </ClCompile>
    <ClCompile Include="..\Source\Utils\FileWrap.c">
      <Filter>Utils</Filter>
    </ClCompile>
    <ClCompile Include="..\Source\Utils\Listutils.c">
      <Filter>Utils</Filter>
    </ClCompile>
    <ClCompile Include="..\Source\Utils\Profiler.c">
      <Filter>Utils</Filter>
    </ClCompile>
    <ClCompile Include="..\Source\Utils\Spinlock.c">
      <Filter>Utils</Filter>
    </ClCompile>
    <ClCompile Include="..\Source\Utils\Threads.c">
      <Filter>Utils</Filter>
    </ClCompile>
    <ClCompile Include="..\Source\Utils\Cmd.c">
      <Filter>Utils</Filter>
    </ClCompile>
    <ClCompile Include="..\Source\Utils\CoreDisasm.c">
      <Filter>Utils</Filter>
    </ClCompile>
    <ClCompile Include="..\Source\Utils\GekkoDisasm.c">
      <Filter>Utils</Filter>
    </ClCompile>
    <ClCompile Include="..\Source\Utils\SaveState.c">
      <Filter>Utils</Filter>
    </ClCompile>
    <ClCompile Include="..\Source\Utils\Machine.c">
      <Filter>Utils</Filter>
    </ClCompile>
    <ClCompile Include="..\Source\Debugger\Break.c">
      <Filter>Debugger</Filter>
    </ClCompile>
    <ClCompile Include="..\Source\Debugger\Console.c">
      <Filter>Debugger</Filter>
    </ClCompile>
    <ClCompile Include="..\Source\Debugger\DSPView.c">
      <Filter>Debugger</Filter>
    </ClCompile>
    <ClCompile Include="..\Source\Debugger\GekkoView.c">
      <Filter>Debugger</Filter>
    </ClCompile>
    <ClCompile Include="..\Source\Debugger\Input.c">
      <Filter>Debugger</Filter>
    </ClCompile>
    <ClCompile Include="..\Source\Debugger\MemView.c">
      <Filter>Debugger</Filter>
    </ClCompile>
    <ClCompile Include="..\Source\Debugger\Regs.c">
      <Filter>Debugger</Filter>
    </ClCompile>
    <ClCompile Include="..\Source\Debugger\Debugger.c">
      <Filter>Debugger</Filter>
    </ClCompile>
    <ClCompile Include="..\Source\Debugger\Report.c">
      <Filter>Debugger</Filter>
    </ClCompile>
    <ClCompile Include="..\Source\Utils\Strutils.c">
      <Filter>Utils</Filter>
    </ClCompile>
  </ItemGroup>
</Project>