<?xml version="1.0" encoding="utf-8"?>
<Project ToolsVersion="4.0" xmlns="http://schemas.microsoft.com/developer/msbuild/2003">
  <ItemGroup>
    <Filter Include="Source Files">
      <UniqueIdentifier>{4FC737F1-C7A5-4376-A066-2A32D752A2FF}</UniqueIdentifier>
      <Extensions>cpp;c;cc;cxx;def;odl;idl;hpj;bat;asm;asmx</Extensions>
    </Filter>
    <Filter Include="Header Files">
      <UniqueIdentifier>{93995380-89BD-4b04-88EB-625FBE52EBFB}</UniqueIdentifier>
      <Extensions>h;hh;hpp;hxx;hm;inl;inc;ipp;xsd</Extensions>
    </Filter>
    <Filter Include="Resource Files">
      <UniqueIdentifier>{67DA6AB6-F800-4c08-8B7A-83BB121AAD01}</UniqueIdentifier>
      <Extensions>rc;ico;cur;bmp;dlg;rc2;rct;bin;rgs;gif;jpg;jpeg;jpe;resx;tiff;tif;png;wav;mfcribbon-ms</Extensions>
    </Filter>
  </ItemGroup>
  <ItemGroup>
    <ClCompile Include="..\..\AI.cpp">
      <Filter>Source Files</Filter>
    </ClCompile>
    <ClCompile Include="..\..\AR.cpp">
      <Filter>Source Files</Filter>
    </ClCompile>
    <ClCompile Include="..\..\CP.cpp">
      <Filter>Source Files</Filter>
    </ClCompile>
    <ClCompile Include="..\..\DI.cpp">
      <Filter>Source Files</Filter>
    </ClCompile>
    <ClCompile Include="..\..\EFB.cpp">
      <Filter>Source Files</Filter>
    </ClCompile>
    <ClCompile Include="..\..\HW.cpp">
      <Filter>Source Files</Filter>
    </ClCompile>
    <ClCompile Include="..\..\MC.cpp">
      <Filter>Source Files</Filter>
    </ClCompile>
    <ClCompile Include="..\..\MI.cpp">
      <Filter>Source Files</Filter>
    </ClCompile>
    <ClCompile Include="..\..\pch.cpp">
      <Filter>Source Files</Filter>
    </ClCompile>
    <ClCompile Include="..\..\PI.cpp">
      <Filter>Source Files</Filter>
    </ClCompile>
    <ClCompile Include="..\..\SI.cpp">
      <Filter>Source Files</Filter>
    </ClCompile>
    <ClCompile Include="..\..\VI.cpp">
      <Filter>Source Files</Filter>
    </ClCompile>
    <ClCompile Include="..\..\IPLDescrambler.cpp">
      <Filter>Source Files</Filter>
    </ClCompile>
    <ClCompile Include="..\..\HwCommands.cpp">
      <Filter>Source Files</Filter>
    </ClCompile>
    <ClCompile Include="..\..\FIFO.cpp">
      <Filter>Source Files</Filter>
    </ClCompile>
    <ClCompile Include="..\..\EXI.cpp">
      <Filter>Source Files</Filter>
    </ClCompile>
  </ItemGroup>
  <ItemGroup>
    <ClInclude Include="..\..\AI.h">
      <Filter>Header Files</Filter>
    </ClInclude>
    <ClInclude Include="..\..\AR.h">
      <Filter>Header Files</Filter>
    </ClInclude>
    <ClInclude Include="..\..\CP.h">
      <Filter>Header Files</Filter>
    </ClInclude>
    <ClInclude Include="..\..\DI.h">
      <Filter>Header Files</Filter>
    </ClInclude>
    <ClInclude Include="..\..\EFB.h">
      <Filter>Header Files</Filter>
    </ClInclude>
    <ClInclude Include="..\..\HW.h">
      <Filter>Header Files</Filter>
    </ClInclude>
    <ClInclude Include="..\..\MC.h">
      <Filter>Header Files</Filter>
    </ClInclude>
    <ClInclude Include="..\..\MI.h">
      <Filter>Header Files</Filter>
    </ClInclude>
    <ClInclude Include="..\..\pch.h">
      <Filter>Header Files</Filter>
    </ClInclude>
    <ClInclude Include="..\..\PI.h">
      <Filter>Header Files</Filter>
    </ClInclude>
    <ClInclude Include="..\..\SI.h">
      <Filter>Header Files</Filter>
    </ClInclude>
    <ClInclude Include="..\..\VI.h">
      <Filter>Header Files</Filter>
    </ClInclude>
    <ClInclude Include="..\..\IPLDescrambler.h">
      <Filter>Header Files</Filter>
    </ClInclude>
    <ClInclude Include="..\..\HwCommands.h">
      <Filter>Header Files</Filter>
    </ClInclude>
    <ClInclude Include="..\..\FIFO.h">
      <Filter>Header Files</Filter>
    </ClInclude>
    <ClInclude Include="..\..\EXI.h">
      <Filter>Header Files</Filter>
    </ClInclude>
    <ClInclude Include="..\..\HWConfig.h">
      <Filter>Header Files</Filter>
    </ClInclude>
  </ItemGroup>
  <ItemGroup>
    <None Include="..\..\..\..\Data\Json\HWJdi.json" />
    <None Include="..\..\Readme.md" />
  </ItemGroup>
</Project>