
Microsoft Visual Studio Solution File, Format Version 12.00
# Visual Studio Version 16
VisualStudioVersion = 16.0.30011.22
MinimumVisualStudioVersion = 10.0.40219.1
Project("{8BC9CEB8-8B4A-11D0-8D11-00A0C91BC942}") = "DspUnitTest", "DspUnitTest.vcxproj", "{8E2565C8-9E6F-4336-B887-3B1AC8CD51DA}"
EndProject
Project("{8BC9CEB8-8B4A-11D0-8D11-00A0C91BC942}") = "DSP", "..\..\SRC\DSP\Scripts\VS2019\DSP.vcxproj", "{0336D67C-249D-4C48-BD80-8E05CE711A58}"
EndProject
Global
	GlobalSection(SolutionConfigurationPlatforms) = preSolution
		Debug|x64 = Debug|x64
		Debug|x86 = Debug|x86
		Release|x64 = Release|x64
		Release|x86 = Release|x86
	EndGlobalSection
	GlobalSection(ProjectConfigurationPlatforms) = postSolution
		{8E2565C8-9E6F-4336-B887-3B1AC8CD51DA}.Debug|x64.ActiveCfg = Debug|x64
		{8E2565C8-9E6F-4336-B887-3B1AC8CD51DA}.Debug|x64.Build.0 = Debug|x64
		{8E2565C8-9E6F-4336-B887-3B1AC8CD51DA}.Debug|x86.ActiveCfg = Debug|Win32
		{8E2565C8-9E6F-4336-B887-3B1AC8CD51DA}.Debug|x86.Build.0 = Debug|Win32
		{8E2565C8-9E6F-4336-B887-3B1AC8CD51DA}.Release|x64.ActiveCfg = Release|x64
		{8E2565C8-9E6F-4336-B887-3B1AC8CD51DA}.Release|x64.Build.0 = Release|x64
		{8E2565C8-9E6F-4336-B887-3B1AC8CD51DA}.Release|x86.ActiveCfg = Release|Win32
		{8E2565C8-9E6F-4336-B887-3B1AC8CD51DA}.Release|x86.Build.0 = Release|Win32
		{0336D67C-249D-4C48-BD80-8E05CE711A58}.Debug|x64.ActiveCfg = Debug|x64
		{0336D67C-249D-4C48-BD80-8E05CE711A58}.Debug|x64.Build.0 = Debug|x64
		{0336D67C-249D-4C48-BD80-8E05CE711A58}.Debug|x86.ActiveCfg = Debug|Win32
		{0336D67C-249D-4C48-BD80-8E05CE711A58}.Debug|x86.Build.0 = Debug|Win32
		{0336D67C-249D-4C48-BD80-8E05CE711A58}.Release|x64.ActiveCfg = Release|x64
		{0336D67C-249D-4C48-BD80-8E05CE711A58}.Release|x64.Build.0 = Release|x64
		{0336D67C-249D-4C48-BD80-8E05CE711A58}.Release|x86.ActiveCfg = Release|Win32
		{0336D67C-249D-4C48-BD80-8E05CE711A58}.Release|x86.Build.0 = Release|Win32
	EndGlobalSection
	GlobalSection(SolutionProperties) = preSolution
		HideSolutionNode = FALSE
	EndGlobalSection
	GlobalSection(ExtensibilityGlobals) = postSolution
		SolutionGuid = {7E745209-73B2-4136-BDB3-0C6FE5768962}
	EndGlobalSection
EndGlobal
