
Microsoft Visual Studio Solution File, Format Version 12.00
# Visual Studio Version 16
VisualStudioVersion = 16.0.30320.27
MinimumVisualStudioVersion = 10.0.40219.1
Project("{8BC9CEB8-8B4A-11D0-8D11-00A0C91BC942}") = "ThreadDemo", "ThreadDemo.vcxproj", "{87F2DFA3-8C32-48BE-8FF4-496DD8FEAB14}"
EndProject
Project("{8BC9CEB8-8B4A-11D0-8D11-00A0C91BC942}") = "Common", "..\..\SRC\Common\Scripts\VS2019\Common.vcxproj", "{8F4F6AE1-B308-4C7F-81FC-4CDDD2302C95}"
EndProject
Global
	GlobalSection(SolutionConfigurationPlatforms) = preSolution
		Debug|x64 = Debug|x64
		Debug|x86 = Debug|x86
		Release|x64 = Release|x64
		Release|x86 = Release|x86
	EndGlobalSection
	GlobalSection(ProjectConfigurationPlatforms) = postSolution
		{87F2DFA3-8C32-48BE-8FF4-496DD8FEAB14}.Debug|x64.ActiveCfg = Debug|x64
		{87F2DFA3-8C32-48BE-8FF4-496DD8FEAB14}.Debug|x64.Build.0 = Debug|x64
		{87F2DFA3-8C32-48BE-8FF4-496DD8FEAB14}.Debug|x86.ActiveCfg = Debug|Win32
		{87F2DFA3-8C32-48BE-8FF4-496DD8FEAB14}.Debug|x86.Build.0 = Debug|Win32
		{87F2DFA3-8C32-48BE-8FF4-496DD8FEAB14}.Release|x64.ActiveCfg = Release|x64
		{87F2DFA3-8C32-48BE-8FF4-496DD8FEAB14}.Release|x64.Build.0 = Release|x64
		{87F2DFA3-8C32-48BE-8FF4-496DD8FEAB14}.Release|x86.ActiveCfg = Release|Win32
		{87F2DFA3-8C32-48BE-8FF4-496DD8FEAB14}.Release|x86.Build.0 = Release|Win32
		{8F4F6AE1-B308-4C7F-81FC-4CDDD2302C95}.Debug|x64.ActiveCfg = Debug|x64
		{8F4F6AE1-B308-4C7F-81FC-4CDDD2302C95}.Debug|x64.Build.0 = Debug|x64
		{8F4F6AE1-B308-4C7F-81FC-4CDDD2302C95}.Debug|x86.ActiveCfg = Debug|Win32
		{8F4F6AE1-B308-4C7F-81FC-4CDDD2302C95}.Debug|x86.Build.0 = Debug|Win32
		{8F4F6AE1-B308-4C7F-81FC-4CDDD2302C95}.Release|x64.ActiveCfg = Release|x64
		{8F4F6AE1-B308-4C7F-81FC-4CDDD2302C95}.Release|x64.Build.0 = Release|x64
		{8F4F6AE1-B308-4C7F-81FC-4CDDD2302C95}.Release|x86.ActiveCfg = Release|Win32
		{8F4F6AE1-B308-4C7F-81FC-4CDDD2302C95}.Release|x86.Build.0 = Release|Win32
	EndGlobalSection
	GlobalSection(SolutionProperties) = preSolution
		HideSolutionNode = FALSE
	EndGlobalSection
	GlobalSection(ExtensibilityGlobals) = postSolution
		SolutionGuid = {B7454549-28AE-4C3A-8846-F467C9DA8B7C}
	EndGlobalSection
EndGlobal
