Microsoft Visual Studio Solution File, Format Version 12.00
# Visual Studio 14
VisualStudioVersion = 14.0.25420.1
MinimumVisualStudioVersion = 10.0.40219.1
Project("{8BC9CEB8-8B4A-11D0-8D11-00A0C91BC942}") = "DVD", "SRC\DVD\Scripts\VS2015\DVD.vcxproj", "{A995D286-033C-4EED-B171-6CE61D28C88F}"
EndProject
Project("{8BC9CEB8-8B4A-11D0-8D11-00A0C91BC942}") = "DSP", "SRC\DSP\Scripts\VS2015\DSP.vcxproj", "{0336D67C-249D-4C48-BD80-8E05CE711A58}"
EndProject
Project("{8BC9CEB8-8B4A-11D0-8D11-00A0C91BC942}") = "GekkoCore", "SRC\GekkoCore\Scripts\VS2015\GekkoCore.vcxproj", "{289C41EF-117B-478C-A3F6-84906E88209E}"
EndProject
Project("{8BC9CEB8-8B4A-11D0-8D11-00A0C91BC942}") = "GCNHardware", "SRC\Hardware\Scripts\VS2015\GCNHardware.vcxproj", "{C43F1C9F-177B-46A8-BE31-08189D25AD43}"
EndProject
Project("{8BC9CEB8-8B4A-11D0-8D11-00A0C91BC942}") = "GCNHighLevel", "SRC\HighLevel\Scripts\VS2015\GCNHighLevel.vcxproj", "{8B3F4ADC-DC10-442C-BBBA-8C5BA201FDBC}"
EndProject
Project("{8BC9CEB8-8B4A-11D0-8D11-00A0C91BC942}") = "Common", "SRC\Common\Scripts\VS2015\Common.vcxproj", "{8F4F6AE1-B308-4C7F-81FC-4CDDD2302C95}"
EndProject
Project("{2150E333-8FDC-42A3-9474-1A3956D46DE8}") = "ThridParty", "ThridParty", "{99C5096C-2C2E-46D8-A1D5-6B79AAE32303}"
EndProject
Project("{8BC9CEB8-8B4A-11D0-8D11-00A0C91BC942}") = "fmt", "ThirdParty\fmt\Scripts\VS2015\fmt.vcxproj", "{768EB97B-424B-407E-B52C-B66465E9D169}"
EndProject
Project("{2150E333-8FDC-42A3-9474-1A3956D46DE8}") = "Backends", "Backends", "{E9B80BA6-7AC3-496B-AF9C-0BAB2A99C0C9}"
	ProjectSection(SolutionItems) = preProject
		SRC\Backends\Readme.md = SRC\Backends\Readme.md
	EndProjectSection
EndProject
Project("{8BC9CEB8-8B4A-11D0-8D11-00A0C91BC942}") = "DolwinVideo", "SRC\Backends\DolwinVideo\Scripts\VS2015\DolwinVideo.vcxproj", "{11D1FEFC-6EC3-461D-9DDA-BFBD0AA80B69}"
EndProject
Project("{2150E333-8FDC-42A3-9474-1A3956D46DE8}") = "DolwinCore", "DolwinCore", "{9A1AF1AF-D74F-467B-8BB6-878555324A2E}"
EndProject
Project("{2150E333-8FDC-42A3-9474-1A3956D46DE8}") = "UI", "UI", "{16D2FF76-8016-41A5-9EDE-5C33BE4BA32D}"
EndProject
Project("{8BC9CEB8-8B4A-11D0-8D11-00A0C91BC942}") = "DolwinEmu", "SRC\DolwinEmu\Scripts\VS2015\DolwinEmu.vcxproj", "{6BE86DCE-EC88-4113-9E7B-22B6EF50FDFC}"
EndProject
Project("{8BC9CEB8-8B4A-11D0-8D11-00A0C91BC942}") = "AudioDirectSound", "SRC\Backends\AudioDirectSound\Scripts\VS2015\AudioDirectSound.vcxproj", "{90F55EB1-232B-4970-9445-F8668087D0C3}"
EndProject
Project("{8BC9CEB8-8B4A-11D0-8D11-00A0C91BC942}") = "PadSimpleWin32", "SRC\Backends\PadSimpleWin32\Scripts\VS2015\PadSimpleWin32.vcxproj", "{536BA2D9-BB94-48EE-99C0-30EBFAFF14C9}"
EndProject
Project("{8BC9CEB8-8B4A-11D0-8D11-00A0C91BC942}") = "VideoGdi", "SRC\Backends\VideoGdi\Scripts\VS2015\VideoGdi.vcxproj", "{B8DCD267-1FE5-4F99-BB8E-1A7FC0FEB35A}"
EndProject
Project("{8BC9CEB8-8B4A-11D0-8D11-00A0C91BC942}") = "DebugConsole", "SRC\UI\Legacy\DebugConsole\Scripts\VS2015\DebugConsole.vcxproj", "{70896A0F-FA85-4017-8BF6-944B6581CB8F}"
EndProject
Project("{8BC9CEB8-8B4A-11D0-8D11-00A0C91BC942}") = "DolwinLegacy", "SRC\UI\Legacy\DolwinLegacy\Scripts\VS2015\DolwinLegacy.vcxproj", "{EB6E10CA-A008-45A8-A88B-4B4EFC128011}"
EndProject
Project("{8BC9CEB8-8B4A-11D0-8D11-00A0C91BC942}") = "Debugger", "SRC\Debugger\Scripts\VS2015\Debugger.vcxproj", "{7FC22F72-A07B-404A-BCE4-7A950EA3C44B}"
EndProject
Project("{8BC9CEB8-8B4A-11D0-8D11-00A0C91BC942}") = "GX", "SRC\GX\Scripts\VS2015\GX.vcxproj", "{1386FC99-A29C-410C-B3D1-2A7E233F57D4}"
EndProject
Global
	GlobalSection(SolutionConfigurationPlatforms) = preSolution
		Debug|Win32 = Debug|Win32
		Debug|x64 = Debug|x64
		Release|Win32 = Release|Win32
		Release|x64 = Release|x64
	EndGlobalSection
	GlobalSection(ProjectConfigurationPlatforms) = postSolution
		{A995D286-033C-4EED-B171-6CE61D28C88F}.Debug|Win32.ActiveCfg = Debug|Win32
		{A995D286-033C-4EED-B171-6CE61D28C88F}.Debug|Win32.Build.0 = Debug|Win32
		{A995D286-033C-4EED-B171-6CE61D28C88F}.Debug|x64.ActiveCfg = Debug|x64
		{A995D286-033C-4EED-B171-6CE61D28C88F}.Debug|x64.Build.0 = Debug|x64
		{A995D286-033C-4EED-B171-6CE61D28C88F}.Release|Win32.ActiveCfg = Release|Win32
		{A995D286-033C-4EED-B171-6CE61D28C88F}.Release|Win32.Build.0 = Release|Win32
		{A995D286-033C-4EED-B171-6CE61D28C88F}.Release|x64.ActiveCfg = Release|x64
		{A995D286-033C-4EED-B171-6CE61D28C88F}.Release|x64.Build.0 = Release|x64
		{0336D67C-249D-4C48-BD80-8E05CE711A58}.Debug|Win32.ActiveCfg = Debug|Win32
		{0336D67C-249D-4C48-BD80-8E05CE711A58}.Debug|Win32.Build.0 = Debug|Win32
		{0336D67C-249D-4C48-BD80-8E05CE711A58}.Debug|x64.ActiveCfg = Debug|x64
		{0336D67C-249D-4C48-BD80-8E05CE711A58}.Debug|x64.Build.0 = Debug|x64
		{0336D67C-249D-4C48-BD80-8E05CE711A58}.Release|Win32.ActiveCfg = Release|Win32
		{0336D67C-249D-4C48-BD80-8E05CE711A58}.Release|Win32.Build.0 = Release|Win32
		{0336D67C-249D-4C48-BD80-8E05CE711A58}.Release|x64.ActiveCfg = Release|x64
		{0336D67C-249D-4C48-BD80-8E05CE711A58}.Release|x64.Build.0 = Release|x64
		{289C41EF-117B-478C-A3F6-84906E88209E}.Debug|Win32.ActiveCfg = Debug|Win32
		{289C41EF-117B-478C-A3F6-84906E88209E}.Debug|Win32.Build.0 = Debug|Win32
		{289C41EF-117B-478C-A3F6-84906E88209E}.Debug|x64.ActiveCfg = Debug|x64
		{289C41EF-117B-478C-A3F6-84906E88209E}.Debug|x64.Build.0 = Debug|x64
		{289C41EF-117B-478C-A3F6-84906E88209E}.Release|Win32.ActiveCfg = Release|Win32
		{289C41EF-117B-478C-A3F6-84906E88209E}.Release|Win32.Build.0 = Release|Win32
		{289C41EF-117B-478C-A3F6-84906E88209E}.Release|x64.ActiveCfg = Release|x64
		{289C41EF-117B-478C-A3F6-84906E88209E}.Release|x64.Build.0 = Release|x64
		{C43F1C9F-177B-46A8-BE31-08189D25AD43}.Debug|Win32.ActiveCfg = Debug|Win32
		{C43F1C9F-177B-46A8-BE31-08189D25AD43}.Debug|Win32.Build.0 = Debug|Win32
		{C43F1C9F-177B-46A8-BE31-08189D25AD43}.Debug|x64.ActiveCfg = Debug|x64
		{C43F1C9F-177B-46A8-BE31-08189D25AD43}.Debug|x64.Build.0 = Debug|x64
		{C43F1C9F-177B-46A8-BE31-08189D25AD43}.Release|Win32.ActiveCfg = Release|Win32
		{C43F1C9F-177B-46A8-BE31-08189D25AD43}.Release|Win32.Build.0 = Release|Win32
		{C43F1C9F-177B-46A8-BE31-08189D25AD43}.Release|x64.ActiveCfg = Release|x64
		{C43F1C9F-177B-46A8-BE31-08189D25AD43}.Release|x64.Build.0 = Release|x64
		{8B3F4ADC-DC10-442C-BBBA-8C5BA201FDBC}.Debug|Win32.ActiveCfg = Debug|Win32
		{8B3F4ADC-DC10-442C-BBBA-8C5BA201FDBC}.Debug|Win32.Build.0 = Debug|Win32
		{8B3F4ADC-DC10-442C-BBBA-8C5BA201FDBC}.Debug|x64.ActiveCfg = Debug|x64
		{8B3F4ADC-DC10-442C-BBBA-8C5BA201FDBC}.Debug|x64.Build.0 = Debug|x64
		{8B3F4ADC-DC10-442C-BBBA-8C5BA201FDBC}.Release|Win32.ActiveCfg = Release|Win32
		{8B3F4ADC-DC10-442C-BBBA-8C5BA201FDBC}.Release|Win32.Build.0 = Release|Win32
		{8B3F4ADC-DC10-442C-BBBA-8C5BA201FDBC}.Release|x64.ActiveCfg = Release|x64
		{8B3F4ADC-DC10-442C-BBBA-8C5BA201FDBC}.Release|x64.Build.0 = Release|x64
		{8F4F6AE1-B308-4C7F-81FC-4CDDD2302C95}.Debug|Win32.ActiveCfg = Debug|Win32
		{8F4F6AE1-B308-4C7F-81FC-4CDDD2302C95}.Debug|Win32.Build.0 = Debug|Win32
		{8F4F6AE1-B308-4C7F-81FC-4CDDD2302C95}.Debug|x64.ActiveCfg = Debug|x64
		{8F4F6AE1-B308-4C7F-81FC-4CDDD2302C95}.Debug|x64.Build.0 = Debug|x64
		{8F4F6AE1-B308-4C7F-81FC-4CDDD2302C95}.Release|Win32.ActiveCfg = Release|Win32
		{8F4F6AE1-B308-4C7F-81FC-4CDDD2302C95}.Release|Win32.Build.0 = Release|Win32
		{8F4F6AE1-B308-4C7F-81FC-4CDDD2302C95}.Release|x64.ActiveCfg = Release|x64
		{8F4F6AE1-B308-4C7F-81FC-4CDDD2302C95}.Release|x64.Build.0 = Release|x64
		{768EB97B-424B-407E-B52C-B66465E9D169}.Debug|Win32.ActiveCfg = Debug|Win32
		{768EB97B-424B-407E-B52C-B66465E9D169}.Debug|Win32.Build.0 = Debug|Win32
		{768EB97B-424B-407E-B52C-B66465E9D169}.Debug|x64.ActiveCfg = Debug|x64
		{768EB97B-424B-407E-B52C-B66465E9D169}.Debug|x64.Build.0 = Debug|x64
		{768EB97B-424B-407E-B52C-B66465E9D169}.Release|Win32.ActiveCfg = Release|Win32
		{768EB97B-424B-407E-B52C-B66465E9D169}.Release|Win32.Build.0 = Release|Win32
		{768EB97B-424B-407E-B52C-B66465E9D169}.Release|x64.ActiveCfg = Release|x64
		{768EB97B-424B-407E-B52C-B66465E9D169}.Release|x64.Build.0 = Release|x64
		{11D1FEFC-6EC3-461D-9DDA-BFBD0AA80B69}.Debug|Win32.ActiveCfg = Debug|Win32
		{11D1FEFC-6EC3-461D-9DDA-BFBD0AA80B69}.Debug|Win32.Build.0 = Debug|Win32
		{11D1FEFC-6EC3-461D-9DDA-BFBD0AA80B69}.Debug|x64.ActiveCfg = Debug|x64
		{11D1FEFC-6EC3-461D-9DDA-BFBD0AA80B69}.Debug|x64.Build.0 = Debug|x64
		{11D1FEFC-6EC3-461D-9DDA-BFBD0AA80B69}.Release|Win32.ActiveCfg = Release|Win32
		{11D1FEFC-6EC3-461D-9DDA-BFBD0AA80B69}.Release|Win32.Build.0 = Release|Win32
		{11D1FEFC-6EC3-461D-9DDA-BFBD0AA80B69}.Release|x64.ActiveCfg = Release|x64
		{11D1FEFC-6EC3-461D-9DDA-BFBD0AA80B69}.Release|x64.Build.0 = Release|x64
		{6BE86DCE-EC88-4113-9E7B-22B6EF50FDFC}.Debug|Win32.ActiveCfg = Debug|Win32
		{6BE86DCE-EC88-4113-9E7B-22B6EF50FDFC}.Debug|Win32.Build.0 = Debug|Win32
		{6BE86DCE-EC88-4113-9E7B-22B6EF50FDFC}.Debug|x64.ActiveCfg = Debug|x64
		{6BE86DCE-EC88-4113-9E7B-22B6EF50FDFC}.Debug|x64.Build.0 = Debug|x64
		{6BE86DCE-EC88-4113-9E7B-22B6EF50FDFC}.Release|Win32.ActiveCfg = Release|Win32
		{6BE86DCE-EC88-4113-9E7B-22B6EF50FDFC}.Release|Win32.Build.0 = Release|Win32
		{6BE86DCE-EC88-4113-9E7B-22B6EF50FDFC}.Release|x64.ActiveCfg = Release|x64
		{6BE86DCE-EC88-4113-9E7B-22B6EF50FDFC}.Release|x64.Build.0 = Release|x64
		{90F55EB1-232B-4970-9445-F8668087D0C3}.Debug|Win32.ActiveCfg = Debug|Win32
		{90F55EB1-232B-4970-9445-F8668087D0C3}.Debug|Win32.Build.0 = Debug|Win32
		{90F55EB1-232B-4970-9445-F8668087D0C3}.Debug|x64.ActiveCfg = Debug|x64
		{90F55EB1-232B-4970-9445-F8668087D0C3}.Debug|x64.Build.0 = Debug|x64
		{90F55EB1-232B-4970-9445-F8668087D0C3}.Release|Win32.ActiveCfg = Release|Win32
		{90F55EB1-232B-4970-9445-F8668087D0C3}.Release|Win32.Build.0 = Release|Win32
		{90F55EB1-232B-4970-9445-F8668087D0C3}.Release|x64.ActiveCfg = Release|x64
		{90F55EB1-232B-4970-9445-F8668087D0C3}.Release|x64.Build.0 = Release|x64
		{536BA2D9-BB94-48EE-99C0-30EBFAFF14C9}.Debug|Win32.ActiveCfg = Debug|Win32
		{536BA2D9-BB94-48EE-99C0-30EBFAFF14C9}.Debug|Win32.Build.0 = Debug|Win32
		{536BA2D9-BB94-48EE-99C0-30EBFAFF14C9}.Debug|x64.ActiveCfg = Debug|x64
		{536BA2D9-BB94-48EE-99C0-30EBFAFF14C9}.Debug|x64.Build.0 = Debug|x64
		{536BA2D9-BB94-48EE-99C0-30EBFAFF14C9}.Release|Win32.ActiveCfg = Release|Win32
		{536BA2D9-BB94-48EE-99C0-30EBFAFF14C9}.Release|Win32.Build.0 = Release|Win32
		{536BA2D9-BB94-48EE-99C0-30EBFAFF14C9}.Release|x64.ActiveCfg = Release|x64
		{536BA2D9-BB94-48EE-99C0-30EBFAFF14C9}.Release|x64.Build.0 = Release|x64
		{B8DCD267-1FE5-4F99-BB8E-1A7FC0FEB35A}.Debug|Win32.ActiveCfg = Debug|Win32
		{B8DCD267-1FE5-4F99-BB8E-1A7FC0FEB35A}.Debug|Win32.Build.0 = Debug|Win32
		{B8DCD267-1FE5-4F99-BB8E-1A7FC0FEB35A}.Debug|x64.ActiveCfg = Debug|x64
		{B8DCD267-1FE5-4F99-BB8E-1A7FC0FEB35A}.Debug|x64.Build.0 = Debug|x64
		{B8DCD267-1FE5-4F99-BB8E-1A7FC0FEB35A}.Release|Win32.ActiveCfg = Release|Win32
		{B8DCD267-1FE5-4F99-BB8E-1A7FC0FEB35A}.Release|Win32.Build.0 = Release|Win32
		{B8DCD267-1FE5-4F99-BB8E-1A7FC0FEB35A}.Release|x64.ActiveCfg = Release|x64
		{B8DCD267-1FE5-4F99-BB8E-1A7FC0FEB35A}.Release|x64.Build.0 = Release|x64
		{70896A0F-FA85-4017-8BF6-944B6581CB8F}.Debug|Win32.ActiveCfg = Debug|Win32
		{70896A0F-FA85-4017-8BF6-944B6581CB8F}.Debug|Win32.Build.0 = Debug|Win32
		{70896A0F-FA85-4017-8BF6-944B6581CB8F}.Debug|x64.ActiveCfg = Debug|x64
		{70896A0F-FA85-4017-8BF6-944B6581CB8F}.Debug|x64.Build.0 = Debug|x64
		{70896A0F-FA85-4017-8BF6-944B6581CB8F}.Release|Win32.ActiveCfg = Release|Win32
		{70896A0F-FA85-4017-8BF6-944B6581CB8F}.Release|Win32.Build.0 = Release|Win32
		{70896A0F-FA85-4017-8BF6-944B6581CB8F}.Release|x64.ActiveCfg = Release|x64
		{70896A0F-FA85-4017-8BF6-944B6581CB8F}.Release|x64.Build.0 = Release|x64
		{EB6E10CA-A008-45A8-A88B-4B4EFC128011}.Debug|Win32.ActiveCfg = Debug|Win32
		{EB6E10CA-A008-45A8-A88B-4B4EFC128011}.Debug|Win32.Build.0 = Debug|Win32
		{EB6E10CA-A008-45A8-A88B-4B4EFC128011}.Debug|x64.ActiveCfg = Debug|x64
		{EB6E10CA-A008-45A8-A88B-4B4EFC128011}.Debug|x64.Build.0 = Debug|x64
		{EB6E10CA-A008-45A8-A88B-4B4EFC128011}.Release|Win32.ActiveCfg = Release|Win32
		{EB6E10CA-A008-45A8-A88B-4B4EFC128011}.Release|Win32.Build.0 = Release|Win32
		{EB6E10CA-A008-45A8-A88B-4B4EFC128011}.Release|x64.ActiveCfg = Release|x64
		{EB6E10CA-A008-45A8-A88B-4B4EFC128011}.Release|x64.Build.0 = Release|x64
		{7FC22F72-A07B-404A-BCE4-7A950EA3C44B}.Debug|Win32.ActiveCfg = Debug|Win32
		{7FC22F72-A07B-404A-BCE4-7A950EA3C44B}.Debug|Win32.Build.0 = Debug|Win32
		{7FC22F72-A07B-404A-BCE4-7A950EA3C44B}.Debug|x64.ActiveCfg = Debug|x64
		{7FC22F72-A07B-404A-BCE4-7A950EA3C44B}.Debug|x64.Build.0 = Debug|x64
		{7FC22F72-A07B-404A-BCE4-7A950EA3C44B}.Release|Win32.ActiveCfg = Release|Win32
		{7FC22F72-A07B-404A-BCE4-7A950EA3C44B}.Release|Win32.Build.0 = Release|Win32
		{7FC22F72-A07B-404A-BCE4-7A950EA3C44B}.Release|x64.ActiveCfg = Release|x64
		{7FC22F72-A07B-404A-BCE4-7A950EA3C44B}.Release|x64.Build.0 = Release|x64
		{1386FC99-A29C-410C-B3D1-2A7E233F57D4}.Debug|Win32.ActiveCfg = Debug|Win32
		{1386FC99-A29C-410C-B3D1-2A7E233F57D4}.Debug|Win32.Build.0 = Debug|Win32
		{1386FC99-A29C-410C-B3D1-2A7E233F57D4}.Debug|x64.ActiveCfg = Debug|x64
		{1386FC99-A29C-410C-B3D1-2A7E233F57D4}.Debug|x64.Build.0 = Debug|x64
		{1386FC99-A29C-410C-B3D1-2A7E233F57D4}.Release|Win32.ActiveCfg = Release|Win32
		{1386FC99-A29C-410C-B3D1-2A7E233F57D4}.Release|Win32.Build.0 = Release|Win32
		{1386FC99-A29C-410C-B3D1-2A7E233F57D4}.Release|x64.ActiveCfg = Release|x64
		{1386FC99-A29C-410C-B3D1-2A7E233F57D4}.Release|x64.Build.0 = Release|x64
	EndGlobalSection
	GlobalSection(SolutionProperties) = preSolution
		HideSolutionNode = FALSE
	EndGlobalSection
	GlobalSection(NestedProjects) = preSolution
		{A995D286-033C-4EED-B171-6CE61D28C88F} = {9A1AF1AF-D74F-467B-8BB6-878555324A2E}
		{0336D67C-249D-4C48-BD80-8E05CE711A58} = {9A1AF1AF-D74F-467B-8BB6-878555324A2E}
		{289C41EF-117B-478C-A3F6-84906E88209E} = {9A1AF1AF-D74F-467B-8BB6-878555324A2E}
		{C43F1C9F-177B-46A8-BE31-08189D25AD43} = {9A1AF1AF-D74F-467B-8BB6-878555324A2E}
		{8B3F4ADC-DC10-442C-BBBA-8C5BA201FDBC} = {9A1AF1AF-D74F-467B-8BB6-878555324A2E}
		{8F4F6AE1-B308-4C7F-81FC-4CDDD2302C95} = {9A1AF1AF-D74F-467B-8BB6-878555324A2E}
		{768EB97B-424B-407E-B52C-B66465E9D169} = {99C5096C-2C2E-46D8-A1D5-6B79AAE32303}
		{11D1FEFC-6EC3-461D-9DDA-BFBD0AA80B69} = {E9B80BA6-7AC3-496B-AF9C-0BAB2A99C0C9}
		{6BE86DCE-EC88-4113-9E7B-22B6EF50FDFC} = {9A1AF1AF-D74F-467B-8BB6-878555324A2E}
		{90F55EB1-232B-4970-9445-F8668087D0C3} = {E9B80BA6-7AC3-496B-AF9C-0BAB2A99C0C9}
		{536BA2D9-BB94-48EE-99C0-30EBFAFF14C9} = {E9B80BA6-7AC3-496B-AF9C-0BAB2A99C0C9}
		{B8DCD267-1FE5-4F99-BB8E-1A7FC0FEB35A} = {E9B80BA6-7AC3-496B-AF9C-0BAB2A99C0C9}
		{70896A0F-FA85-4017-8BF6-944B6581CB8F} = {16D2FF76-8016-41A5-9EDE-5C33BE4BA32D}
		{EB6E10CA-A008-45A8-A88B-4B4EFC128011} = {16D2FF76-8016-41A5-9EDE-5C33BE4BA32D}
		{7FC22F72-A07B-404A-BCE4-7A950EA3C44B} = {9A1AF1AF-D74F-467B-8BB6-878555324A2E}
		{1386FC99-A29C-410C-B3D1-2A7E233F57D4} = {9A1AF1AF-D74F-467B-8BB6-878555324A2E}
	EndGlobalSection
	GlobalSection(ExtensibilityGlobals) = postSolution
		SolutionGuid = {07DC6F38-FBD1-4C75-B0E6-2249E585A95D}
	EndGlobalSection
EndGlobal
