
Microsoft Visual Studio Solution File, Format Version 12.00
# Visual Studio Version 17
VisualStudioVersion = 17.1.32319.34
MinimumVisualStudioVersion = 10.0.40219.1
Project("{2150E333-8FDC-42A3-9474-1A3956D46DE8}") = "Backends", "Backends", "{9021D55B-470E-4D5B-967D-F9D262061BA5}"
	ProjectSection(SolutionItems) = preProject
		SRC\Backends\Readme.md = SRC\Backends\Readme.md
	EndProjectSection
EndProject
Project("{2150E333-8FDC-42A3-9474-1A3956D46DE8}") = "DolwinCore", "DolwinCore", "{DE981B6F-2D7F-49B2-9888-8DA38A984894}"
EndProject
Project("{8BC9CEB8-8B4A-11D0-8D11-00A0C91BC942}") = "AudioNull", "SRC\Backends\AudioNull\Scripts\VS2022\AudioNull.vcxproj", "{37D58FB6-E50B-43E1-9A31-873741284F22}"
EndProject
Project("{8BC9CEB8-8B4A-11D0-8D11-00A0C91BC942}") = "GraphicsNull", "SRC\Backends\GraphicsNull\Scripts\VS2022\GraphicsNull.vcxproj", "{263F3C73-83E6-4AA5-8810-9D8E6C1A45EF}"
EndProject
Project("{8BC9CEB8-8B4A-11D0-8D11-00A0C91BC942}") = "PadNull", "SRC\Backends\PadNull\Scripts\VS2022\PadNull.vcxproj", "{CFAABE07-9E8E-4343-A226-22D3692A94EC}"
EndProject
Project("{8BC9CEB8-8B4A-11D0-8D11-00A0C91BC942}") = "VideoNull", "SRC\Backends\VideoNull\Scripts\VS2022\VideoNull.vcxproj", "{17BA92CC-00AE-4488-96A6-4D73A8F1C38C}"
EndProject
Project("{8BC9CEB8-8B4A-11D0-8D11-00A0C91BC942}") = "Common", "SRC\Common\Scripts\VS2022\Common.vcxproj", "{8F4F6AE1-B308-4C7F-81FC-4CDDD2302C95}"
EndProject
Project("{8BC9CEB8-8B4A-11D0-8D11-00A0C91BC942}") = "DSP", "SRC\DSP\Scripts\VS2022\DSP.vcxproj", "{0336D67C-249D-4C48-BD80-8E05CE711A58}"
EndProject
Project("{8BC9CEB8-8B4A-11D0-8D11-00A0C91BC942}") = "DVD", "SRC\DVD\Scripts\VS2022\DVD.vcxproj", "{A995D286-033C-4EED-B171-6CE61D28C88F}"
EndProject
Project("{8BC9CEB8-8B4A-11D0-8D11-00A0C91BC942}") = "GekkoCore", "SRC\GekkoCore\Scripts\VS2022\GekkoCore.vcxproj", "{289C41EF-117B-478C-A3F6-84906E88209E}"
EndProject
Project("{8BC9CEB8-8B4A-11D0-8D11-00A0C91BC942}") = "GCNHighLevel", "SRC\HighLevel\Scripts\VS2022\GCNHighLevel.vcxproj", "{8B3F4ADC-DC10-442C-BBBA-8C5BA201FDBC}"
EndProject
Project("{8BC9CEB8-8B4A-11D0-8D11-00A0C91BC942}") = "DolwinPlayground", "SRC\UI\Playground\Scripts\VS2022\DolwinPlayground.vcxproj", "{7878E1FC-A17C-4CED-A929-8E947DDC0F77}"
EndProject
Project("{8BC9CEB8-8B4A-11D0-8D11-00A0C91BC942}") = "Debugger", "SRC\Debugger\Scripts\VS2022\Debugger.vcxproj", "{7FC22F72-A07B-404A-BCE4-7A950EA3C44B}"
EndProject
Project("{8BC9CEB8-8B4A-11D0-8D11-00A0C91BC942}") = "DolwinEmuForPlayground", "SRC\DolwinEmu\Scripts\VS2022\DolwinEmuForPlayground.vcxproj", "{6BE86DCE-EC88-4113-9E7B-22B6EF50FDFC}"
EndProject
Project("{8BC9CEB8-8B4A-11D0-8D11-00A0C91BC942}") = "GCNHardwareForPlayground", "SRC\Hardware\Scripts\VS2022\GCNHardwareForPlayground.vcxproj", "{C43F1C9F-177B-46A8-BE31-08189D25AD43}"
EndProject
Project("{2150E333-8FDC-42A3-9474-1A3956D46DE8}") = "ThirdParty", "ThirdParty", "{53F8BE7B-8453-4891-9FF7-12A9C238E175}"
EndProject
Project("{8BC9CEB8-8B4A-11D0-8D11-00A0C91BC942}") = "fmt", "ThirdParty\fmt\Scripts\VS2022\fmt.vcxproj", "{768EB97B-424B-407E-B52C-B66465E9D169}"
EndProject
Project("{8BC9CEB8-8B4A-11D0-8D11-00A0C91BC942}") = "GX", "SRC\GX\Scripts\VS2022\GX.vcxproj", "{1386FC99-A29C-410C-B3D1-2A7E233F57D4}"
EndProject
Global
	GlobalSection(SolutionConfigurationPlatforms) = preSolution
		Debug|x64 = Debug|x64
		Debug|x86 = Debug|x86
		Release|x64 = Release|x64
		Release|x86 = Release|x86
	EndGlobalSection
	GlobalSection(ProjectConfigurationPlatforms) = postSolution
		{37D58FB6-E50B-43E1-9A31-873741284F22}.Debug|x64.ActiveCfg = Debug|x64
		{37D58FB6-E50B-43E1-9A31-873741284F22}.Debug|x64.Build.0 = Debug|x64
		{37D58FB6-E50B-43E1-9A31-873741284F22}.Debug|x86.ActiveCfg = Debug|Win32
		{37D58FB6-E50B-43E1-9A31-873741284F22}.Debug|x86.Build.0 = Debug|Win32
		{37D58FB6-E50B-43E1-9A31-873741284F22}.Release|x64.ActiveCfg = Release|x64
		{37D58FB6-E50B-43E1-9A31-873741284F22}.Release|x64.Build.0 = Release|x64
		{37D58FB6-E50B-43E1-9A31-873741284F22}.Release|x86.ActiveCfg = Release|Win32
		{37D58FB6-E50B-43E1-9A31-873741284F22}.Release|x86.Build.0 = Release|Win32
		{263F3C73-83E6-4AA5-8810-9D8E6C1A45EF}.Debug|x64.ActiveCfg = Debug|x64
		{263F3C73-83E6-4AA5-8810-9D8E6C1A45EF}.Debug|x64.Build.0 = Debug|x64
		{263F3C73-83E6-4AA5-8810-9D8E6C1A45EF}.Debug|x86.ActiveCfg = Debug|Win32
		{263F3C73-83E6-4AA5-8810-9D8E6C1A45EF}.Debug|x86.Build.0 = Debug|Win32
		{263F3C73-83E6-4AA5-8810-9D8E6C1A45EF}.Release|x64.ActiveCfg = Release|x64
		{263F3C73-83E6-4AA5-8810-9D8E6C1A45EF}.Release|x64.Build.0 = Release|x64
		{263F3C73-83E6-4AA5-8810-9D8E6C1A45EF}.Release|x86.ActiveCfg = Release|Win32
		{263F3C73-83E6-4AA5-8810-9D8E6C1A45EF}.Release|x86.Build.0 = Release|Win32
		{CFAABE07-9E8E-4343-A226-22D3692A94EC}.Debug|x64.ActiveCfg = Debug|x64
		{CFAABE07-9E8E-4343-A226-22D3692A94EC}.Debug|x64.Build.0 = Debug|x64
		{CFAABE07-9E8E-4343-A226-22D3692A94EC}.Debug|x86.ActiveCfg = Debug|Win32
		{CFAABE07-9E8E-4343-A226-22D3692A94EC}.Debug|x86.Build.0 = Debug|Win32
		{CFAABE07-9E8E-4343-A226-22D3692A94EC}.Release|x64.ActiveCfg = Release|x64
		{CFAABE07-9E8E-4343-A226-22D3692A94EC}.Release|x64.Build.0 = Release|x64
		{CFAABE07-9E8E-4343-A226-22D3692A94EC}.Release|x86.ActiveCfg = Release|Win32
		{CFAABE07-9E8E-4343-A226-22D3692A94EC}.Release|x86.Build.0 = Release|Win32
		{17BA92CC-00AE-4488-96A6-4D73A8F1C38C}.Debug|x64.ActiveCfg = Debug|x64
		{17BA92CC-00AE-4488-96A6-4D73A8F1C38C}.Debug|x64.Build.0 = Debug|x64
		{17BA92CC-00AE-4488-96A6-4D73A8F1C38C}.Debug|x86.ActiveCfg = Debug|Win32
		{17BA92CC-00AE-4488-96A6-4D73A8F1C38C}.Debug|x86.Build.0 = Debug|Win32
		{17BA92CC-00AE-4488-96A6-4D73A8F1C38C}.Release|x64.ActiveCfg = Release|x64
		{17BA92CC-00AE-4488-96A6-4D73A8F1C38C}.Release|x64.Build.0 = Release|x64
		{17BA92CC-00AE-4488-96A6-4D73A8F1C38C}.Release|x86.ActiveCfg = Release|Win32
		{17BA92CC-00AE-4488-96A6-4D73A8F1C38C}.Release|x86.Build.0 = Release|Win32
		{8F4F6AE1-B308-4C7F-81FC-4CDDD2302C95}.Debug|x64.ActiveCfg = Debug|x64
		{8F4F6AE1-B308-4C7F-81FC-4CDDD2302C95}.Debug|x64.Build.0 = Debug|x64
		{8F4F6AE1-B308-4C7F-81FC-4CDDD2302C95}.Debug|x86.ActiveCfg = Debug|Win32
		{8F4F6AE1-B308-4C7F-81FC-4CDDD2302C95}.Debug|x86.Build.0 = Debug|Win32
		{8F4F6AE1-B308-4C7F-81FC-4CDDD2302C95}.Release|x64.ActiveCfg = Release|x64
		{8F4F6AE1-B308-4C7F-81FC-4CDDD2302C95}.Release|x64.Build.0 = Release|x64
		{8F4F6AE1-B308-4C7F-81FC-4CDDD2302C95}.Release|x86.ActiveCfg = Release|Win32
		{8F4F6AE1-B308-4C7F-81FC-4CDDD2302C95}.Release|x86.Build.0 = Release|Win32
		{0336D67C-249D-4C48-BD80-8E05CE711A58}.Debug|x64.ActiveCfg = Debug|x64
		{0336D67C-249D-4C48-BD80-8E05CE711A58}.Debug|x64.Build.0 = Debug|x64
		{0336D67C-249D-4C48-BD80-8E05CE711A58}.Debug|x86.ActiveCfg = Debug|Win32
		{0336D67C-249D-4C48-BD80-8E05CE711A58}.Debug|x86.Build.0 = Debug|Win32
		{0336D67C-249D-4C48-BD80-8E05CE711A58}.Release|x64.ActiveCfg = Release|x64
		{0336D67C-249D-4C48-BD80-8E05CE711A58}.Release|x64.Build.0 = Release|x64
		{0336D67C-249D-4C48-BD80-8E05CE711A58}.Release|x86.ActiveCfg = Release|Win32
		{0336D67C-249D-4C48-BD80-8E05CE711A58}.Release|x86.Build.0 = Release|Win32
		{A995D286-033C-4EED-B171-6CE61D28C88F}.Debug|x64.ActiveCfg = Debug|x64
		{A995D286-033C-4EED-B171-6CE61D28C88F}.Debug|x64.Build.0 = Debug|x64
		{A995D286-033C-4EED-B171-6CE61D28C88F}.Debug|x86.ActiveCfg = Debug|Win32
		{A995D286-033C-4EED-B171-6CE61D28C88F}.Debug|x86.Build.0 = Debug|Win32
		{A995D286-033C-4EED-B171-6CE61D28C88F}.Release|x64.ActiveCfg = Release|x64
		{A995D286-033C-4EED-B171-6CE61D28C88F}.Release|x64.Build.0 = Release|x64
		{A995D286-033C-4EED-B171-6CE61D28C88F}.Release|x86.ActiveCfg = Release|Win32
		{A995D286-033C-4EED-B171-6CE61D28C88F}.Release|x86.Build.0 = Release|Win32
		{289C41EF-117B-478C-A3F6-84906E88209E}.Debug|x64.ActiveCfg = Debug|x64
		{289C41EF-117B-478C-A3F6-84906E88209E}.Debug|x64.Build.0 = Debug|x64
		{289C41EF-117B-478C-A3F6-84906E88209E}.Debug|x86.ActiveCfg = Debug|Win32
		{289C41EF-117B-478C-A3F6-84906E88209E}.Debug|x86.Build.0 = Debug|Win32
		{289C41EF-117B-478C-A3F6-84906E88209E}.Release|x64.ActiveCfg = Release|x64
		{289C41EF-117B-478C-A3F6-84906E88209E}.Release|x64.Build.0 = Release|x64
		{289C41EF-117B-478C-A3F6-84906E88209E}.Release|x86.ActiveCfg = Release|Win32
		{289C41EF-117B-478C-A3F6-84906E88209E}.Release|x86.Build.0 = Release|Win32
		{8B3F4ADC-DC10-442C-BBBA-8C5BA201FDBC}.Debug|x64.ActiveCfg = Debug|x64
		{8B3F4ADC-DC10-442C-BBBA-8C5BA201FDBC}.Debug|x64.Build.0 = Debug|x64
		{8B3F4ADC-DC10-442C-BBBA-8C5BA201FDBC}.Debug|x86.ActiveCfg = Debug|Win32
		{8B3F4ADC-DC10-442C-BBBA-8C5BA201FDBC}.Debug|x86.Build.0 = Debug|Win32
		{8B3F4ADC-DC10-442C-BBBA-8C5BA201FDBC}.Release|x64.ActiveCfg = Release|x64
		{8B3F4ADC-DC10-442C-BBBA-8C5BA201FDBC}.Release|x64.Build.0 = Release|x64
		{8B3F4ADC-DC10-442C-BBBA-8C5BA201FDBC}.Release|x86.ActiveCfg = Release|Win32
		{8B3F4ADC-DC10-442C-BBBA-8C5BA201FDBC}.Release|x86.Build.0 = Release|Win32
		{7878E1FC-A17C-4CED-A929-8E947DDC0F77}.Debug|x64.ActiveCfg = Debug|x64
		{7878E1FC-A17C-4CED-A929-8E947DDC0F77}.Debug|x64.Build.0 = Debug|x64
		{7878E1FC-A17C-4CED-A929-8E947DDC0F77}.Debug|x86.ActiveCfg = Debug|Win32
		{7878E1FC-A17C-4CED-A929-8E947DDC0F77}.Debug|x86.Build.0 = Debug|Win32
		{7878E1FC-A17C-4CED-A929-8E947DDC0F77}.Release|x64.ActiveCfg = Release|x64
		{7878E1FC-A17C-4CED-A929-8E947DDC0F77}.Release|x64.Build.0 = Release|x64
		{7878E1FC-A17C-4CED-A929-8E947DDC0F77}.Release|x86.ActiveCfg = Release|Win32
		{7878E1FC-A17C-4CED-A929-8E947DDC0F77}.Release|x86.Build.0 = Release|Win32
		{7FC22F72-A07B-404A-BCE4-7A950EA3C44B}.Debug|x64.ActiveCfg = Debug|x64
		{7FC22F72-A07B-404A-BCE4-7A950EA3C44B}.Debug|x64.Build.0 = Debug|x64
		{7FC22F72-A07B-404A-BCE4-7A950EA3C44B}.Debug|x86.ActiveCfg = Debug|Win32
		{7FC22F72-A07B-404A-BCE4-7A950EA3C44B}.Debug|x86.Build.0 = Debug|Win32
		{7FC22F72-A07B-404A-BCE4-7A950EA3C44B}.Release|x64.ActiveCfg = Release|x64
		{7FC22F72-A07B-404A-BCE4-7A950EA3C44B}.Release|x64.Build.0 = Release|x64
		{7FC22F72-A07B-404A-BCE4-7A950EA3C44B}.Release|x86.ActiveCfg = Release|Win32
		{7FC22F72-A07B-404A-BCE4-7A950EA3C44B}.Release|x86.Build.0 = Release|Win32
		{6BE86DCE-EC88-4113-9E7B-22B6EF50FDFC}.Debug|x64.ActiveCfg = Debug|x64
		{6BE86DCE-EC88-4113-9E7B-22B6EF50FDFC}.Debug|x64.Build.0 = Debug|x64
		{6BE86DCE-EC88-4113-9E7B-22B6EF50FDFC}.Debug|x86.ActiveCfg = Debug|Win32
		{6BE86DCE-EC88-4113-9E7B-22B6EF50FDFC}.Debug|x86.Build.0 = Debug|Win32
		{6BE86DCE-EC88-4113-9E7B-22B6EF50FDFC}.Release|x64.ActiveCfg = Release|x64
		{6BE86DCE-EC88-4113-9E7B-22B6EF50FDFC}.Release|x64.Build.0 = Release|x64
		{6BE86DCE-EC88-4113-9E7B-22B6EF50FDFC}.Release|x86.ActiveCfg = Release|Win32
		{6BE86DCE-EC88-4113-9E7B-22B6EF50FDFC}.Release|x86.Build.0 = Release|Win32
		{C43F1C9F-177B-46A8-BE31-08189D25AD43}.Debug|x64.ActiveCfg = Debug|x64
		{C43F1C9F-177B-46A8-BE31-08189D25AD43}.Debug|x64.Build.0 = Debug|x64
		{C43F1C9F-177B-46A8-BE31-08189D25AD43}.Debug|x86.ActiveCfg = Debug|Win32
		{C43F1C9F-177B-46A8-BE31-08189D25AD43}.Debug|x86.Build.0 = Debug|Win32
		{C43F1C9F-177B-46A8-BE31-08189D25AD43}.Release|x64.ActiveCfg = Release|x64
		{C43F1C9F-177B-46A8-BE31-08189D25AD43}.Release|x64.Build.0 = Release|x64
		{C43F1C9F-177B-46A8-BE31-08189D25AD43}.Release|x86.ActiveCfg = Release|Win32
		{C43F1C9F-177B-46A8-BE31-08189D25AD43}.Release|x86.Build.0 = Release|Win32
		{768EB97B-424B-407E-B52C-B66465E9D169}.Debug|x64.ActiveCfg = Debug|x64
		{768EB97B-424B-407E-B52C-B66465E9D169}.Debug|x64.Build.0 = Debug|x64
		{768EB97B-424B-407E-B52C-B66465E9D169}.Debug|x86.ActiveCfg = Debug|Win32
		{768EB97B-424B-407E-B52C-B66465E9D169}.Debug|x86.Build.0 = Debug|Win32
		{768EB97B-424B-407E-B52C-B66465E9D169}.Release|x64.ActiveCfg = Release|x64
		{768EB97B-424B-407E-B52C-B66465E9D169}.Release|x64.Build.0 = Release|x64
		{768EB97B-424B-407E-B52C-B66465E9D169}.Release|x86.ActiveCfg = Release|Win32
		{768EB97B-424B-407E-B52C-B66465E9D169}.Release|x86.Build.0 = Release|Win32
		{1386FC99-A29C-410C-B3D1-2A7E233F57D4}.Debug|x64.ActiveCfg = Debug|x64
		{1386FC99-A29C-410C-B3D1-2A7E233F57D4}.Debug|x64.Build.0 = Debug|x64
		{1386FC99-A29C-410C-B3D1-2A7E233F57D4}.Debug|x86.ActiveCfg = Debug|Win32
		{1386FC99-A29C-410C-B3D1-2A7E233F57D4}.Debug|x86.Build.0 = Debug|Win32
		{1386FC99-A29C-410C-B3D1-2A7E233F57D4}.Release|x64.ActiveCfg = Release|x64
		{1386FC99-A29C-410C-B3D1-2A7E233F57D4}.Release|x64.Build.0 = Release|x64
		{1386FC99-A29C-410C-B3D1-2A7E233F57D4}.Release|x86.ActiveCfg = Release|Win32
		{1386FC99-A29C-410C-B3D1-2A7E233F57D4}.Release|x86.Build.0 = Release|Win32
	EndGlobalSection
	GlobalSection(SolutionProperties) = preSolution
		HideSolutionNode = FALSE
	EndGlobalSection
	GlobalSection(NestedProjects) = preSolution
		{37D58FB6-E50B-43E1-9A31-873741284F22} = {9021D55B-470E-4D5B-967D-F9D262061BA5}
		{263F3C73-83E6-4AA5-8810-9D8E6C1A45EF} = {9021D55B-470E-4D5B-967D-F9D262061BA5}
		{CFAABE07-9E8E-4343-A226-22D3692A94EC} = {9021D55B-470E-4D5B-967D-F9D262061BA5}
		{17BA92CC-00AE-4488-96A6-4D73A8F1C38C} = {9021D55B-470E-4D5B-967D-F9D262061BA5}
		{8F4F6AE1-B308-4C7F-81FC-4CDDD2302C95} = {DE981B6F-2D7F-49B2-9888-8DA38A984894}
		{0336D67C-249D-4C48-BD80-8E05CE711A58} = {DE981B6F-2D7F-49B2-9888-8DA38A984894}
		{A995D286-033C-4EED-B171-6CE61D28C88F} = {DE981B6F-2D7F-49B2-9888-8DA38A984894}
		{289C41EF-117B-478C-A3F6-84906E88209E} = {DE981B6F-2D7F-49B2-9888-8DA38A984894}
		{8B3F4ADC-DC10-442C-BBBA-8C5BA201FDBC} = {DE981B6F-2D7F-49B2-9888-8DA38A984894}
		{7FC22F72-A07B-404A-BCE4-7A950EA3C44B} = {DE981B6F-2D7F-49B2-9888-8DA38A984894}
		{6BE86DCE-EC88-4113-9E7B-22B6EF50FDFC} = {DE981B6F-2D7F-49B2-9888-8DA38A984894}
		{C43F1C9F-177B-46A8-BE31-08189D25AD43} = {DE981B6F-2D7F-49B2-9888-8DA38A984894}
		{768EB97B-424B-407E-B52C-B66465E9D169} = {53F8BE7B-8453-4891-9FF7-12A9C238E175}
		{1386FC99-A29C-410C-B3D1-2A7E233F57D4} = {DE981B6F-2D7F-49B2-9888-8DA38A984894}
	EndGlobalSection
	GlobalSection(ExtensibilityGlobals) = postSolution
		SolutionGuid = {BB02B248-EDBB-4692-A6A8-AA3B81FB5511}
	EndGlobalSection
EndGlobal
