<?xml version="1.0" encoding="utf-8"?>
<Project ToolsVersion="4.0" xmlns="http://schemas.microsoft.com/developer/msbuild/2003">
  <ItemGroup>
    <Filter Include="User Menu">
      <UniqueIdentifier>{9ac656bd-c11c-4483-8b88-d88d8e6c617b}</UniqueIdentifier>
    </Filter>
    <Filter Include="User Menu\Resource Files">
      <UniqueIdentifier>{8b89c15e-a9b8-492f-9de2-300059b1a186}</UniqueIdentifier>
    </Filter>
    <Filter Include="GCN Hardware">
      <UniqueIdentifier>{3935fe48-4a8d-4a9a-9e92-cf1279717bf6}</UniqueIdentifier>
    </Filter>
    <Filter Include="GCN High Level">
      <UniqueIdentifier>{89f79858-7882-4cc0-a254-6726ae01445e}</UniqueIdentifier>
    </Filter>
    <Filter Include="Core">
      <UniqueIdentifier>{167fa71e-5d66-4e52-8836-de7511b66968}</UniqueIdentifier>
    </Filter>
    <Filter Include="Core\Interpreter">
      <UniqueIdentifier>{5c49dcb6-30df-4b77-ada7-391bdb862659}</UniqueIdentifier>
    </Filter>
    <Filter Include="Debugger">
      <UniqueIdentifier>{c95b6c67-8f65-4d78-8bdb-57536346d5ec}</UniqueIdentifier>
    </Filter>
  </ItemGroup>
  <ItemGroup>
    <ClCompile Include="SRC\UserMenu\UserAbout.cpp">
      <Filter>User Menu</Filter>
    </ClCompile>
    <ClCompile Include="SRC\UserMenu\UserConfig.cpp">
      <Filter>User Menu</Filter>
    </ClCompile>
    <ClCompile Include="SRC\UserMenu\UserFile.cpp">
      <Filter>User Menu</Filter>
    </ClCompile>
    <ClCompile Include="SRC\UserMenu\UserFonts.cpp">
      <Filter>User Menu</Filter>
    </ClCompile>
    <ClCompile Include="SRC\UserMenu\UserMain.cpp">
      <Filter>User Menu</Filter>
    </ClCompile>
    <ClCompile Include="SRC\UserMenu\UserMemcards.cpp">
      <Filter>User Menu</Filter>
    </ClCompile>
    <ClCompile Include="SRC\UserMenu\UserProfiler.cpp">
      <Filter>User Menu</Filter>
    </ClCompile>
    <ClCompile Include="SRC\UserMenu\UserSelector.cpp">
      <Filter>User Menu</Filter>
    </ClCompile>
    <ClCompile Include="SRC\UserMenu\UserSettings.cpp">
      <Filter>User Menu</Filter>
    </ClCompile>
    <ClCompile Include="SRC\UserMenu\UserWindow.cpp">
      <Filter>User Menu</Filter>
    </ClCompile>
    <ClCompile Include="SRC\Hardware\AI.cpp">
      <Filter>GCN Hardware</Filter>
    </ClCompile>
    <ClCompile Include="SRC\Hardware\AR.cpp">
      <Filter>GCN Hardware</Filter>
    </ClCompile>
    <ClCompile Include="SRC\Hardware\CP.cpp">
      <Filter>GCN Hardware</Filter>
    </ClCompile>
    <ClCompile Include="SRC\Hardware\DI.cpp">
      <Filter>GCN Hardware</Filter>
    </ClCompile>
    <ClCompile Include="SRC\Hardware\EFB.cpp">
      <Filter>GCN Hardware</Filter>
    </ClCompile>
    <ClCompile Include="SRC\Hardware\EI.cpp">
      <Filter>GCN Hardware</Filter>
    </ClCompile>
    <ClCompile Include="SRC\Hardware\GDI.cpp">
      <Filter>GCN Hardware</Filter>
    </ClCompile>
    <ClCompile Include="SRC\Hardware\HW.cpp">
      <Filter>GCN Hardware</Filter>
    </ClCompile>
    <ClCompile Include="SRC\Hardware\MC.cpp">
      <Filter>GCN Hardware</Filter>
    </ClCompile>
    <ClCompile Include="SRC\Hardware\MI.cpp">
      <Filter>GCN Hardware</Filter>
    </ClCompile>
    <ClCompile Include="SRC\Hardware\PI.cpp">
      <Filter>GCN Hardware</Filter>
    </ClCompile>
    <ClCompile Include="SRC\Hardware\SI.cpp">
      <Filter>GCN Hardware</Filter>
    </ClCompile>
    <ClCompile Include="SRC\Hardware\VI.cpp">
      <Filter>GCN Hardware</Filter>
    </ClCompile>
    <ClCompile Include="SRC\HighLevel\AX.cpp">
      <Filter>GCN High Level</Filter>
    </ClCompile>
    <ClCompile Include="SRC\HighLevel\Bootrom.cpp">
      <Filter>GCN High Level</Filter>
    </ClCompile>
    <ClCompile Include="SRC\HighLevel\DSP.cpp">
      <Filter>GCN High Level</Filter>
    </ClCompile>
    <ClCompile Include="SRC\HighLevel\DVDBanner.cpp">
      <Filter>GCN High Level</Filter>
    </ClCompile>
    <ClCompile Include="SRC\HighLevel\HLE.cpp">
      <Filter>GCN High Level</Filter>
    </ClCompile>
    <ClCompile Include="SRC\HighLevel\MapLoader.cpp">
      <Filter>GCN High Level</Filter>
    </ClCompile>
    <ClCompile Include="SRC\HighLevel\MapMaker.cpp">
      <Filter>GCN High Level</Filter>
    </ClCompile>
    <ClCompile Include="SRC\HighLevel\MapSaver.cpp">
      <Filter>GCN High Level</Filter>
    </ClCompile>
    <ClCompile Include="SRC\HighLevel\Mtx.cpp">
      <Filter>GCN High Level</Filter>
    </ClCompile>
    <ClCompile Include="SRC\HighLevel\OS.cpp">
      <Filter>GCN High Level</Filter>
    </ClCompile>
    <ClCompile Include="SRC\HighLevel\PAD.cpp">
      <Filter>GCN High Level</Filter>
    </ClCompile>
    <ClCompile Include="SRC\HighLevel\Stdc.cpp">
      <Filter>GCN High Level</Filter>
    </ClCompile>
    <ClCompile Include="SRC\HighLevel\Symbols.cpp">
      <Filter>GCN High Level</Filter>
    </ClCompile>
    <ClCompile Include="SRC\Core\Interpreter\c_branch.cpp">
      <Filter>Core\Interpreter</Filter>
    </ClCompile>
    <ClCompile Include="SRC\Core\Interpreter\c_compare.cpp">
      <Filter>Core\Interpreter</Filter>
    </ClCompile>
    <ClCompile Include="SRC\Core\Interpreter\c_condition.cpp">
      <Filter>Core\Interpreter</Filter>
    </ClCompile>
    <ClCompile Include="SRC\Core\Interpreter\c_floatingpoint.cpp">
      <Filter>Core\Interpreter</Filter>
    </ClCompile>
    <ClCompile Include="SRC\Core\Interpreter\c_fploadstore.cpp">
      <Filter>Core\Interpreter</Filter>
    </ClCompile>
    <ClCompile Include="SRC\Core\Interpreter\c_integer.cpp">
      <Filter>Core\Interpreter</Filter>
    </ClCompile>
    <ClCompile Include="SRC\Core\Interpreter\c_loadstore.cpp">
      <Filter>Core\Interpreter</Filter>
    </ClCompile>
    <ClCompile Include="SRC\Core\Interpreter\c_logical.cpp">
      <Filter>Core\Interpreter</Filter>
    </ClCompile>
    <ClCompile Include="SRC\Core\Interpreter\c_pairedsingle.cpp">
      <Filter>Core\Interpreter</Filter>
    </ClCompile>
    <ClCompile Include="SRC\Core\Interpreter\c_psloadstore.cpp">
      <Filter>Core\Interpreter</Filter>
    </ClCompile>
    <ClCompile Include="SRC\Core\Interpreter\c_rotate.cpp">
      <Filter>Core\Interpreter</Filter>
    </ClCompile>
    <ClCompile Include="SRC\Core\Interpreter\c_shift.cpp">
      <Filter>Core\Interpreter</Filter>
    </ClCompile>
    <ClCompile Include="SRC\Core\Interpreter\c_system.cpp">
      <Filter>Core\Interpreter</Filter>
    </ClCompile>
    <ClCompile Include="SRC\Core\Interpreter\c_tables.cpp">
      <Filter>Core\Interpreter</Filter>
    </ClCompile>
    <ClCompile Include="SRC\Core\Emulator.cpp">
      <Filter>Core</Filter>
    </ClCompile>
    <ClCompile Include="SRC\Core\Gekko.cpp">
      <Filter>Core</Filter>
    </ClCompile>
    <ClCompile Include="SRC\Core\Interpreter.cpp">
      <Filter>Core</Filter>
    </ClCompile>
    <ClCompile Include="SRC\Core\Loader.cpp">
      <Filter>Core</Filter>
    </ClCompile>
    <ClCompile Include="SRC\Core\Memory.cpp">
      <Filter>Core</Filter>
    </ClCompile>
    <ClCompile Include="SRC\Debugger\break.cpp">
      <Filter>Debugger</Filter>
    </ClCompile>
    <ClCompile Include="SRC\Debugger\cmd.cpp">
      <Filter>Debugger</Filter>
    </ClCompile>
    <ClCompile Include="SRC\Debugger\console.cpp">
      <Filter>Debugger</Filter>
    </ClCompile>
    <ClCompile Include="SRC\Debugger\cpuview.cpp">
      <Filter>Debugger</Filter>
    </ClCompile>
    <ClCompile Include="SRC\Debugger\Debugger.cpp">
      <Filter>Debugger</Filter>
    </ClCompile>
    <ClCompile Include="SRC\Debugger\GekkoDisasm.cpp">
      <Filter>Debugger</Filter>
    </ClCompile>
    <ClCompile Include="SRC\Debugger\input.cpp">
      <Filter>Debugger</Filter>
    </ClCompile>
    <ClCompile Include="SRC\Debugger\memview.cpp">
      <Filter>Debugger</Filter>
    </ClCompile>
    <ClCompile Include="SRC\Debugger\output.cpp">
      <Filter>Debugger</Filter>
    </ClCompile>
    <ClCompile Include="SRC\Debugger\regs.cpp">
      <Filter>Debugger</Filter>
    </ClCompile>
    <ClCompile Include="SRC\Hardware\AudioNull.cpp">
      <Filter>GCN Hardware</Filter>
    </ClCompile>
  </ItemGroup>
  <ItemGroup>
    <ClInclude Include="SRC\UserMenu\User.h">
      <Filter>User Menu</Filter>
    </ClInclude>
    <ClInclude Include="SRC\UserMenu\UserAbout.h">
      <Filter>User Menu</Filter>
    </ClInclude>
    <ClInclude Include="SRC\UserMenu\UserConfig.h">
      <Filter>User Menu</Filter>
    </ClInclude>
    <ClInclude Include="SRC\UserMenu\UserFile.h">
      <Filter>User Menu</Filter>
    </ClInclude>
    <ClInclude Include="SRC\UserMenu\UserFonts.h">
      <Filter>User Menu</Filter>
    </ClInclude>
    <ClInclude Include="SRC\UserMenu\UserMain.h">
      <Filter>User Menu</Filter>
    </ClInclude>
    <ClInclude Include="SRC\UserMenu\UserMemcards.h">
      <Filter>User Menu</Filter>
    </ClInclude>
    <ClInclude Include="SRC\UserMenu\UserProfiler.h">
      <Filter>User Menu</Filter>
    </ClInclude>
    <ClInclude Include="SRC\UserMenu\UserSelector.h">
      <Filter>User Menu</Filter>
    </ClInclude>
    <ClInclude Include="SRC\UserMenu\UserSettings.h">
      <Filter>User Menu</Filter>
    </ClInclude>
    <ClInclude Include="SRC\UserMenu\UserWindow.h">
      <Filter>User Menu</Filter>
    </ClInclude>
    <ClInclude Include="RES\nobanner.h">
      <Filter>User Menu\Resource Files</Filter>
    </ClInclude>
    <ClInclude Include="RES\resource.h">
      <Filter>User Menu\Resource Files</Filter>
    </ClInclude>
    <ClInclude Include="RES\SjisTable.h">
      <Filter>User Menu\Resource Files</Filter>
    </ClInclude>
    <ClInclude Include="SRC\Hardware\AI.h">
      <Filter>GCN Hardware</Filter>
    </ClInclude>
    <ClInclude Include="SRC\Hardware\AR.h">
      <Filter>GCN Hardware</Filter>
    </ClInclude>
    <ClInclude Include="SRC\Hardware\CP.h">
      <Filter>GCN Hardware</Filter>
    </ClInclude>
    <ClInclude Include="SRC\Hardware\DI.h">
      <Filter>GCN Hardware</Filter>
    </ClInclude>
    <ClInclude Include="SRC\Hardware\DolwinPluginSpecs.h">
      <Filter>GCN Hardware</Filter>
    </ClInclude>
    <ClInclude Include="SRC\Hardware\EFB.h">
      <Filter>GCN Hardware</Filter>
    </ClInclude>
    <ClInclude Include="SRC\Hardware\EI.h">
      <Filter>GCN Hardware</Filter>
    </ClInclude>
    <ClInclude Include="SRC\Hardware\GDI.h">
      <Filter>GCN Hardware</Filter>
    </ClInclude>
    <ClInclude Include="SRC\Hardware\Hardware.h">
      <Filter>GCN Hardware</Filter>
    </ClInclude>
    <ClInclude Include="SRC\Hardware\HW.h">
      <Filter>GCN Hardware</Filter>
    </ClInclude>
    <ClInclude Include="SRC\Hardware\MC.h">
      <Filter>GCN Hardware</Filter>
    </ClInclude>
    <ClInclude Include="SRC\Hardware\MI.h">
      <Filter>GCN Hardware</Filter>
    </ClInclude>
    <ClInclude Include="SRC\Hardware\PI.h">
      <Filter>GCN Hardware</Filter>
    </ClInclude>
    <ClInclude Include="SRC\Hardware\SI.h">
      <Filter>GCN Hardware</Filter>
    </ClInclude>
    <ClInclude Include="SRC\Hardware\VI.h">
      <Filter>GCN Hardware</Filter>
    </ClInclude>
    <ClInclude Include="SRC\HighLevel\AX.h">
      <Filter>GCN High Level</Filter>
    </ClInclude>
    <ClInclude Include="SRC\HighLevel\Bootrom.h">
      <Filter>GCN High Level</Filter>
    </ClInclude>
    <ClInclude Include="SRC\HighLevel\DSP.h">
      <Filter>GCN High Level</Filter>
    </ClInclude>
    <ClInclude Include="SRC\HighLevel\DVDBanner.h">
      <Filter>GCN High Level</Filter>
    </ClInclude>
    <ClInclude Include="SRC\HighLevel\HighLevel.h">
      <Filter>GCN High Level</Filter>
    </ClInclude>
    <ClInclude Include="SRC\HighLevel\HLE.h">
      <Filter>GCN High Level</Filter>
    </ClInclude>
    <ClInclude Include="SRC\HighLevel\MapLoader.h">
      <Filter>GCN High Level</Filter>
    </ClInclude>
    <ClInclude Include="SRC\HighLevel\MapMaker.h">
      <Filter>GCN High Level</Filter>
    </ClInclude>
    <ClInclude Include="SRC\HighLevel\MapSaver.h">
      <Filter>GCN High Level</Filter>
    </ClInclude>
    <ClInclude Include="SRC\HighLevel\Mtx.h">
      <Filter>GCN High Level</Filter>
    </ClInclude>
    <ClInclude Include="SRC\HighLevel\OS.h">
      <Filter>GCN High Level</Filter>
    </ClInclude>
    <ClInclude Include="SRC\HighLevel\PAD.h">
      <Filter>GCN High Level</Filter>
    </ClInclude>
    <ClInclude Include="SRC\HighLevel\Stdc.h">
      <Filter>GCN High Level</Filter>
    </ClInclude>
    <ClInclude Include="SRC\HighLevel\Symbols.h">
      <Filter>GCN High Level</Filter>
    </ClInclude>
    <ClInclude Include="SRC\dolphin.h" />
    <ClInclude Include="SRC\Core\Interpreter\c_branch.h">
      <Filter>Core\Interpreter</Filter>
    </ClInclude>
    <ClInclude Include="SRC\Core\Interpreter\c_compare.h">
      <Filter>Core\Interpreter</Filter>
    </ClInclude>
    <ClInclude Include="SRC\Core\Interpreter\c_condition.h">
      <Filter>Core\Interpreter</Filter>
    </ClInclude>
    <ClInclude Include="SRC\Core\Interpreter\c_floatingpoint.h">
      <Filter>Core\Interpreter</Filter>
    </ClInclude>
    <ClInclude Include="SRC\Core\Interpreter\c_fploadstore.h">
      <Filter>Core\Interpreter</Filter>
    </ClInclude>
    <ClInclude Include="SRC\Core\Interpreter\c_integer.h">
      <Filter>Core\Interpreter</Filter>
    </ClInclude>
    <ClInclude Include="SRC\Core\Interpreter\c_loadstore.h">
      <Filter>Core\Interpreter</Filter>
    </ClInclude>
    <ClInclude Include="SRC\Core\Interpreter\c_logical.h">
      <Filter>Core\Interpreter</Filter>
    </ClInclude>
    <ClInclude Include="SRC\Core\Interpreter\c_pairedsingle.h">
      <Filter>Core\Interpreter</Filter>
    </ClInclude>
    <ClInclude Include="SRC\Core\Interpreter\c_psloadstore.h">
      <Filter>Core\Interpreter</Filter>
    </ClInclude>
    <ClInclude Include="SRC\Core\Interpreter\c_rotate.h">
      <Filter>Core\Interpreter</Filter>
    </ClInclude>
    <ClInclude Include="SRC\Core\Interpreter\c_shift.h">
      <Filter>Core\Interpreter</Filter>
    </ClInclude>
    <ClInclude Include="SRC\Core\Interpreter\c_system.h">
      <Filter>Core\Interpreter</Filter>
    </ClInclude>
    <ClInclude Include="SRC\Core\Interpreter\c_tables.h">
      <Filter>Core\Interpreter</Filter>
    </ClInclude>
    <ClInclude Include="SRC\Core\Emulator.h">
      <Filter>Core</Filter>
    </ClInclude>
    <ClInclude Include="SRC\Core\Gekko.h">
      <Filter>Core</Filter>
    </ClInclude>
    <ClInclude Include="SRC\Core\Interpreter.h">
      <Filter>Core</Filter>
    </ClInclude>
    <ClInclude Include="SRC\Core\Loader.h">
      <Filter>Core</Filter>
    </ClInclude>
    <ClInclude Include="SRC\Core\Memory.h">
      <Filter>Core</Filter>
    </ClInclude>
    <ClInclude Include="SRC\Debugger\break.h">
      <Filter>Debugger</Filter>
    </ClInclude>
    <ClInclude Include="SRC\Debugger\cmd.h">
      <Filter>Debugger</Filter>
    </ClInclude>
    <ClInclude Include="SRC\Debugger\console.h">
      <Filter>Debugger</Filter>
    </ClInclude>
    <ClInclude Include="SRC\Debugger\cpuview.h">
      <Filter>Debugger</Filter>
    </ClInclude>
    <ClInclude Include="SRC\Debugger\Debugger.h">
      <Filter>Debugger</Filter>
    </ClInclude>
    <ClInclude Include="SRC\Debugger\GekkoDisasm.h">
      <Filter>Debugger</Filter>
    </ClInclude>
    <ClInclude Include="SRC\Debugger\input.h">
      <Filter>Debugger</Filter>
    </ClInclude>
    <ClInclude Include="SRC\Debugger\memview.h">
      <Filter>Debugger</Filter>
    </ClInclude>
    <ClInclude Include="SRC\Debugger\output.h">
      <Filter>Debugger</Filter>
    </ClInclude>
    <ClInclude Include="SRC\Debugger\regs.h">
      <Filter>Debugger</Filter>
    </ClInclude>
    <ClInclude Include="SRC\Core\Interpreter\interpreter.h">
      <Filter>Core\Interpreter</Filter>
    </ClInclude>
  </ItemGroup>
  <ItemGroup>
    <Image Include="RES\Dolwin.ico">
      <Filter>User Menu\Resource Files</Filter>
    </Image>
    <Image Include="RES\GCN.ico">
      <Filter>User Menu\Resource Files</Filter>
    </Image>
    <Image Include="RES\GCN_sm.ico">
      <Filter>User Menu\Resource Files</Filter>
    </Image>
    <Image Include="RES\moreicon1.ico">
      <Filter>User Menu\Resource Files</Filter>
    </Image>
    <Image Include="RES\moreicon2.ico">
      <Filter>User Menu\Resource Files</Filter>
    </Image>
    <Image Include="RES\moreicon3.ico">
      <Filter>User Menu\Resource Files</Filter>
    </Image>
    <Image Include="RES\moreicon4.ico">
      <Filter>User Menu\Resource Files</Filter>
    </Image>
    <Image Include="RES\moreicon5.ico">
      <Filter>User Menu\Resource Files</Filter>
    </Image>
    <Image Include="RES\moreicon6.ico">
      <Filter>User Menu\Resource Files</Filter>
    </Image>
  </ItemGroup>
  <ItemGroup>
    <ResourceCompile Include="RES\Dolwin.rc">
      <Filter>User Menu\Resource Files</Filter>
    </ResourceCompile>
  </ItemGroup>
  <ItemGroup>
    <MASM Include="SRC\Core\AsmX64.asm">
      <Filter>Core</Filter>
    </MASM>
    <MASM Include="SRC\Core\AsmX86.asm">
      <Filter>Core</Filter>
    </MASM>
  </ItemGroup>
</Project>