Microsoft Visual Studio Solution File, Format Version 12.00
# Visual Studio Version 16
VisualStudioVersion = 16.0.29806.167
MinimumVisualStudioVersion = 10.0.40219.1
Project("{8BC9CEB8-8B4A-11D0-8D11-00A0C91BC942}") = "DVD", "SRC\DVD\Scripts\DVD.vcxproj", "{A995D286-033C-4EED-B171-6CE61D28C88F}"
EndProject
Project("{8BC9CEB8-8B4A-11D0-8D11-00A0C91BC942}") = "DSP", "SRC\DSP\Scripts\DSP.vcxproj", "{0336D67C-249D-4C48-BD80-8E05CE711A58}"
EndProject
Project("{8BC9CEB8-8B4A-11D0-8D11-00A0C91BC942}") = "Debugger", "SRC\Debugger\Scripts\Debugger.vcxproj", "{7FC22F72-A07B-404A-BCE4-7A950EA3C44B}"
EndProject
Project("{8BC9CEB8-8B4A-11D0-8D11-00A0C91BC942}") = "UI", "SRC\UI\Scripts\UI.vcxproj", "{31B0B5F5-2A81-4E71-8D3A-50AA859AE991}"
EndProject
Project("{8BC9CEB8-8B4A-11D0-8D11-00A0C91BC942}") = "GekkoCore", "SRC\Core\Scripts\GekkoCore.vcxproj", "{289C41EF-117B-478C-A3F6-84906E88209E}"
EndProject
Project("{8BC9CEB8-8B4A-11D0-8D11-00A0C91BC942}") = "GCNHardware", "SRC\Hardware\Scripts\GCNHardware.vcxproj", "{C43F1C9F-177B-46A8-BE31-08189D25AD43}"
EndProject
Project("{8BC9CEB8-8B4A-11D0-8D11-00A0C91BC942}") = "GCNHighLevel", "SRC\HighLevel\Scripts\GCNHighLevel.vcxproj", "{8B3F4ADC-DC10-442C-BBBA-8C5BA201FDBC}"
EndProject
Project("{8BC9CEB8-8B4A-11D0-8D11-00A0C91BC942}") = "PAD", "SRC\PAD\Scripts\PAD.vcxproj", "{5EE55A55-7211-48AC-AC5F-C36FB97C85A2}"
EndProject
Project("{8BC9CEB8-8B4A-11D0-8D11-00A0C91BC942}") = "DolwinVideo", "SRC\DolwinVideo\Scripts\DolwinVideo.vcxproj", "{11D1FEFC-6EC3-461D-9DDA-BFBD0AA80B69}"
EndProject
Project("{8BC9CEB8-8B4A-11D0-8D11-00A0C91BC942}") = "Common", "SRC\Common\Scripts\Common.vcxproj", "{8F4F6AE1-B308-4C7F-81FC-4CDDD2302C95}"
EndProject
Project("{8BC9CEB8-8B4A-11D0-8D11-00A0C91BC942}") = "Dolwin", "SRC\Dolwin\Scripts\Dolwin.vcxproj", "{890F0F44-0A41-45FD-B630-32363F058052}"
EndProject
Project("{2150E333-8FDC-42A3-9474-1A3956D46DE8}") = "Solution Items", "Solution Items", "{351A5379-B549-4B52-B2F4-90C2ED8AAE78}"
	ProjectSection(SolutionItems) = preProject
		LICENSE = LICENSE
		README.md = README.md
	EndProjectSection
EndProject
Project("{2150E333-8FDC-42A3-9474-1A3956D46DE8}") = "ThridParty", "ThridParty", "{99C5096C-2C2E-46D8-A1D5-6B79AAE32303}"
EndProject
Project("{8BC9CEB8-8B4A-11D0-8D11-00A0C91BC942}") = "fmt", "ThirdParty\fmt\fmt.vcxproj", "{768EB97B-424B-407E-B52C-B66465E9D169}"
EndProject
Global
	GlobalSection(SolutionConfigurationPlatforms) = preSolution
		Debug|Win32 = Debug|Win32
		Debug|x64 = Debug|x64
		Release|Win32 = Release|Win32
		Release|x64 = Release|x64
	EndGlobalSection
	GlobalSection(ProjectConfigurationPlatforms) = postSolution
		{A995D286-033C-4EED-B171-6CE61D28C88F}.Debug|Win32.ActiveCfg = Debug|Win32
		{A995D286-033C-4EED-B171-6CE61D28C88F}.Debug|Win32.Build.0 = Debug|Win32
		{A995D286-033C-4EED-B171-6CE61D28C88F}.Debug|x64.ActiveCfg = Debug|x64
		{A995D286-033C-4EED-B171-6CE61D28C88F}.Debug|x64.Build.0 = Debug|x64
		{A995D286-033C-4EED-B171-6CE61D28C88F}.Release|Win32.ActiveCfg = Release|Win32
		{A995D286-033C-4EED-B171-6CE61D28C88F}.Release|Win32.Build.0 = Release|Win32
		{A995D286-033C-4EED-B171-6CE61D28C88F}.Release|x64.ActiveCfg = Release|x64
		{A995D286-033C-4EED-B171-6CE61D28C88F}.Release|x64.Build.0 = Release|x64
		{0336D67C-249D-4C48-BD80-8E05CE711A58}.Debug|Win32.ActiveCfg = Debug|Win32
		{0336D67C-249D-4C48-BD80-8E05CE711A58}.Debug|Win32.Build.0 = Debug|Win32
		{0336D67C-249D-4C48-BD80-8E05CE711A58}.Debug|x64.ActiveCfg = Debug|x64
		{0336D67C-249D-4C48-BD80-8E05CE711A58}.Debug|x64.Build.0 = Debug|x64
		{0336D67C-249D-4C48-BD80-8E05CE711A58}.Release|Win32.ActiveCfg = Release|Win32
		{0336D67C-249D-4C48-BD80-8E05CE711A58}.Release|Win32.Build.0 = Release|Win32
		{0336D67C-249D-4C48-BD80-8E05CE711A58}.Release|x64.ActiveCfg = Release|x64
		{0336D67C-249D-4C48-BD80-8E05CE711A58}.Release|x64.Build.0 = Release|x64
		{7FC22F72-A07B-404A-BCE4-7A950EA3C44B}.Debug|Win32.ActiveCfg = Debug|Win32
		{7FC22F72-A07B-404A-BCE4-7A950EA3C44B}.Debug|Win32.Build.0 = Debug|Win32
		{7FC22F72-A07B-404A-BCE4-7A950EA3C44B}.Debug|x64.ActiveCfg = Debug|x64
		{7FC22F72-A07B-404A-BCE4-7A950EA3C44B}.Debug|x64.Build.0 = Debug|x64
		{7FC22F72-A07B-404A-BCE4-7A950EA3C44B}.Release|Win32.ActiveCfg = Release|Win32
		{7FC22F72-A07B-404A-BCE4-7A950EA3C44B}.Release|Win32.Build.0 = Release|Win32
		{7FC22F72-A07B-404A-BCE4-7A950EA3C44B}.Release|x64.ActiveCfg = Release|x64
		{7FC22F72-A07B-404A-BCE4-7A950EA3C44B}.Release|x64.Build.0 = Release|x64
		{31B0B5F5-2A81-4E71-8D3A-50AA859AE991}.Debug|Win32.ActiveCfg = Debug|Win32
		{31B0B5F5-2A81-4E71-8D3A-50AA859AE991}.Debug|Win32.Build.0 = Debug|Win32
		{31B0B5F5-2A81-4E71-8D3A-50AA859AE991}.Debug|x64.ActiveCfg = Debug|x64
		{31B0B5F5-2A81-4E71-8D3A-50AA859AE991}.Debug|x64.Build.0 = Debug|x64
		{31B0B5F5-2A81-4E71-8D3A-50AA859AE991}.Release|Win32.ActiveCfg = Release|Win32
		{31B0B5F5-2A81-4E71-8D3A-50AA859AE991}.Release|Win32.Build.0 = Release|Win32
		{31B0B5F5-2A81-4E71-8D3A-50AA859AE991}.Release|x64.ActiveCfg = Release|x64
		{31B0B5F5-2A81-4E71-8D3A-50AA859AE991}.Release|x64.Build.0 = Release|x64
		{289C41EF-117B-478C-A3F6-84906E88209E}.Debug|Win32.ActiveCfg = Debug|Win32
		{289C41EF-117B-478C-A3F6-84906E88209E}.Debug|Win32.Build.0 = Debug|Win32
		{289C41EF-117B-478C-A3F6-84906E88209E}.Debug|x64.ActiveCfg = Debug|x64
		{289C41EF-117B-478C-A3F6-84906E88209E}.Debug|x64.Build.0 = Debug|x64
		{289C41EF-117B-478C-A3F6-84906E88209E}.Release|Win32.ActiveCfg = Release|Win32
		{289C41EF-117B-478C-A3F6-84906E88209E}.Release|Win32.Build.0 = Release|Win32
		{289C41EF-117B-478C-A3F6-84906E88209E}.Release|x64.ActiveCfg = Release|x64
		{289C41EF-117B-478C-A3F6-84906E88209E}.Release|x64.Build.0 = Release|x64
		{C43F1C9F-177B-46A8-BE31-08189D25AD43}.Debug|Win32.ActiveCfg = Debug|Win32
		{C43F1C9F-177B-46A8-BE31-08189D25AD43}.Debug|Win32.Build.0 = Debug|Win32
		{C43F1C9F-177B-46A8-BE31-08189D25AD43}.Debug|x64.ActiveCfg = Debug|x64
		{C43F1C9F-177B-46A8-BE31-08189D25AD43}.Debug|x64.Build.0 = Debug|x64
		{C43F1C9F-177B-46A8-BE31-08189D25AD43}.Release|Win32.ActiveCfg = Release|Win32
		{C43F1C9F-177B-46A8-BE31-08189D25AD43}.Release|Win32.Build.0 = Release|Win32
		{C43F1C9F-177B-46A8-BE31-08189D25AD43}.Release|x64.ActiveCfg = Release|x64
		{C43F1C9F-177B-46A8-BE31-08189D25AD43}.Release|x64.Build.0 = Release|x64
		{8B3F4ADC-DC10-442C-BBBA-8C5BA201FDBC}.Debug|Win32.ActiveCfg = Debug|Win32
		{8B3F4ADC-DC10-442C-BBBA-8C5BA201FDBC}.Debug|Win32.Build.0 = Debug|Win32
		{8B3F4ADC-DC10-442C-BBBA-8C5BA201FDBC}.Debug|x64.ActiveCfg = Debug|x64
		{8B3F4ADC-DC10-442C-BBBA-8C5BA201FDBC}.Debug|x64.Build.0 = Debug|x64
		{8B3F4ADC-DC10-442C-BBBA-8C5BA201FDBC}.Release|Win32.ActiveCfg = Release|Win32
		{8B3F4ADC-DC10-442C-BBBA-8C5BA201FDBC}.Release|Win32.Build.0 = Release|Win32
		{8B3F4ADC-DC10-442C-BBBA-8C5BA201FDBC}.Release|x64.ActiveCfg = Release|x64
		{8B3F4ADC-DC10-442C-BBBA-8C5BA201FDBC}.Release|x64.Build.0 = Release|x64
		{5EE55A55-7211-48AC-AC5F-C36FB97C85A2}.Debug|Win32.ActiveCfg = Debug|Win32
		{5EE55A55-7211-48AC-AC5F-C36FB97C85A2}.Debug|Win32.Build.0 = Debug|Win32
		{5EE55A55-7211-48AC-AC5F-C36FB97C85A2}.Debug|x64.ActiveCfg = Debug|x64
		{5EE55A55-7211-48AC-AC5F-C36FB97C85A2}.Debug|x64.Build.0 = Debug|x64
		{5EE55A55-7211-48AC-AC5F-C36FB97C85A2}.Release|Win32.ActiveCfg = Release|Win32
		{5EE55A55-7211-48AC-AC5F-C36FB97C85A2}.Release|Win32.Build.0 = Release|Win32
		{5EE55A55-7211-48AC-AC5F-C36FB97C85A2}.Release|x64.ActiveCfg = Release|x64
		{5EE55A55-7211-48AC-AC5F-C36FB97C85A2}.Release|x64.Build.0 = Release|x64
		{11D1FEFC-6EC3-461D-9DDA-BFBD0AA80B69}.Debug|Win32.ActiveCfg = Debug|Win32
		{11D1FEFC-6EC3-461D-9DDA-BFBD0AA80B69}.Debug|Win32.Build.0 = Debug|Win32
		{11D1FEFC-6EC3-461D-9DDA-BFBD0AA80B69}.Debug|x64.ActiveCfg = Debug|x64
		{11D1FEFC-6EC3-461D-9DDA-BFBD0AA80B69}.Debug|x64.Build.0 = Debug|x64
		{11D1FEFC-6EC3-461D-9DDA-BFBD0AA80B69}.Release|Win32.ActiveCfg = Release|Win32
		{11D1FEFC-6EC3-461D-9DDA-BFBD0AA80B69}.Release|Win32.Build.0 = Release|Win32
		{11D1FEFC-6EC3-461D-9DDA-BFBD0AA80B69}.Release|x64.ActiveCfg = Release|x64
		{11D1FEFC-6EC3-461D-9DDA-BFBD0AA80B69}.Release|x64.Build.0 = Release|x64
		{8F4F6AE1-B308-4C7F-81FC-4CDDD2302C95}.Debug|Win32.ActiveCfg = Debug|Win32
		{8F4F6AE1-B308-4C7F-81FC-4CDDD2302C95}.Debug|Win32.Build.0 = Debug|Win32
		{8F4F6AE1-B308-4C7F-81FC-4CDDD2302C95}.Debug|x64.ActiveCfg = Debug|x64
		{8F4F6AE1-B308-4C7F-81FC-4CDDD2302C95}.Debug|x64.Build.0 = Debug|x64
		{8F4F6AE1-B308-4C7F-81FC-4CDDD2302C95}.Release|Win32.ActiveCfg = Release|Win32
		{8F4F6AE1-B308-4C7F-81FC-4CDDD2302C95}.Release|Win32.Build.0 = Release|Win32
		{8F4F6AE1-B308-4C7F-81FC-4CDDD2302C95}.Release|x64.ActiveCfg = Release|x64
		{8F4F6AE1-B308-4C7F-81FC-4CDDD2302C95}.Release|x64.Build.0 = Release|x64
		{890F0F44-0A41-45FD-B630-32363F058052}.Debug|Win32.ActiveCfg = Debug|Win32
		{890F0F44-0A41-45FD-B630-32363F058052}.Debug|Win32.Build.0 = Debug|Win32
		{890F0F44-0A41-45FD-B630-32363F058052}.Debug|x64.ActiveCfg = Debug|x64
		{890F0F44-0A41-45FD-B630-32363F058052}.Debug|x64.Build.0 = Debug|x64
		{890F0F44-0A41-45FD-B630-32363F058052}.Release|Win32.ActiveCfg = Release|Win32
		{890F0F44-0A41-45FD-B630-32363F058052}.Release|Win32.Build.0 = Release|Win32
		{890F0F44-0A41-45FD-B630-32363F058052}.Release|x64.ActiveCfg = Release|x64
		{890F0F44-0A41-45FD-B630-32363F058052}.Release|x64.Build.0 = Release|x64
		{768EB97B-424B-407E-B52C-B66465E9D169}.Debug|Win32.ActiveCfg = Debug|Win32
		{768EB97B-424B-407E-B52C-B66465E9D169}.Debug|Win32.Build.0 = Debug|Win32
		{768EB97B-424B-407E-B52C-B66465E9D169}.Debug|x64.ActiveCfg = Debug|x64
		{768EB97B-424B-407E-B52C-B66465E9D169}.Debug|x64.Build.0 = Debug|x64
		{768EB97B-424B-407E-B52C-B66465E9D169}.Release|Win32.ActiveCfg = Release|Win32
		{768EB97B-424B-407E-B52C-B66465E9D169}.Release|Win32.Build.0 = Release|Win32
		{768EB97B-424B-407E-B52C-B66465E9D169}.Release|x64.ActiveCfg = Release|x64
		{768EB97B-424B-407E-B52C-B66465E9D169}.Release|x64.Build.0 = Release|x64
	EndGlobalSection
	GlobalSection(SolutionProperties) = preSolution
		HideSolutionNode = FALSE
	EndGlobalSection
	GlobalSection(NestedProjects) = preSolution
		{768EB97B-424B-407E-B52C-B66465E9D169} = {99C5096C-2C2E-46D8-A1D5-6B79AAE32303}
	EndGlobalSection
	GlobalSection(ExtensibilityGlobals) = postSolution
		SolutionGuid = {07DC6F38-FBD1-4C75-B0E6-2249E585A95D}
	EndGlobalSection
EndGlobal
