<?xml version="1.0" encoding="utf-8"?>
<Project ToolsVersion="4.0" xmlns="http://schemas.microsoft.com/developer/msbuild/2003">
  <ItemGroup>
    <Filter Include="User Menu">
      <UniqueIdentifier>{9ac656bd-c11c-4483-8b88-d88d8e6c617b}</UniqueIdentifier>
    </Filter>
    <Filter Include="User Menu\Resource Files">
      <UniqueIdentifier>{8b89c15e-a9b8-492f-9de2-300059b1a186}</UniqueIdentifier>
    </Filter>
    <Filter Include="Debugger">
      <UniqueIdentifier>{c95b6c67-8f65-4d78-8bdb-57536346d5ec}</UniqueIdentifier>
    </Filter>
  </ItemGroup>
  <ItemGroup>
    <ClCompile Include="SRC\UserMenu\UserAbout.cpp">
      <Filter>User Menu</Filter>
    </ClCompile>
    <ClCompile Include="SRC\UserMenu\UserConfig.cpp">
      <Filter>User Menu</Filter>
    </ClCompile>
    <ClCompile Include="SRC\UserMenu\UserFile.cpp">
      <Filter>User Menu</Filter>
    </ClCompile>
    <ClCompile Include="SRC\UserMenu\UserFonts.cpp">
      <Filter>User Menu</Filter>
    </ClCompile>
    <ClCompile Include="SRC\UserMenu\UserMain.cpp">
      <Filter>User Menu</Filter>
    </ClCompile>
    <ClCompile Include="SRC\UserMenu\UserMemcards.cpp">
      <Filter>User Menu</Filter>
    </ClCompile>
    <ClCompile Include="SRC\UserMenu\UserProfiler.cpp">
      <Filter>User Menu</Filter>
    </ClCompile>
    <ClCompile Include="SRC\UserMenu\UserSelector.cpp">
      <Filter>User Menu</Filter>
    </ClCompile>
    <ClCompile Include="SRC\UserMenu\UserSettings.cpp">
      <Filter>User Menu</Filter>
    </ClCompile>
    <ClCompile Include="SRC\UserMenu\UserWindow.cpp">
      <Filter>User Menu</Filter>
    </ClCompile>
    <ClCompile Include="SRC\Debugger\break.cpp">
      <Filter>Debugger</Filter>
    </ClCompile>
    <ClCompile Include="SRC\Debugger\cmd.cpp">
      <Filter>Debugger</Filter>
    </ClCompile>
    <ClCompile Include="SRC\Debugger\console.cpp">
      <Filter>Debugger</Filter>
    </ClCompile>
    <ClCompile Include="SRC\Debugger\cpuview.cpp">
      <Filter>Debugger</Filter>
    </ClCompile>
    <ClCompile Include="SRC\Debugger\Debugger.cpp">
      <Filter>Debugger</Filter>
    </ClCompile>
    <ClCompile Include="SRC\Debugger\GekkoDisasm.cpp">
      <Filter>Debugger</Filter>
    </ClCompile>
    <ClCompile Include="SRC\Debugger\input.cpp">
      <Filter>Debugger</Filter>
    </ClCompile>
    <ClCompile Include="SRC\Debugger\memview.cpp">
      <Filter>Debugger</Filter>
    </ClCompile>
    <ClCompile Include="SRC\Debugger\output.cpp">
      <Filter>Debugger</Filter>
    </ClCompile>
    <ClCompile Include="SRC\Debugger\regs.cpp">
      <Filter>Debugger</Filter>
    </ClCompile>
    <ClCompile Include="SRC\UserMenu\DVDBanner.cpp">
      <Filter>User Menu</Filter>
    </ClCompile>
    <ClCompile Include="SRC\UserMenu\Loader.cpp">
      <Filter>User Menu</Filter>
    </ClCompile>
    <ClCompile Include="SRC\UserMenu\Emulator.cpp">
      <Filter>User Menu</Filter>
    </ClCompile>
    <ClCompile Include="SRC\Debugger\DspDisasm.cpp">
      <Filter>Debugger</Filter>
    </ClCompile>
  </ItemGroup>
  <ItemGroup>
    <ClInclude Include="SRC\UserMenu\User.h">
      <Filter>User Menu</Filter>
    </ClInclude>
    <ClInclude Include="SRC\UserMenu\UserAbout.h">
      <Filter>User Menu</Filter>
    </ClInclude>
    <ClInclude Include="SRC\UserMenu\UserConfig.h">
      <Filter>User Menu</Filter>
    </ClInclude>
    <ClInclude Include="SRC\UserMenu\UserFile.h">
      <Filter>User Menu</Filter>
    </ClInclude>
    <ClInclude Include="SRC\UserMenu\UserFonts.h">
      <Filter>User Menu</Filter>
    </ClInclude>
    <ClInclude Include="SRC\UserMenu\UserMain.h">
      <Filter>User Menu</Filter>
    </ClInclude>
    <ClInclude Include="SRC\UserMenu\UserMemcards.h">
      <Filter>User Menu</Filter>
    </ClInclude>
    <ClInclude Include="SRC\UserMenu\UserProfiler.h">
      <Filter>User Menu</Filter>
    </ClInclude>
    <ClInclude Include="SRC\UserMenu\UserSelector.h">
      <Filter>User Menu</Filter>
    </ClInclude>
    <ClInclude Include="SRC\UserMenu\UserSettings.h">
      <Filter>User Menu</Filter>
    </ClInclude>
    <ClInclude Include="SRC\UserMenu\UserWindow.h">
      <Filter>User Menu</Filter>
    </ClInclude>
    <ClInclude Include="RES\resource.h">
      <Filter>User Menu\Resource Files</Filter>
    </ClInclude>
    <ClInclude Include="SRC\dolphin.h" />
    <ClInclude Include="SRC\Debugger\break.h">
      <Filter>Debugger</Filter>
    </ClInclude>
    <ClInclude Include="SRC\Debugger\cmd.h">
      <Filter>Debugger</Filter>
    </ClInclude>
    <ClInclude Include="SRC\Debugger\console.h">
      <Filter>Debugger</Filter>
    </ClInclude>
    <ClInclude Include="SRC\Debugger\cpuview.h">
      <Filter>Debugger</Filter>
    </ClInclude>
    <ClInclude Include="SRC\Debugger\Debugger.h">
      <Filter>Debugger</Filter>
    </ClInclude>
    <ClInclude Include="SRC\Debugger\GekkoDisasm.h">
      <Filter>Debugger</Filter>
    </ClInclude>
    <ClInclude Include="SRC\Debugger\input.h">
      <Filter>Debugger</Filter>
    </ClInclude>
    <ClInclude Include="SRC\Debugger\memview.h">
      <Filter>Debugger</Filter>
    </ClInclude>
    <ClInclude Include="SRC\Debugger\output.h">
      <Filter>Debugger</Filter>
    </ClInclude>
    <ClInclude Include="SRC\Debugger\regs.h">
      <Filter>Debugger</Filter>
    </ClInclude>
    <ClInclude Include="SRC\UserMenu\SjisTable.h">
      <Filter>User Menu</Filter>
    </ClInclude>
    <ClInclude Include="SRC\UserMenu\DVDBanner.h">
      <Filter>User Menu</Filter>
    </ClInclude>
    <ClInclude Include="SRC\UserMenu\nobanner.h">
      <Filter>User Menu</Filter>
    </ClInclude>
    <ClInclude Include="SRC\UserMenu\Loader.h">
      <Filter>User Menu</Filter>
    </ClInclude>
    <ClInclude Include="SRC\UserMenu\Emulator.h">
      <Filter>User Menu</Filter>
    </ClInclude>
    <ClInclude Include="SRC\Debugger\DspDisasm.h">
      <Filter>Debugger</Filter>
    </ClInclude>
  </ItemGroup>
  <ItemGroup>
    <Image Include="RES\Dolwin.ico">
      <Filter>User Menu\Resource Files</Filter>
    </Image>
    <Image Include="RES\GCN.ico">
      <Filter>User Menu\Resource Files</Filter>
    </Image>
    <Image Include="RES\GCN_sm.ico">
      <Filter>User Menu\Resource Files</Filter>
    </Image>
    <Image Include="RES\moreicon1.ico">
      <Filter>User Menu\Resource Files</Filter>
    </Image>
    <Image Include="RES\moreicon2.ico">
      <Filter>User Menu\Resource Files</Filter>
    </Image>
    <Image Include="RES\moreicon3.ico">
      <Filter>User Menu\Resource Files</Filter>
    </Image>
    <Image Include="RES\moreicon4.ico">
      <Filter>User Menu\Resource Files</Filter>
    </Image>
    <Image Include="RES\moreicon5.ico">
      <Filter>User Menu\Resource Files</Filter>
    </Image>
    <Image Include="RES\moreicon6.ico">
      <Filter>User Menu\Resource Files</Filter>
    </Image>
    <Image Include="RES\padArrows.bmp">
      <Filter>User Menu\Resource Files</Filter>
    </Image>
    <Image Include="RES\padButtons.bmp">
      <Filter>User Menu\Resource Files</Filter>
    </Image>
    <Image Include="RES\padStart.bmp">
      <Filter>User Menu\Resource Files</Filter>
    </Image>
    <Image Include="RES\padStick.bmp">
      <Filter>User Menu\Resource Files</Filter>
    </Image>
    <Image Include="RES\padSubStick.bmp">
      <Filter>User Menu\Resource Files</Filter>
    </Image>
    <Image Include="RES\padTriggerL.bmp">
      <Filter>User Menu\Resource Files</Filter>
    </Image>
    <Image Include="RES\padTriggerR.bmp">
      <Filter>User Menu\Resource Files</Filter>
    </Image>
  </ItemGroup>
  <ItemGroup>
    <ResourceCompile Include="RES\Dolwin.rc">
      <Filter>User Menu\Resource Files</Filter>
    </ResourceCompile>
  </ItemGroup>
  <ItemGroup>
    <None Include="README.md" />
  </ItemGroup>
</Project>