Microsoft Visual Studio Solution File, Format Version 7.00
Project("{8BC9CEB8-8B4A-11D0-8D11-00A0C91BC942}") = "DVD", "DVD\DVD.vcproj", "{A995D286-033C-4EED-B171-6CE61D28C88F}"
EndProject
Project("{8BC9CEB8-8B4A-11D0-8D11-00A0C91BC942}") = "Dolwin", "Dolwin.vcproj", "{890F0F44-0A41-45FD-B630-32363F058052}"
EndProject
Project("{8BC9CEB8-8B4A-11D0-8D11-00A0C91BC942}") = "GCMCMPR", "GCMCMPR\GCMCMPR.vcproj", "{BDDE7AAA-BC75-4846-ABC0-E8DA96E23897}"
EndProject
Project("{8BC9CEB8-8B4A-11D0-8D11-00A0C91BC942}") = "PAD", "PAD\PAD.vcproj", "{5EE55A55-7211-48AC-AC5F-C36FB97C85A2}"
EndProject
Global
	GlobalSection(SolutionConfiguration) = preSolution
		ConfigName.0 = Debug
		ConfigName.1 = Release
	EndGlobalSection
	GlobalSection(ProjectDependencies) = postSolution
		{890F0F44-0A41-45FD-B630-32363F058052}.0 = {5EE55A55-7211-48AC-AC5F-C36FB97C85A2}
		{890F0F44-0A41-45FD-B630-32363F058052}.1 = {BDDE7AAA-BC75-4846-ABC0-E8DA96E23897}
		{890F0F44-0A41-45FD-B630-32363F058052}.2 = {A995D286-033C-4EED-B171-6CE61D28C88F}
	EndGlobalSection
	GlobalSection(ProjectConfiguration) = postSolution
		{A995D286-033C-4EED-B171-6CE61D28C88F}.Debug.ActiveCfg = Debug|Win32
		{A995D286-033C-4EED-B171-6CE61D28C88F}.Debug.Build.0 = Debug|Win32
		{A995D286-033C-4EED-B171-6CE61D28C88F}.Release.ActiveCfg = Release|Win32
		{A995D286-033C-4EED-B171-6CE61D28C88F}.Release.Build.0 = Release|Win32
		{890F0F44-0A41-45FD-B630-32363F058052}.Debug.ActiveCfg = Debug|Win32
		{890F0F44-0A41-45FD-B630-32363F058052}.Debug.Build.0 = Debug|Win32
		{890F0F44-0A41-45FD-B630-32363F058052}.Release.ActiveCfg = Release|Win32
		{890F0F44-0A41-45FD-B630-32363F058052}.Release.Build.0 = Release|Win32
		{BDDE7AAA-BC75-4846-ABC0-E8DA96E23897}.Debug.ActiveCfg = Debug|Win32
		{BDDE7AAA-BC75-4846-ABC0-E8DA96E23897}.Debug.Build.0 = Debug|Win32
		{BDDE7AAA-BC75-4846-ABC0-E8DA96E23897}.Release.ActiveCfg = Release|Win32
		{BDDE7AAA-BC75-4846-ABC0-E8DA96E23897}.Release.Build.0 = Release|Win32
		{5EE55A55-7211-48AC-AC5F-C36FB97C85A2}.Debug.ActiveCfg = Debug|Win32
		{5EE55A55-7211-48AC-AC5F-C36FB97C85A2}.Debug.Build.0 = Debug|Win32
		{5EE55A55-7211-48AC-AC5F-C36FB97C85A2}.Release.ActiveCfg = Release|Win32
		{5EE55A55-7211-48AC-AC5F-C36FB97C85A2}.Release.Build.0 = Release|Win32
	EndGlobalSection
	GlobalSection(ExtensibilityGlobals) = postSolution
	EndGlobalSection
	GlobalSection(ExtensibilityAddIns) = postSolution
	EndGlobalSection
EndGlobal
