<?xml version="1.0" encoding="utf-8"?>
<Project ToolsVersion="4.0" xmlns="http://schemas.microsoft.com/developer/msbuild/2003">
  <ItemGroup>
    <Filter Include="Source Files">
      <UniqueIdentifier>{8de7f425-bc1b-4b17-87fd-da84e5feb4a7}</UniqueIdentifier>
      <Extensions>cpp;c;cxx;r;odl;idl;hpj;bat</Extensions>
    </Filter>
    <Filter Include="Header Files">
      <UniqueIdentifier>{7e65415e-5be4-4306-918e-aa0efede25ce}</UniqueIdentifier>
      <Extensions>h;hpp;hxx;hm;inl</Extensions>
    </Filter>
    <Filter Include="Resource Files">
      <UniqueIdentifier>{88bf4260-7c1c-4fcc-88e0-306871c24932}</UniqueIdentifier>
      <Extensions>ico;cur;bmp;dlg;rc2;rct;bin;rgs;gif;jpg;jpeg;jpe;rc;def;</Extensions>
    </Filter>
  </ItemGroup>
  <ItemGroup>
    <ClCompile Include="SRC\Configure.cpp">
      <Filter>Source Files</Filter>
    </ClCompile>
    <ClCompile Include="SRC\PAD.cpp">
      <Filter>Source Files</Filter>
    </ClCompile>
  </ItemGroup>
  <ItemGroup>
    <ClInclude Include="SRC\Configure.h">
      <Filter>Header Files</Filter>
    </ClInclude>
    <ClInclude Include="SRC\PAD.h">
      <Filter>Header Files</Filter>
    </ClInclude>
    <ClInclude Include="RES\resource.h">
      <Filter>Resource Files</Filter>
    </ClInclude>
  </ItemGroup>
  <ItemGroup>
    <Image Include="RES\PAD.ico">
      <Filter>Resource Files</Filter>
    </Image>
    <Image Include="RES\padArrows.bmp">
      <Filter>Resource Files</Filter>
    </Image>
    <Image Include="RES\padButtons.bmp">
      <Filter>Resource Files</Filter>
    </Image>
    <Image Include="RES\padStart.bmp">
      <Filter>Resource Files</Filter>
    </Image>
    <Image Include="RES\padStick.bmp">
      <Filter>Resource Files</Filter>
    </Image>
    <Image Include="RES\padSubStick.bmp">
      <Filter>Resource Files</Filter>
    </Image>
    <Image Include="RES\padTriggerL.bmp">
      <Filter>Resource Files</Filter>
    </Image>
    <Image Include="RES\padTriggerR.bmp">
      <Filter>Resource Files</Filter>
    </Image>
  </ItemGroup>
  <ItemGroup>
    <ResourceCompile Include="RES\PAD.rc">
      <Filter>Resource Files</Filter>
    </ResourceCompile>
  </ItemGroup>
</Project>