
Microsoft Visual Studio Solution File, Format Version 12.00
# Visual Studio Version 16
VisualStudioVersion = 16.0.29806.167
MinimumVisualStudioVersion = 10.0.40219.1
Project("{FAE04EC0-301F-11D3-BF4B-00C04F79EFBC}") = "ManagedConsoleDemo", "ManagedConsoleDemo.csproj", "{4AA3DD4C-B323-4805-8A39-0ACB1106D97F}"
EndProject
Project("{9A19103F-16F7-4668-BE54-9A1E7A4F7556}") = "ManagedConsole", "..\ManagedConsole\ManagedConsole.csproj", "{9A26120D-3056-48A5-A4CE-831C17F64131}"
EndProject
Global
	GlobalSection(SolutionConfigurationPlatforms) = preSolution
		Debug|Any CPU = Debug|Any CPU
		Release|Any CPU = Release|Any CPU
	EndGlobalSection
	GlobalSection(ProjectConfigurationPlatforms) = postSolution
		{4AA3DD4C-B323-4805-8A39-0ACB1106D97F}.Debug|Any CPU.ActiveCfg = Debug|Any CPU
		{4AA3DD4C-B323-4805-8A39-0ACB1106D97F}.Debug|Any CPU.Build.0 = Debug|Any CPU
		{4AA3DD4C-B323-4805-8A39-0ACB1106D97F}.Release|Any CPU.ActiveCfg = Release|Any CPU
		{4AA3DD4C-B323-4805-8A39-0ACB1106D97F}.Release|Any CPU.Build.0 = Release|Any CPU
		{9A26120D-3056-48A5-A4CE-831C17F64131}.Debug|Any CPU.ActiveCfg = Debug|Any CPU
		{9A26120D-3056-48A5-A4CE-831C17F64131}.Debug|Any CPU.Build.0 = Debug|Any CPU
		{9A26120D-3056-48A5-A4CE-831C17F64131}.Release|Any CPU.ActiveCfg = Release|Any CPU
		{9A26120D-3056-48A5-A4CE-831C17F64131}.Release|Any CPU.Build.0 = Release|Any CPU
	EndGlobalSection
	GlobalSection(SolutionProperties) = preSolution
		HideSolutionNode = FALSE
	EndGlobalSection
	GlobalSection(ExtensibilityGlobals) = postSolution
		SolutionGuid = {82D218EC-2EF7-4D32-8690-F347D4F72BB7}
	EndGlobalSection
EndGlobal
