
Microsoft Visual Studio Solution File, Format Version 12.00
# Visual Studio Version 16
VisualStudioVersion = 16.0.29920.165
MinimumVisualStudioVersion = 10.0.40219.1
Project("{8BC9CEB8-8B4A-11D0-8D11-00A0C91BC942}") = "JsonDemo", "JsonDemo.vcxproj", "{682D5988-53FC-4F3E-9E84-4CE840FE2F41}"
EndProject
Project("{8BC9CEB8-8B4A-11D0-8D11-00A0C91BC942}") = "Common", "..\..\SRC\Common\Scripts\VS2019\Common.vcxproj", "{8F4F6AE1-B308-4C7F-81FC-4CDDD2302C95}"
EndProject
Global
	GlobalSection(SolutionConfigurationPlatforms) = preSolution
		Debug|x64 = Debug|x64
		Debug|x86 = Debug|x86
		Release|x64 = Release|x64
		Release|x86 = Release|x86
	EndGlobalSection
	GlobalSection(ProjectConfigurationPlatforms) = postSolution
		{682D5988-53FC-4F3E-9E84-4CE840FE2F41}.Debug|x64.ActiveCfg = Debug|x64
		{682D5988-53FC-4F3E-9E84-4CE840FE2F41}.Debug|x64.Build.0 = Debug|x64
		{682D5988-53FC-4F3E-9E84-4CE840FE2F41}.Debug|x86.ActiveCfg = Debug|Win32
		{682D5988-53FC-4F3E-9E84-4CE840FE2F41}.Debug|x86.Build.0 = Debug|Win32
		{682D5988-53FC-4F3E-9E84-4CE840FE2F41}.Release|x64.ActiveCfg = Release|x64
		{682D5988-53FC-4F3E-9E84-4CE840FE2F41}.Release|x64.Build.0 = Release|x64
		{682D5988-53FC-4F3E-9E84-4CE840FE2F41}.Release|x86.ActiveCfg = Release|Win32
		{682D5988-53FC-4F3E-9E84-4CE840FE2F41}.Release|x86.Build.0 = Release|Win32
		{8F4F6AE1-B308-4C7F-81FC-4CDDD2302C95}.Debug|x64.ActiveCfg = Debug|x64
		{8F4F6AE1-B308-4C7F-81FC-4CDDD2302C95}.Debug|x64.Build.0 = Debug|x64
		{8F4F6AE1-B308-4C7F-81FC-4CDDD2302C95}.Debug|x86.ActiveCfg = Debug|Win32
		{8F4F6AE1-B308-4C7F-81FC-4CDDD2302C95}.Debug|x86.Build.0 = Debug|Win32
		{8F4F6AE1-B308-4C7F-81FC-4CDDD2302C95}.Release|x64.ActiveCfg = Release|x64
		{8F4F6AE1-B308-4C7F-81FC-4CDDD2302C95}.Release|x64.Build.0 = Release|x64
		{8F4F6AE1-B308-4C7F-81FC-4CDDD2302C95}.Release|x86.ActiveCfg = Release|Win32
		{8F4F6AE1-B308-4C7F-81FC-4CDDD2302C95}.Release|x86.Build.0 = Release|Win32
	EndGlobalSection
	GlobalSection(SolutionProperties) = preSolution
		HideSolutionNode = FALSE
	EndGlobalSection
	GlobalSection(ExtensibilityGlobals) = postSolution
		SolutionGuid = {C31E8312-5F26-4C17-BBF3-1841F04B994D}
	EndGlobalSection
EndGlobal
