
Microsoft Visual Studio Solution File, Format Version 12.00
# Visual Studio Version 16
VisualStudioVersion = 16.0.29806.167
MinimumVisualStudioVersion = 10.0.40219.1
Project("{FAE04EC0-301F-11D3-BF4B-00C04F79EFBC}") = "ManagedUi", "ManagedUi.csproj", "{6B631ECF-91F9-4D6A-BD47-495ED06E3084}"
EndProject
Project("{8BC9CEB8-8B4A-11D0-8D11-00A0C91BC942}") = "DolwinNative", "..\DolwinNative\DolwinNative.vcxproj", "{A976AC5E-46E0-42D6-9732-6A016A6A3BB2}"
EndProject
Project("{8BC9CEB8-8B4A-11D0-8D11-00A0C91BC942}") = "GekkoCore", "..\..\SRC\Core\GekkoCore\GekkoCore.vcxproj", "{289C41EF-117B-478C-A3F6-84906E88209E}"
EndProject
Project("{8BC9CEB8-8B4A-11D0-8D11-00A0C91BC942}") = "GCNHardware", "..\..\SRC\Hardware\GCNHardware\GCNHardware.vcxproj", "{C43F1C9F-177B-46A8-BE31-08189D25AD43}"
EndProject
Project("{8BC9CEB8-8B4A-11D0-8D11-00A0C91BC942}") = "GCNHighLevel", "..\..\SRC\HighLevel\GCNHighLevel\GCNHighLevel.vcxproj", "{8B3F4ADC-DC10-442C-BBBA-8C5BA201FDBC}"
EndProject
Project("{8BC9CEB8-8B4A-11D0-8D11-00A0C91BC942}") = "DolwinVideo", "..\..\DolwinVideo\DolwinVideo.vcxproj", "{11D1FEFC-6EC3-461D-9DDA-BFBD0AA80B69}"
EndProject
Project("{8BC9CEB8-8B4A-11D0-8D11-00A0C91BC942}") = "DVD", "..\..\DVD\DVD.vcxproj", "{A995D286-033C-4EED-B171-6CE61D28C88F}"
EndProject
Global
	GlobalSection(SolutionConfigurationPlatforms) = preSolution
		Debug|Any CPU = Debug|Any CPU
		Debug|x64 = Debug|x64
		Debug|x86 = Debug|x86
		Release|Any CPU = Release|Any CPU
		Release|x64 = Release|x64
		Release|x86 = Release|x86
	EndGlobalSection
	GlobalSection(ProjectConfigurationPlatforms) = postSolution
		{6B631ECF-91F9-4D6A-BD47-495ED06E3084}.Debug|Any CPU.ActiveCfg = Debug|Any CPU
		{6B631ECF-91F9-4D6A-BD47-495ED06E3084}.Debug|Any CPU.Build.0 = Debug|Any CPU
		{6B631ECF-91F9-4D6A-BD47-495ED06E3084}.Debug|x64.ActiveCfg = Debug|x64
		{6B631ECF-91F9-4D6A-BD47-495ED06E3084}.Debug|x64.Build.0 = Debug|x64
		{6B631ECF-91F9-4D6A-BD47-495ED06E3084}.Debug|x86.ActiveCfg = Debug|x86
		{6B631ECF-91F9-4D6A-BD47-495ED06E3084}.Debug|x86.Build.0 = Debug|x86
		{6B631ECF-91F9-4D6A-BD47-495ED06E3084}.Release|Any CPU.ActiveCfg = Release|Any CPU
		{6B631ECF-91F9-4D6A-BD47-495ED06E3084}.Release|Any CPU.Build.0 = Release|Any CPU
		{6B631ECF-91F9-4D6A-BD47-495ED06E3084}.Release|x64.ActiveCfg = Release|x64
		{6B631ECF-91F9-4D6A-BD47-495ED06E3084}.Release|x64.Build.0 = Release|x64
		{6B631ECF-91F9-4D6A-BD47-495ED06E3084}.Release|x86.ActiveCfg = Release|x86
		{6B631ECF-91F9-4D6A-BD47-495ED06E3084}.Release|x86.Build.0 = Release|x86
		{A976AC5E-46E0-42D6-9732-6A016A6A3BB2}.Debug|Any CPU.ActiveCfg = Debug|Win32
		{A976AC5E-46E0-42D6-9732-6A016A6A3BB2}.Debug|x64.ActiveCfg = Debug|x64
		{A976AC5E-46E0-42D6-9732-6A016A6A3BB2}.Debug|x64.Build.0 = Debug|x64
		{A976AC5E-46E0-42D6-9732-6A016A6A3BB2}.Debug|x86.ActiveCfg = Debug|Win32
		{A976AC5E-46E0-42D6-9732-6A016A6A3BB2}.Debug|x86.Build.0 = Debug|Win32
		{A976AC5E-46E0-42D6-9732-6A016A6A3BB2}.Release|Any CPU.ActiveCfg = Release|Win32
		{A976AC5E-46E0-42D6-9732-6A016A6A3BB2}.Release|x64.ActiveCfg = Release|x64
		{A976AC5E-46E0-42D6-9732-6A016A6A3BB2}.Release|x64.Build.0 = Release|x64
		{A976AC5E-46E0-42D6-9732-6A016A6A3BB2}.Release|x86.ActiveCfg = Release|Win32
		{A976AC5E-46E0-42D6-9732-6A016A6A3BB2}.Release|x86.Build.0 = Release|Win32
		{289C41EF-117B-478C-A3F6-84906E88209E}.Debug|Any CPU.ActiveCfg = Debug|Win32
		{289C41EF-117B-478C-A3F6-84906E88209E}.Debug|x64.ActiveCfg = Debug|x64
		{289C41EF-117B-478C-A3F6-84906E88209E}.Debug|x64.Build.0 = Debug|x64
		{289C41EF-117B-478C-A3F6-84906E88209E}.Debug|x86.ActiveCfg = Debug|Win32
		{289C41EF-117B-478C-A3F6-84906E88209E}.Debug|x86.Build.0 = Debug|Win32
		{289C41EF-117B-478C-A3F6-84906E88209E}.Release|Any CPU.ActiveCfg = Release|Win32
		{289C41EF-117B-478C-A3F6-84906E88209E}.Release|x64.ActiveCfg = Release|x64
		{289C41EF-117B-478C-A3F6-84906E88209E}.Release|x64.Build.0 = Release|x64
		{289C41EF-117B-478C-A3F6-84906E88209E}.Release|x86.ActiveCfg = Release|Win32
		{289C41EF-117B-478C-A3F6-84906E88209E}.Release|x86.Build.0 = Release|Win32
		{C43F1C9F-177B-46A8-BE31-08189D25AD43}.Debug|Any CPU.ActiveCfg = Debug|Win32
		{C43F1C9F-177B-46A8-BE31-08189D25AD43}.Debug|x64.ActiveCfg = Debug|x64
		{C43F1C9F-177B-46A8-BE31-08189D25AD43}.Debug|x64.Build.0 = Debug|x64
		{C43F1C9F-177B-46A8-BE31-08189D25AD43}.Debug|x86.ActiveCfg = Debug|Win32
		{C43F1C9F-177B-46A8-BE31-08189D25AD43}.Debug|x86.Build.0 = Debug|Win32
		{C43F1C9F-177B-46A8-BE31-08189D25AD43}.Release|Any CPU.ActiveCfg = Release|Win32
		{C43F1C9F-177B-46A8-BE31-08189D25AD43}.Release|x64.ActiveCfg = Release|x64
		{C43F1C9F-177B-46A8-BE31-08189D25AD43}.Release|x64.Build.0 = Release|x64
		{C43F1C9F-177B-46A8-BE31-08189D25AD43}.Release|x86.ActiveCfg = Release|Win32
		{C43F1C9F-177B-46A8-BE31-08189D25AD43}.Release|x86.Build.0 = Release|Win32
		{8B3F4ADC-DC10-442C-BBBA-8C5BA201FDBC}.Debug|Any CPU.ActiveCfg = Debug|Win32
		{8B3F4ADC-DC10-442C-BBBA-8C5BA201FDBC}.Debug|x64.ActiveCfg = Debug|x64
		{8B3F4ADC-DC10-442C-BBBA-8C5BA201FDBC}.Debug|x64.Build.0 = Debug|x64
		{8B3F4ADC-DC10-442C-BBBA-8C5BA201FDBC}.Debug|x86.ActiveCfg = Debug|Win32
		{8B3F4ADC-DC10-442C-BBBA-8C5BA201FDBC}.Debug|x86.Build.0 = Debug|Win32
		{8B3F4ADC-DC10-442C-BBBA-8C5BA201FDBC}.Release|Any CPU.ActiveCfg = Release|Win32
		{8B3F4ADC-DC10-442C-BBBA-8C5BA201FDBC}.Release|x64.ActiveCfg = Release|x64
		{8B3F4ADC-DC10-442C-BBBA-8C5BA201FDBC}.Release|x64.Build.0 = Release|x64
		{8B3F4ADC-DC10-442C-BBBA-8C5BA201FDBC}.Release|x86.ActiveCfg = Release|Win32
		{8B3F4ADC-DC10-442C-BBBA-8C5BA201FDBC}.Release|x86.Build.0 = Release|Win32
		{11D1FEFC-6EC3-461D-9DDA-BFBD0AA80B69}.Debug|Any CPU.ActiveCfg = Debug|Win32
		{11D1FEFC-6EC3-461D-9DDA-BFBD0AA80B69}.Debug|x64.ActiveCfg = Debug|x64
		{11D1FEFC-6EC3-461D-9DDA-BFBD0AA80B69}.Debug|x64.Build.0 = Debug|x64
		{11D1FEFC-6EC3-461D-9DDA-BFBD0AA80B69}.Debug|x86.ActiveCfg = Debug|Win32
		{11D1FEFC-6EC3-461D-9DDA-BFBD0AA80B69}.Debug|x86.Build.0 = Debug|Win32
		{11D1FEFC-6EC3-461D-9DDA-BFBD0AA80B69}.Release|Any CPU.ActiveCfg = Release|Win32
		{11D1FEFC-6EC3-461D-9DDA-BFBD0AA80B69}.Release|x64.ActiveCfg = Release|x64
		{11D1FEFC-6EC3-461D-9DDA-BFBD0AA80B69}.Release|x64.Build.0 = Release|x64
		{11D1FEFC-6EC3-461D-9DDA-BFBD0AA80B69}.Release|x86.ActiveCfg = Release|Win32
		{11D1FEFC-6EC3-461D-9DDA-BFBD0AA80B69}.Release|x86.Build.0 = Release|Win32
		{A995D286-033C-4EED-B171-6CE61D28C88F}.Debug|Any CPU.ActiveCfg = Debug|Win32
		{A995D286-033C-4EED-B171-6CE61D28C88F}.Debug|x64.ActiveCfg = Debug|x64
		{A995D286-033C-4EED-B171-6CE61D28C88F}.Debug|x64.Build.0 = Debug|x64
		{A995D286-033C-4EED-B171-6CE61D28C88F}.Debug|x86.ActiveCfg = Debug|Win32
		{A995D286-033C-4EED-B171-6CE61D28C88F}.Debug|x86.Build.0 = Debug|Win32
		{A995D286-033C-4EED-B171-6CE61D28C88F}.Release|Any CPU.ActiveCfg = Release|Win32
		{A995D286-033C-4EED-B171-6CE61D28C88F}.Release|x64.ActiveCfg = Release|x64
		{A995D286-033C-4EED-B171-6CE61D28C88F}.Release|x64.Build.0 = Release|x64
		{A995D286-033C-4EED-B171-6CE61D28C88F}.Release|x86.ActiveCfg = Release|Win32
		{A995D286-033C-4EED-B171-6CE61D28C88F}.Release|x86.Build.0 = Release|Win32
	EndGlobalSection
	GlobalSection(SolutionProperties) = preSolution
		HideSolutionNode = FALSE
	EndGlobalSection
	GlobalSection(ExtensibilityGlobals) = postSolution
		SolutionGuid = {07409523-E5BC-44C8-A449-91ADA14F57FF}
	EndGlobalSection
EndGlobal
