
Microsoft Visual Studio Solution File, Format Version 12.00
# Visual Studio Version 16
VisualStudioVersion = 16.0.30011.22
MinimumVisualStudioVersion = 10.0.40219.1
Project("{FAE04EC0-301F-11D3-BF4B-00C04F79EFBC}") = "SamplingProfiler", "SamplingProfiler.csproj", "{FE582DAD-B27F-4476-B4CC-B9EA49096002}"
EndProject
Project("{8BC9CEB8-8B4A-11D0-8D11-00A0C91BC942}") = "DolwinNative", "..\DolwinNative\DolwinNative.vcxproj", "{A976AC5E-46E0-42D6-9732-6A016A6A3BB2}"
EndProject
Project("{2150E333-8FDC-42A3-9474-1A3956D46DE8}") = "NativeLayer", "NativeLayer", "{E9BEA101-3DF0-4611-A3FD-0D0A3F49E5DA}"
EndProject
Project("{8BC9CEB8-8B4A-11D0-8D11-00A0C91BC942}") = "Common", "..\..\SRC\Common\Scripts\Common.vcxproj", "{8F4F6AE1-B308-4C7F-81FC-4CDDD2302C95}"
EndProject
Project("{8BC9CEB8-8B4A-11D0-8D11-00A0C91BC942}") = "GekkoCore", "..\..\SRC\Core\Scripts\GekkoCore.vcxproj", "{289C41EF-117B-478C-A3F6-84906E88209E}"
EndProject
Project("{8BC9CEB8-8B4A-11D0-8D11-00A0C91BC942}") = "Debugger", "..\..\SRC\Debugger\Scripts\Debugger.vcxproj", "{7FC22F72-A07B-404A-BCE4-7A950EA3C44B}"
EndProject
Project("{8BC9CEB8-8B4A-11D0-8D11-00A0C91BC942}") = "DolwinVideo", "..\..\SRC\DolwinVideo\Scripts\DolwinVideo.vcxproj", "{11D1FEFC-6EC3-461D-9DDA-BFBD0AA80B69}"
EndProject
Project("{8BC9CEB8-8B4A-11D0-8D11-00A0C91BC942}") = "DSP", "..\..\SRC\DSP\Scripts\DSP.vcxproj", "{0336D67C-249D-4C48-BD80-8E05CE711A58}"
EndProject
Project("{8BC9CEB8-8B4A-11D0-8D11-00A0C91BC942}") = "DVD", "..\..\SRC\DVD\Scripts\DVD.vcxproj", "{A995D286-033C-4EED-B171-6CE61D28C88F}"
EndProject
Project("{8BC9CEB8-8B4A-11D0-8D11-00A0C91BC942}") = "GCNHardware", "..\..\SRC\Hardware\Scripts\GCNHardware.vcxproj", "{C43F1C9F-177B-46A8-BE31-08189D25AD43}"
EndProject
Project("{8BC9CEB8-8B4A-11D0-8D11-00A0C91BC942}") = "GCNHighLevel", "..\..\SRC\HighLevel\Scripts\GCNHighLevel.vcxproj", "{8B3F4ADC-DC10-442C-BBBA-8C5BA201FDBC}"
EndProject
Project("{8BC9CEB8-8B4A-11D0-8D11-00A0C91BC942}") = "PAD", "..\..\SRC\PAD\Scripts\PAD.vcxproj", "{5EE55A55-7211-48AC-AC5F-C36FB97C85A2}"
EndProject
Project("{8BC9CEB8-8B4A-11D0-8D11-00A0C91BC942}") = "UI", "..\..\SRC\UI\Scripts\UI.vcxproj", "{31B0B5F5-2A81-4E71-8D3A-50AA859AE991}"
EndProject
Project("{8BC9CEB8-8B4A-11D0-8D11-00A0C91BC942}") = "DolwinEmu", "..\..\SRC\Dolwin\Scripts\DolwinEmu.vcxproj", "{6BE86DCE-EC88-4113-9E7B-22B6EF50FDFC}"
EndProject
Global
	GlobalSection(SolutionConfigurationPlatforms) = preSolution
		Debug|Any CPU = Debug|Any CPU
		Debug|x64 = Debug|x64
		Debug|x86 = Debug|x86
		Release|Any CPU = Release|Any CPU
		Release|x64 = Release|x64
		Release|x86 = Release|x86
	EndGlobalSection
	GlobalSection(ProjectConfigurationPlatforms) = postSolution
		{FE582DAD-B27F-4476-B4CC-B9EA49096002}.Debug|Any CPU.ActiveCfg = Debug|Any CPU
		{FE582DAD-B27F-4476-B4CC-B9EA49096002}.Debug|Any CPU.Build.0 = Debug|Any CPU
		{FE582DAD-B27F-4476-B4CC-B9EA49096002}.Debug|x64.ActiveCfg = Debug|x64
		{FE582DAD-B27F-4476-B4CC-B9EA49096002}.Debug|x64.Build.0 = Debug|x64
		{FE582DAD-B27F-4476-B4CC-B9EA49096002}.Debug|x86.ActiveCfg = Debug|Any CPU
		{FE582DAD-B27F-4476-B4CC-B9EA49096002}.Debug|x86.Build.0 = Debug|Any CPU
		{FE582DAD-B27F-4476-B4CC-B9EA49096002}.Release|Any CPU.ActiveCfg = Release|Any CPU
		{FE582DAD-B27F-4476-B4CC-B9EA49096002}.Release|Any CPU.Build.0 = Release|Any CPU
		{FE582DAD-B27F-4476-B4CC-B9EA49096002}.Release|x64.ActiveCfg = Release|x64
		{FE582DAD-B27F-4476-B4CC-B9EA49096002}.Release|x64.Build.0 = Release|x64
		{FE582DAD-B27F-4476-B4CC-B9EA49096002}.Release|x86.ActiveCfg = Release|Any CPU
		{FE582DAD-B27F-4476-B4CC-B9EA49096002}.Release|x86.Build.0 = Release|Any CPU
		{A976AC5E-46E0-42D6-9732-6A016A6A3BB2}.Debug|Any CPU.ActiveCfg = Debug|Win32
		{A976AC5E-46E0-42D6-9732-6A016A6A3BB2}.Debug|x64.ActiveCfg = Debug|x64
		{A976AC5E-46E0-42D6-9732-6A016A6A3BB2}.Debug|x64.Build.0 = Debug|x64
		{A976AC5E-46E0-42D6-9732-6A016A6A3BB2}.Debug|x86.ActiveCfg = Debug|Win32
		{A976AC5E-46E0-42D6-9732-6A016A6A3BB2}.Debug|x86.Build.0 = Debug|Win32
		{A976AC5E-46E0-42D6-9732-6A016A6A3BB2}.Release|Any CPU.ActiveCfg = Release|Win32
		{A976AC5E-46E0-42D6-9732-6A016A6A3BB2}.Release|x64.ActiveCfg = Release|x64
		{A976AC5E-46E0-42D6-9732-6A016A6A3BB2}.Release|x64.Build.0 = Release|x64
		{A976AC5E-46E0-42D6-9732-6A016A6A3BB2}.Release|x86.ActiveCfg = Release|Win32
		{A976AC5E-46E0-42D6-9732-6A016A6A3BB2}.Release|x86.Build.0 = Release|Win32
		{8F4F6AE1-B308-4C7F-81FC-4CDDD2302C95}.Debug|Any CPU.ActiveCfg = Debug|Win32
		{8F4F6AE1-B308-4C7F-81FC-4CDDD2302C95}.Debug|x64.ActiveCfg = Debug|x64
		{8F4F6AE1-B308-4C7F-81FC-4CDDD2302C95}.Debug|x64.Build.0 = Debug|x64
		{8F4F6AE1-B308-4C7F-81FC-4CDDD2302C95}.Debug|x86.ActiveCfg = Debug|Win32
		{8F4F6AE1-B308-4C7F-81FC-4CDDD2302C95}.Debug|x86.Build.0 = Debug|Win32
		{8F4F6AE1-B308-4C7F-81FC-4CDDD2302C95}.Release|Any CPU.ActiveCfg = Release|Win32
		{8F4F6AE1-B308-4C7F-81FC-4CDDD2302C95}.Release|x64.ActiveCfg = Release|x64
		{8F4F6AE1-B308-4C7F-81FC-4CDDD2302C95}.Release|x64.Build.0 = Release|x64
		{8F4F6AE1-B308-4C7F-81FC-4CDDD2302C95}.Release|x86.ActiveCfg = Release|Win32
		{8F4F6AE1-B308-4C7F-81FC-4CDDD2302C95}.Release|x86.Build.0 = Release|Win32
		{289C41EF-117B-478C-A3F6-84906E88209E}.Debug|Any CPU.ActiveCfg = Debug|Win32
		{289C41EF-117B-478C-A3F6-84906E88209E}.Debug|x64.ActiveCfg = Debug|x64
		{289C41EF-117B-478C-A3F6-84906E88209E}.Debug|x64.Build.0 = Debug|x64
		{289C41EF-117B-478C-A3F6-84906E88209E}.Debug|x86.ActiveCfg = Debug|Win32
		{289C41EF-117B-478C-A3F6-84906E88209E}.Debug|x86.Build.0 = Debug|Win32
		{289C41EF-117B-478C-A3F6-84906E88209E}.Release|Any CPU.ActiveCfg = Release|Win32
		{289C41EF-117B-478C-A3F6-84906E88209E}.Release|x64.ActiveCfg = Release|x64
		{289C41EF-117B-478C-A3F6-84906E88209E}.Release|x64.Build.0 = Release|x64
		{289C41EF-117B-478C-A3F6-84906E88209E}.Release|x86.ActiveCfg = Release|Win32
		{289C41EF-117B-478C-A3F6-84906E88209E}.Release|x86.Build.0 = Release|Win32
		{7FC22F72-A07B-404A-BCE4-7A950EA3C44B}.Debug|Any CPU.ActiveCfg = Debug|Win32
		{7FC22F72-A07B-404A-BCE4-7A950EA3C44B}.Debug|x64.ActiveCfg = Debug|x64
		{7FC22F72-A07B-404A-BCE4-7A950EA3C44B}.Debug|x64.Build.0 = Debug|x64
		{7FC22F72-A07B-404A-BCE4-7A950EA3C44B}.Debug|x86.ActiveCfg = Debug|Win32
		{7FC22F72-A07B-404A-BCE4-7A950EA3C44B}.Debug|x86.Build.0 = Debug|Win32
		{7FC22F72-A07B-404A-BCE4-7A950EA3C44B}.Release|Any CPU.ActiveCfg = Release|Win32
		{7FC22F72-A07B-404A-BCE4-7A950EA3C44B}.Release|x64.ActiveCfg = Release|x64
		{7FC22F72-A07B-404A-BCE4-7A950EA3C44B}.Release|x64.Build.0 = Release|x64
		{7FC22F72-A07B-404A-BCE4-7A950EA3C44B}.Release|x86.ActiveCfg = Release|Win32
		{7FC22F72-A07B-404A-BCE4-7A950EA3C44B}.Release|x86.Build.0 = Release|Win32
		{11D1FEFC-6EC3-461D-9DDA-BFBD0AA80B69}.Debug|Any CPU.ActiveCfg = Debug|Win32
		{11D1FEFC-6EC3-461D-9DDA-BFBD0AA80B69}.Debug|x64.ActiveCfg = Debug|x64
		{11D1FEFC-6EC3-461D-9DDA-BFBD0AA80B69}.Debug|x64.Build.0 = Debug|x64
		{11D1FEFC-6EC3-461D-9DDA-BFBD0AA80B69}.Debug|x86.ActiveCfg = Debug|Win32
		{11D1FEFC-6EC3-461D-9DDA-BFBD0AA80B69}.Debug|x86.Build.0 = Debug|Win32
		{11D1FEFC-6EC3-461D-9DDA-BFBD0AA80B69}.Release|Any CPU.ActiveCfg = Release|Win32
		{11D1FEFC-6EC3-461D-9DDA-BFBD0AA80B69}.Release|x64.ActiveCfg = Release|x64
		{11D1FEFC-6EC3-461D-9DDA-BFBD0AA80B69}.Release|x64.Build.0 = Release|x64
		{11D1FEFC-6EC3-461D-9DDA-BFBD0AA80B69}.Release|x86.ActiveCfg = Release|Win32
		{11D1FEFC-6EC3-461D-9DDA-BFBD0AA80B69}.Release|x86.Build.0 = Release|Win32
		{0336D67C-249D-4C48-BD80-8E05CE711A58}.Debug|Any CPU.ActiveCfg = Debug|Win32
		{0336D67C-249D-4C48-BD80-8E05CE711A58}.Debug|x64.ActiveCfg = Debug|x64
		{0336D67C-249D-4C48-BD80-8E05CE711A58}.Debug|x64.Build.0 = Debug|x64
		{0336D67C-249D-4C48-BD80-8E05CE711A58}.Debug|x86.ActiveCfg = Debug|Win32
		{0336D67C-249D-4C48-BD80-8E05CE711A58}.Debug|x86.Build.0 = Debug|Win32
		{0336D67C-249D-4C48-BD80-8E05CE711A58}.Release|Any CPU.ActiveCfg = Release|Win32
		{0336D67C-249D-4C48-BD80-8E05CE711A58}.Release|x64.ActiveCfg = Release|x64
		{0336D67C-249D-4C48-BD80-8E05CE711A58}.Release|x64.Build.0 = Release|x64
		{0336D67C-249D-4C48-BD80-8E05CE711A58}.Release|x86.ActiveCfg = Release|Win32
		{0336D67C-249D-4C48-BD80-8E05CE711A58}.Release|x86.Build.0 = Release|Win32
		{A995D286-033C-4EED-B171-6CE61D28C88F}.Debug|Any CPU.ActiveCfg = Debug|Win32
		{A995D286-033C-4EED-B171-6CE61D28C88F}.Debug|x64.ActiveCfg = Debug|x64
		{A995D286-033C-4EED-B171-6CE61D28C88F}.Debug|x64.Build.0 = Debug|x64
		{A995D286-033C-4EED-B171-6CE61D28C88F}.Debug|x86.ActiveCfg = Debug|Win32
		{A995D286-033C-4EED-B171-6CE61D28C88F}.Debug|x86.Build.0 = Debug|Win32
		{A995D286-033C-4EED-B171-6CE61D28C88F}.Release|Any CPU.ActiveCfg = Release|Win32
		{A995D286-033C-4EED-B171-6CE61D28C88F}.Release|x64.ActiveCfg = Release|x64
		{A995D286-033C-4EED-B171-6CE61D28C88F}.Release|x64.Build.0 = Release|x64
		{A995D286-033C-4EED-B171-6CE61D28C88F}.Release|x86.ActiveCfg = Release|Win32
		{A995D286-033C-4EED-B171-6CE61D28C88F}.Release|x86.Build.0 = Release|Win32
		{C43F1C9F-177B-46A8-BE31-08189D25AD43}.Debug|Any CPU.ActiveCfg = Debug|Win32
		{C43F1C9F-177B-46A8-BE31-08189D25AD43}.Debug|x64.ActiveCfg = Debug|x64
		{C43F1C9F-177B-46A8-BE31-08189D25AD43}.Debug|x64.Build.0 = Debug|x64
		{C43F1C9F-177B-46A8-BE31-08189D25AD43}.Debug|x86.ActiveCfg = Debug|Win32
		{C43F1C9F-177B-46A8-BE31-08189D25AD43}.Debug|x86.Build.0 = Debug|Win32
		{C43F1C9F-177B-46A8-BE31-08189D25AD43}.Release|Any CPU.ActiveCfg = Release|Win32
		{C43F1C9F-177B-46A8-BE31-08189D25AD43}.Release|x64.ActiveCfg = Release|x64
		{C43F1C9F-177B-46A8-BE31-08189D25AD43}.Release|x64.Build.0 = Release|x64
		{C43F1C9F-177B-46A8-BE31-08189D25AD43}.Release|x86.ActiveCfg = Release|Win32
		{C43F1C9F-177B-46A8-BE31-08189D25AD43}.Release|x86.Build.0 = Release|Win32
		{8B3F4ADC-DC10-442C-BBBA-8C5BA201FDBC}.Debug|Any CPU.ActiveCfg = Debug|Win32
		{8B3F4ADC-DC10-442C-BBBA-8C5BA201FDBC}.Debug|x64.ActiveCfg = Debug|x64
		{8B3F4ADC-DC10-442C-BBBA-8C5BA201FDBC}.Debug|x64.Build.0 = Debug|x64
		{8B3F4ADC-DC10-442C-BBBA-8C5BA201FDBC}.Debug|x86.ActiveCfg = Debug|Win32
		{8B3F4ADC-DC10-442C-BBBA-8C5BA201FDBC}.Debug|x86.Build.0 = Debug|Win32
		{8B3F4ADC-DC10-442C-BBBA-8C5BA201FDBC}.Release|Any CPU.ActiveCfg = Release|Win32
		{8B3F4ADC-DC10-442C-BBBA-8C5BA201FDBC}.Release|x64.ActiveCfg = Release|x64
		{8B3F4ADC-DC10-442C-BBBA-8C5BA201FDBC}.Release|x64.Build.0 = Release|x64
		{8B3F4ADC-DC10-442C-BBBA-8C5BA201FDBC}.Release|x86.ActiveCfg = Release|Win32
		{8B3F4ADC-DC10-442C-BBBA-8C5BA201FDBC}.Release|x86.Build.0 = Release|Win32
		{5EE55A55-7211-48AC-AC5F-C36FB97C85A2}.Debug|Any CPU.ActiveCfg = Debug|Win32
		{5EE55A55-7211-48AC-AC5F-C36FB97C85A2}.Debug|x64.ActiveCfg = Debug|x64
		{5EE55A55-7211-48AC-AC5F-C36FB97C85A2}.Debug|x64.Build.0 = Debug|x64
		{5EE55A55-7211-48AC-AC5F-C36FB97C85A2}.Debug|x86.ActiveCfg = Debug|Win32
		{5EE55A55-7211-48AC-AC5F-C36FB97C85A2}.Debug|x86.Build.0 = Debug|Win32
		{5EE55A55-7211-48AC-AC5F-C36FB97C85A2}.Release|Any CPU.ActiveCfg = Release|Win32
		{5EE55A55-7211-48AC-AC5F-C36FB97C85A2}.Release|x64.ActiveCfg = Release|x64
		{5EE55A55-7211-48AC-AC5F-C36FB97C85A2}.Release|x64.Build.0 = Release|x64
		{5EE55A55-7211-48AC-AC5F-C36FB97C85A2}.Release|x86.ActiveCfg = Release|Win32
		{5EE55A55-7211-48AC-AC5F-C36FB97C85A2}.Release|x86.Build.0 = Release|Win32
		{31B0B5F5-2A81-4E71-8D3A-50AA859AE991}.Debug|Any CPU.ActiveCfg = Debug|Win32
		{31B0B5F5-2A81-4E71-8D3A-50AA859AE991}.Debug|x64.ActiveCfg = Debug|x64
		{31B0B5F5-2A81-4E71-8D3A-50AA859AE991}.Debug|x64.Build.0 = Debug|x64
		{31B0B5F5-2A81-4E71-8D3A-50AA859AE991}.Debug|x86.ActiveCfg = Debug|Win32
		{31B0B5F5-2A81-4E71-8D3A-50AA859AE991}.Debug|x86.Build.0 = Debug|Win32
		{31B0B5F5-2A81-4E71-8D3A-50AA859AE991}.Release|Any CPU.ActiveCfg = Release|Win32
		{31B0B5F5-2A81-4E71-8D3A-50AA859AE991}.Release|x64.ActiveCfg = Release|x64
		{31B0B5F5-2A81-4E71-8D3A-50AA859AE991}.Release|x64.Build.0 = Release|x64
		{31B0B5F5-2A81-4E71-8D3A-50AA859AE991}.Release|x86.ActiveCfg = Release|Win32
		{31B0B5F5-2A81-4E71-8D3A-50AA859AE991}.Release|x86.Build.0 = Release|Win32
		{6BE86DCE-EC88-4113-9E7B-22B6EF50FDFC}.Debug|Any CPU.ActiveCfg = Debug|Win32
		{6BE86DCE-EC88-4113-9E7B-22B6EF50FDFC}.Debug|x64.ActiveCfg = Debug|x64
		{6BE86DCE-EC88-4113-9E7B-22B6EF50FDFC}.Debug|x64.Build.0 = Debug|x64
		{6BE86DCE-EC88-4113-9E7B-22B6EF50FDFC}.Debug|x86.ActiveCfg = Debug|Win32
		{6BE86DCE-EC88-4113-9E7B-22B6EF50FDFC}.Debug|x86.Build.0 = Debug|Win32
		{6BE86DCE-EC88-4113-9E7B-22B6EF50FDFC}.Release|Any CPU.ActiveCfg = Release|Win32
		{6BE86DCE-EC88-4113-9E7B-22B6EF50FDFC}.Release|x64.ActiveCfg = Release|x64
		{6BE86DCE-EC88-4113-9E7B-22B6EF50FDFC}.Release|x64.Build.0 = Release|x64
		{6BE86DCE-EC88-4113-9E7B-22B6EF50FDFC}.Release|x86.ActiveCfg = Release|Win32
		{6BE86DCE-EC88-4113-9E7B-22B6EF50FDFC}.Release|x86.Build.0 = Release|Win32
	EndGlobalSection
	GlobalSection(SolutionProperties) = preSolution
		HideSolutionNode = FALSE
	EndGlobalSection
	GlobalSection(NestedProjects) = preSolution
		{A976AC5E-46E0-42D6-9732-6A016A6A3BB2} = {E9BEA101-3DF0-4611-A3FD-0D0A3F49E5DA}
		{8F4F6AE1-B308-4C7F-81FC-4CDDD2302C95} = {E9BEA101-3DF0-4611-A3FD-0D0A3F49E5DA}
		{289C41EF-117B-478C-A3F6-84906E88209E} = {E9BEA101-3DF0-4611-A3FD-0D0A3F49E5DA}
		{7FC22F72-A07B-404A-BCE4-7A950EA3C44B} = {E9BEA101-3DF0-4611-A3FD-0D0A3F49E5DA}
		{11D1FEFC-6EC3-461D-9DDA-BFBD0AA80B69} = {E9BEA101-3DF0-4611-A3FD-0D0A3F49E5DA}
		{0336D67C-249D-4C48-BD80-8E05CE711A58} = {E9BEA101-3DF0-4611-A3FD-0D0A3F49E5DA}
		{A995D286-033C-4EED-B171-6CE61D28C88F} = {E9BEA101-3DF0-4611-A3FD-0D0A3F49E5DA}
		{C43F1C9F-177B-46A8-BE31-08189D25AD43} = {E9BEA101-3DF0-4611-A3FD-0D0A3F49E5DA}
		{8B3F4ADC-DC10-442C-BBBA-8C5BA201FDBC} = {E9BEA101-3DF0-4611-A3FD-0D0A3F49E5DA}
		{5EE55A55-7211-48AC-AC5F-C36FB97C85A2} = {E9BEA101-3DF0-4611-A3FD-0D0A3F49E5DA}
		{31B0B5F5-2A81-4E71-8D3A-50AA859AE991} = {E9BEA101-3DF0-4611-A3FD-0D0A3F49E5DA}
		{6BE86DCE-EC88-4113-9E7B-22B6EF50FDFC} = {E9BEA101-3DF0-4611-A3FD-0D0A3F49E5DA}
	EndGlobalSection
	GlobalSection(ExtensibilityGlobals) = postSolution
		SolutionGuid = {254BF0C3-460B-4055-BB3D-2A2B680EB31C}
	EndGlobalSection
EndGlobal
