<?xml version="1.0" encoding="utf-8"?>
<Project ToolsVersion="4.0" xmlns="http://schemas.microsoft.com/developer/msbuild/2003">
  <ItemGroup>
    <Filter Include="Source Files">
      <UniqueIdentifier>{19bf8c3f-1651-4c26-ac10-07becfa157bb}</UniqueIdentifier>
    </Filter>
    <Filter Include="Header Files">
      <UniqueIdentifier>{cd8bd20d-47aa-4d22-aa1a-7a0a89bfe011}</UniqueIdentifier>
    </Filter>
    <Filter Include="Resource Files">
      <UniqueIdentifier>{8b89c15e-a9b8-492f-9de2-300059b1a186}</UniqueIdentifier>
    </Filter>
  </ItemGroup>
  <ItemGroup>
    <ClInclude Include="..\..\..\..\RES\resource.h">
      <Filter>Resource Files</Filter>
    </ClInclude>
    <ClInclude Include="..\..\EmuCommands.h">
      <Filter>Header Files</Filter>
    </ClInclude>
    <ClInclude Include="..\..\Emulator.h">
      <Filter>Header Files</Filter>
    </ClInclude>
    <ClInclude Include="..\..\Loader.h">
      <Filter>Header Files</Filter>
    </ClInclude>
    <ClInclude Include="..\..\pch.h">
      <Filter>Header Files</Filter>
    </ClInclude>
  </ItemGroup>
  <ItemGroup>
    <None Include="..\..\Readme.md" />
    <None Include="..\..\..\..\Data\Json\EmuJdi.json" />
  </ItemGroup>
  <ItemGroup>
    <ClCompile Include="..\..\Loader.cpp">
      <Filter>Source Files</Filter>
    </ClCompile>
    <ClCompile Include="..\..\pch.cpp">
      <Filter>Source Files</Filter>
    </ClCompile>
    <ClCompile Include="..\EmuCommands.cpp" />
    <ClCompile Include="..\Emulator.cpp" />
  </ItemGroup>
  <ItemGroup>
    <Image Include="..\..\..\..\RES\Dolwin.ico">
      <Filter>Resource Files</Filter>
    </Image>
    <Image Include="..\..\..\..\RES\GCN.ico">
      <Filter>Resource Files</Filter>
    </Image>
    <Image Include="..\..\..\..\RES\GCN_sm.ico">
      <Filter>Resource Files</Filter>
    </Image>
    <Image Include="..\..\..\..\RES\padArrows.bmp">
      <Filter>Resource Files</Filter>
    </Image>
    <Image Include="..\..\..\..\RES\padButtons.bmp">
      <Filter>Resource Files</Filter>
    </Image>
    <Image Include="..\..\..\..\RES\padStart.bmp">
      <Filter>Resource Files</Filter>
    </Image>
    <Image Include="..\..\..\..\RES\padStick.bmp">
      <Filter>Resource Files</Filter>
    </Image>
    <Image Include="..\..\..\..\RES\padSubStick.bmp">
      <Filter>Resource Files</Filter>
    </Image>
    <Image Include="..\..\..\..\RES\padTriggerL.bmp">
      <Filter>Resource Files</Filter>
    </Image>
    <Image Include="..\..\..\..\RES\padTriggerR.bmp">
      <Filter>Resource Files</Filter>
    </Image>
  </ItemGroup>
  <ItemGroup>
    <ResourceCompile Include="..\..\..\..\RES\Dolwin.rc">
      <Filter>Resource Files</Filter>
    </ResourceCompile>
  </ItemGroup>
</Project>