<?xml version="1.0" encoding="utf-8"?>
<Project ToolsVersion="4.0" xmlns="http://schemas.microsoft.com/developer/msbuild/2003">
  <ItemGroup>
    <Filter Include="Source Files">
      <UniqueIdentifier>{4FC737F1-C7A5-4376-A066-2A32D752A2FF}</UniqueIdentifier>
      <Extensions>cpp;c;cc;cxx;def;odl;idl;hpj;bat;asm;asmx</Extensions>
    </Filter>
    <Filter Include="Header Files">
      <UniqueIdentifier>{93995380-89BD-4b04-88EB-625FBE52EBFB}</UniqueIdentifier>
      <Extensions>h;hh;hpp;hxx;hm;inl;inc;ipp;xsd</Extensions>
    </Filter>
    <Filter Include="Resource Files">
      <UniqueIdentifier>{67DA6AB6-F800-4c08-8B7A-83BB121AAD01}</UniqueIdentifier>
      <Extensions>rc;ico;cur;bmp;dlg;rc2;rct;bin;rgs;gif;jpg;jpeg;jpe;resx;tiff;tif;png;wav;mfcribbon-ms</Extensions>
    </Filter>
  </ItemGroup>
  <ItemGroup>
    <ClCompile Include="..\Bootrom.cpp">
      <Filter>Source Files</Filter>
    </ClCompile>
    <ClCompile Include="..\HLE.cpp">
      <Filter>Source Files</Filter>
    </ClCompile>
    <ClCompile Include="..\MapLoader.cpp">
      <Filter>Source Files</Filter>
    </ClCompile>
    <ClCompile Include="..\MapMaker.cpp">
      <Filter>Source Files</Filter>
    </ClCompile>
    <ClCompile Include="..\MapSaver.cpp">
      <Filter>Source Files</Filter>
    </ClCompile>
    <ClCompile Include="..\Mtx.cpp">
      <Filter>Source Files</Filter>
    </ClCompile>
    <ClCompile Include="..\OS.cpp">
      <Filter>Source Files</Filter>
    </ClCompile>
    <ClCompile Include="..\pch.cpp">
      <Filter>Source Files</Filter>
    </ClCompile>
    <ClCompile Include="..\Stdc.cpp">
      <Filter>Source Files</Filter>
    </ClCompile>
    <ClCompile Include="..\Symbols.cpp">
      <Filter>Source Files</Filter>
    </ClCompile>
    <ClCompile Include="..\HleCommands.cpp">
      <Filter>Source Files</Filter>
    </ClCompile>
    <ClCompile Include="..\TimeFormat.cpp">
      <Filter>Source Files</Filter>
    </ClCompile>
    <ClCompile Include="..\DumpThreads.cpp">
      <Filter>Source Files</Filter>
    </ClCompile>
  </ItemGroup>
  <ItemGroup>
    <ClInclude Include="..\Bootrom.h">
      <Filter>Header Files</Filter>
    </ClInclude>
    <ClInclude Include="..\HighLevel.h">
      <Filter>Header Files</Filter>
    </ClInclude>
    <ClInclude Include="..\HLE.h">
      <Filter>Header Files</Filter>
    </ClInclude>
    <ClInclude Include="..\MapLoader.h">
      <Filter>Header Files</Filter>
    </ClInclude>
    <ClInclude Include="..\MapMaker.h">
      <Filter>Header Files</Filter>
    </ClInclude>
    <ClInclude Include="..\MapSaver.h">
      <Filter>Header Files</Filter>
    </ClInclude>
    <ClInclude Include="..\Mtx.h">
      <Filter>Header Files</Filter>
    </ClInclude>
    <ClInclude Include="..\OS.h">
      <Filter>Header Files</Filter>
    </ClInclude>
    <ClInclude Include="..\pch.h">
      <Filter>Header Files</Filter>
    </ClInclude>
    <ClInclude Include="..\Stdc.h">
      <Filter>Header Files</Filter>
    </ClInclude>
    <ClInclude Include="..\Symbols.h">
      <Filter>Header Files</Filter>
    </ClInclude>
    <ClInclude Include="..\HleCommands.h">
      <Filter>Header Files</Filter>
    </ClInclude>
    <ClInclude Include="..\TimeFormat.h">
      <Filter>Header Files</Filter>
    </ClInclude>
    <ClInclude Include="..\DumpThreads.h">
      <Filter>Header Files</Filter>
    </ClInclude>
  </ItemGroup>
  <ItemGroup>
    <None Include="..\..\..\Data\HLEJdi.json" />
    <None Include="..\Readme.md" />
  </ItemGroup>
</Project>