
Microsoft Visual Studio Solution File, Format Version 12.00
# Visual Studio Version 17
VisualStudioVersion = 17.5.33424.131
MinimumVisualStudioVersion = 10.0.40219.1
Project("{8BC9CEB8-8B4A-11D0-8D11-00A0C91BC942}") = "pureikyubu", "pureikyubu.vcxproj", "{A189DE1C-F703-415C-A0D6-A968B7A20C5A}"
EndProject
Project("{8BC9CEB8-8B4A-11D0-8D11-00A0C91BC942}") = "fmt", "..\thirdparty\fmt\Scripts\VS2022\fmt.vcxproj", "{768EB97B-424B-407E-B52C-B66465E9D169}"
EndProject
Project("{8BC9CEB8-8B4A-11D0-8D11-00A0C91BC942}") = "DolwinVideo", "..\thirdparty\DolwinVideo\Scripts\VS2022\DolwinVideo.vcxproj", "{11D1FEFC-6EC3-461D-9DDA-BFBD0AA80B69}"
EndProject
Project("{8BC9CEB8-8B4A-11D0-8D11-00A0C91BC942}") = "GX", "..\thirdparty\GX\Scripts\VS2022\GX.vcxproj", "{1386FC99-A29C-410C-B3D1-2A7E233F57D4}"
EndProject
Global
	GlobalSection(SolutionConfigurationPlatforms) = preSolution
		Debug|x64 = Debug|x64
		Debug|x86 = Debug|x86
		Release|x64 = Release|x64
		Release|x86 = Release|x86
	EndGlobalSection
	GlobalSection(ProjectConfigurationPlatforms) = postSolution
		{A189DE1C-F703-415C-A0D6-A968B7A20C5A}.Debug|x64.ActiveCfg = Debug|x64
		{A189DE1C-F703-415C-A0D6-A968B7A20C5A}.Debug|x64.Build.0 = Debug|x64
		{A189DE1C-F703-415C-A0D6-A968B7A20C5A}.Debug|x86.ActiveCfg = Debug|Win32
		{A189DE1C-F703-415C-A0D6-A968B7A20C5A}.Debug|x86.Build.0 = Debug|Win32
		{A189DE1C-F703-415C-A0D6-A968B7A20C5A}.Release|x64.ActiveCfg = Release|x64
		{A189DE1C-F703-415C-A0D6-A968B7A20C5A}.Release|x64.Build.0 = Release|x64
		{A189DE1C-F703-415C-A0D6-A968B7A20C5A}.Release|x86.ActiveCfg = Release|Win32
		{A189DE1C-F703-415C-A0D6-A968B7A20C5A}.Release|x86.Build.0 = Release|Win32
		{768EB97B-424B-407E-B52C-B66465E9D169}.Debug|x64.ActiveCfg = Debug|x64
		{768EB97B-424B-407E-B52C-B66465E9D169}.Debug|x64.Build.0 = Debug|x64
		{768EB97B-424B-407E-B52C-B66465E9D169}.Debug|x86.ActiveCfg = Debug|Win32
		{768EB97B-424B-407E-B52C-B66465E9D169}.Debug|x86.Build.0 = Debug|Win32
		{768EB97B-424B-407E-B52C-B66465E9D169}.Release|x64.ActiveCfg = Release|x64
		{768EB97B-424B-407E-B52C-B66465E9D169}.Release|x64.Build.0 = Release|x64
		{768EB97B-424B-407E-B52C-B66465E9D169}.Release|x86.ActiveCfg = Release|Win32
		{768EB97B-424B-407E-B52C-B66465E9D169}.Release|x86.Build.0 = Release|Win32
		{11D1FEFC-6EC3-461D-9DDA-BFBD0AA80B69}.Debug|x64.ActiveCfg = Debug|x64
		{11D1FEFC-6EC3-461D-9DDA-BFBD0AA80B69}.Debug|x64.Build.0 = Debug|x64
		{11D1FEFC-6EC3-461D-9DDA-BFBD0AA80B69}.Debug|x86.ActiveCfg = Debug|Win32
		{11D1FEFC-6EC3-461D-9DDA-BFBD0AA80B69}.Debug|x86.Build.0 = Debug|Win32
		{11D1FEFC-6EC3-461D-9DDA-BFBD0AA80B69}.Release|x64.ActiveCfg = Release|x64
		{11D1FEFC-6EC3-461D-9DDA-BFBD0AA80B69}.Release|x64.Build.0 = Release|x64
		{11D1FEFC-6EC3-461D-9DDA-BFBD0AA80B69}.Release|x86.ActiveCfg = Release|Win32
		{11D1FEFC-6EC3-461D-9DDA-BFBD0AA80B69}.Release|x86.Build.0 = Release|Win32
		{1386FC99-A29C-410C-B3D1-2A7E233F57D4}.Debug|x64.ActiveCfg = Debug|x64
		{1386FC99-A29C-410C-B3D1-2A7E233F57D4}.Debug|x64.Build.0 = Debug|x64
		{1386FC99-A29C-410C-B3D1-2A7E233F57D4}.Debug|x86.ActiveCfg = Debug|Win32
		{1386FC99-A29C-410C-B3D1-2A7E233F57D4}.Debug|x86.Build.0 = Debug|Win32
		{1386FC99-A29C-410C-B3D1-2A7E233F57D4}.Release|x64.ActiveCfg = Release|x64
		{1386FC99-A29C-410C-B3D1-2A7E233F57D4}.Release|x64.Build.0 = Release|x64
		{1386FC99-A29C-410C-B3D1-2A7E233F57D4}.Release|x86.ActiveCfg = Release|Win32
		{1386FC99-A29C-410C-B3D1-2A7E233F57D4}.Release|x86.Build.0 = Release|Win32
	EndGlobalSection
	GlobalSection(SolutionProperties) = preSolution
		HideSolutionNode = FALSE
	EndGlobalSection
	GlobalSection(ExtensibilityGlobals) = postSolution
		SolutionGuid = {62473805-CC4E-4411-B261-D88E0D4CE293}
	EndGlobalSection
EndGlobal
