<?xml version="1.0" encoding="utf-8"?>
<Project ToolsVersion="4.0" xmlns="http://schemas.microsoft.com/developer/msbuild/2003">
  <ItemGroup>
    <Filter Include="Source Files">
      <UniqueIdentifier>{4FC737F1-C7A5-4376-A066-2A32D752A2FF}</UniqueIdentifier>
      <Extensions>cpp;c;cc;cxx;c++;cppm;ixx;def;odl;idl;hpj;bat;asm;asmx</Extensions>
    </Filter>
    <Filter Include="Header Files">
      <UniqueIdentifier>{93995380-89BD-4b04-88EB-625FBE52EBFB}</UniqueIdentifier>
      <Extensions>h;hh;hpp;hxx;h++;hm;inl;inc;ipp;xsd</Extensions>
    </Filter>
    <Filter Include="Resource Files">
      <UniqueIdentifier>{67DA6AB6-F800-4c08-8B7A-83BB121AAD01}</UniqueIdentifier>
      <Extensions>rc;ico;cur;bmp;dlg;rc2;rct;bin;rgs;gif;jpg;jpeg;jpe;resx;tiff;tif;png;wav;mfcribbon-ms</Extensions>
    </Filter>
    <Filter Include="imgui">
      <UniqueIdentifier>{5afa140c-4797-4cd5-83f6-c284c88c0bdb}</UniqueIdentifier>
    </Filter>
    <Filter Include="GLEW">
      <UniqueIdentifier>{5c45d6df-040f-474c-b297-285a4d8b35ad}</UniqueIdentifier>
    </Filter>
  </ItemGroup>
  <ItemGroup>
    <Image Include="..\src\res\GCN.ico">
      <Filter>Resource Files</Filter>
    </Image>
    <Image Include="..\src\res\GCN_sm.ico">
      <Filter>Resource Files</Filter>
    </Image>
    <Image Include="..\src\res\padArrows.bmp">
      <Filter>Resource Files</Filter>
    </Image>
    <Image Include="..\src\res\padButtons.bmp">
      <Filter>Resource Files</Filter>
    </Image>
    <Image Include="..\src\res\padStart.bmp">
      <Filter>Resource Files</Filter>
    </Image>
    <Image Include="..\src\res\padStick.bmp">
      <Filter>Resource Files</Filter>
    </Image>
    <Image Include="..\src\res\padSubStick.bmp">
      <Filter>Resource Files</Filter>
    </Image>
    <Image Include="..\src\res\padTriggerL.bmp">
      <Filter>Resource Files</Filter>
    </Image>
    <Image Include="..\src\res\padTriggerR.bmp">
      <Filter>Resource Files</Filter>
    </Image>
    <Image Include="..\src\res\pureikyubu.ico">
      <Filter>Resource Files</Filter>
    </Image>
  </ItemGroup>
  <ItemGroup>
    <ResourceCompile Include="..\src\res\pureikyubu.rc">
      <Filter>Resource Files</Filter>
    </ResourceCompile>
  </ItemGroup>
  <ItemGroup>
    <ClInclude Include="..\src\res\resource.h">
      <Filter>Resource Files</Filter>
    </ClInclude>
    <ClInclude Include="..\src\ai.h">
      <Filter>Header Files</Filter>
    </ClInclude>
    <ClInclude Include="..\src\audio.h">
      <Filter>Header Files</Filter>
    </ClInclude>
    <ClInclude Include="..\src\bootrtc.h">
      <Filter>Header Files</Filter>
    </ClInclude>
    <ClInclude Include="..\src\config.h">
      <Filter>Header Files</Filter>
    </ClInclude>
    <ClInclude Include="..\src\cp.h">
      <Filter>Header Files</Filter>
    </ClInclude>
    <ClInclude Include="..\src\cui.h">
      <Filter>Header Files</Filter>
    </ClInclude>
    <ClInclude Include="..\src\debugui.h">
      <Filter>Header Files</Filter>
    </ClInclude>
    <ClInclude Include="..\src\di.h">
      <Filter>Header Files</Filter>
    </ClInclude>
    <ClInclude Include="..\src\dsp.h">
      <Filter>Header Files</Filter>
    </ClInclude>
    <ClInclude Include="..\src\dspcore.h">
      <Filter>Header Files</Filter>
    </ClInclude>
    <ClInclude Include="..\src\dspdebug.h">
      <Filter>Header Files</Filter>
    </ClInclude>
    <ClInclude Include="..\src\dspdec.h">
      <Filter>Header Files</Filter>
    </ClInclude>
    <ClInclude Include="..\src\dspdisasm.h">
      <Filter>Header Files</Filter>
    </ClInclude>
    <ClInclude Include="..\src\dvd.h">
      <Filter>Header Files</Filter>
    </ClInclude>
    <ClInclude Include="..\src\dvddebug.h">
      <Filter>Header Files</Filter>
    </ClInclude>
    <ClInclude Include="..\src\exi.h">
      <Filter>Header Files</Filter>
    </ClInclude>
    <ClInclude Include="..\src\flipper.h">
      <Filter>Header Files</Filter>
    </ClInclude>
    <ClInclude Include="..\src\gekko.h">
      <Filter>Header Files</Filter>
    </ClInclude>
    <ClInclude Include="..\src\gekkoc.h">
      <Filter>Header Files</Filter>
    </ClInclude>
    <ClInclude Include="..\src\gekkodebug.h">
      <Filter>Header Files</Filter>
    </ClInclude>
    <ClInclude Include="..\src\gekkodec.h">
      <Filter>Header Files</Filter>
    </ClInclude>
    <ClInclude Include="..\src\gekkodisasm.h">
      <Filter>Header Files</Filter>
    </ClInclude>
    <ClInclude Include="..\src\gfx.h">
      <Filter>Header Files</Filter>
    </ClInclude>
    <ClInclude Include="..\src\jdi.h">
      <Filter>Header Files</Filter>
    </ClInclude>
    <ClInclude Include="..\src\jdiserver.h">
      <Filter>Header Files</Filter>
    </ClInclude>
    <ClInclude Include="..\src\json.h">
      <Filter>Header Files</Filter>
    </ClInclude>
    <ClInclude Include="..\src\main.h">
      <Filter>Header Files</Filter>
    </ClInclude>
    <ClInclude Include="..\src\mem.h">
      <Filter>Header Files</Filter>
    </ClInclude>
    <ClInclude Include="..\src\memcard.h">
      <Filter>Header Files</Filter>
    </ClInclude>
    <ClInclude Include="..\src\pad.h">
      <Filter>Header Files</Filter>
    </ClInclude>
    <ClInclude Include="..\src\pch.h">
      <Filter>Header Files</Filter>
    </ClInclude>
    <ClInclude Include="..\src\pe.h">
      <Filter>Header Files</Filter>
    </ClInclude>
    <ClInclude Include="..\src\pi.h">
      <Filter>Header Files</Filter>
    </ClInclude>
    <ClInclude Include="..\src\si.h">
      <Filter>Header Files</Filter>
    </ClInclude>
    <ClInclude Include="..\src\sym.h">
      <Filter>Header Files</Filter>
    </ClInclude>
    <ClInclude Include="..\src\ui.h">
      <Filter>Header Files</Filter>
    </ClInclude>
    <ClInclude Include="..\src\utils.h">
      <Filter>Header Files</Filter>
    </ClInclude>
    <ClInclude Include="..\src\vi.h">
      <Filter>Header Files</Filter>
    </ClInclude>
    <ClInclude Include="..\src\xf.h">
      <Filter>Header Files</Filter>
    </ClInclude>
    <ClInclude Include="..\src\xfb.h">
      <Filter>Header Files</Filter>
    </ClInclude>
    <ClInclude Include="..\src\flipperdebug.h">
      <Filter>Header Files</Filter>
    </ClInclude>
    <ClInclude Include="..\src\os.h">
      <Filter>Header Files</Filter>
    </ClInclude>
    <ClInclude Include="..\src\debug.h">
      <Filter>Header Files</Filter>
    </ClInclude>
    <ClInclude Include="..\src\audionull.h">
      <Filter>Header Files</Filter>
    </ClInclude>
    <ClInclude Include="..\src\osdebug.h">
      <Filter>Header Files</Filter>
    </ClInclude>
    <ClInclude Include="..\src\tx.h">
      <Filter>Header Files</Filter>
    </ClInclude>
    <ClInclude Include="..\src\tev.h">
      <Filter>Header Files</Filter>
    </ClInclude>
    <ClInclude Include="..\src\ras.h">
      <Filter>Header Files</Filter>
    </ClInclude>
    <ClInclude Include="..\src\su.h">
      <Filter>Header Files</Filter>
    </ClInclude>
    <ClInclude Include="..\src\uijdi.h">
      <Filter>Header Files</Filter>
    </ClInclude>
  </ItemGroup>
  <ItemGroup>
    <ClCompile Include="..\src\ai.cpp">
      <Filter>Source Files</Filter>
    </ClCompile>
    <ClCompile Include="..\src\audio.cpp">
      <Filter>Source Files</Filter>
    </ClCompile>
    <ClCompile Include="..\src\bootrtc.cpp">
      <Filter>Source Files</Filter>
    </ClCompile>
    <ClCompile Include="..\src\config.cpp">
      <Filter>Source Files</Filter>
    </ClCompile>
    <ClCompile Include="..\src\cp.cpp">
      <Filter>Source Files</Filter>
    </ClCompile>
    <ClCompile Include="..\src\cui.cpp">
      <Filter>Source Files</Filter>
    </ClCompile>
    <ClCompile Include="..\src\debugui.cpp">
      <Filter>Source Files</Filter>
    </ClCompile>
    <ClCompile Include="..\src\di.cpp">
      <Filter>Source Files</Filter>
    </ClCompile>
    <ClCompile Include="..\src\dsp.cpp">
      <Filter>Source Files</Filter>
    </ClCompile>
    <ClCompile Include="..\src\dspcore.cpp">
      <Filter>Source Files</Filter>
    </ClCompile>
    <ClCompile Include="..\src\dspdebug.cpp">
      <Filter>Source Files</Filter>
    </ClCompile>
    <ClCompile Include="..\src\dspdec.cpp">
      <Filter>Source Files</Filter>
    </ClCompile>
    <ClCompile Include="..\src\dspdisasm.cpp">
      <Filter>Source Files</Filter>
    </ClCompile>
    <ClCompile Include="..\src\dvd.cpp">
      <Filter>Source Files</Filter>
    </ClCompile>
    <ClCompile Include="..\src\dvddebug.cpp">
      <Filter>Source Files</Filter>
    </ClCompile>
    <ClCompile Include="..\src\exi.cpp">
      <Filter>Source Files</Filter>
    </ClCompile>
    <ClCompile Include="..\src\flipper.cpp">
      <Filter>Source Files</Filter>
    </ClCompile>
    <ClCompile Include="..\src\gekko.cpp">
      <Filter>Source Files</Filter>
    </ClCompile>
    <ClCompile Include="..\src\gekkoc.cpp">
      <Filter>Source Files</Filter>
    </ClCompile>
    <ClCompile Include="..\src\gekkodebug.cpp">
      <Filter>Source Files</Filter>
    </ClCompile>
    <ClCompile Include="..\src\gekkodec.cpp">
      <Filter>Source Files</Filter>
    </ClCompile>
    <ClCompile Include="..\src\gekkodisasm.cpp">
      <Filter>Source Files</Filter>
    </ClCompile>
    <ClCompile Include="..\src\gfx.cpp">
      <Filter>Source Files</Filter>
    </ClCompile>
    <ClCompile Include="..\src\jdi.cpp">
      <Filter>Source Files</Filter>
    </ClCompile>
    <ClCompile Include="..\src\jdiserver.cpp">
      <Filter>Source Files</Filter>
    </ClCompile>
    <ClCompile Include="..\src\json.cpp">
      <Filter>Source Files</Filter>
    </ClCompile>
    <ClCompile Include="..\src\main.cpp">
      <Filter>Source Files</Filter>
    </ClCompile>
    <ClCompile Include="..\src\mem.cpp">
      <Filter>Source Files</Filter>
    </ClCompile>
    <ClCompile Include="..\src\memcard.cpp">
      <Filter>Source Files</Filter>
    </ClCompile>
    <ClCompile Include="..\src\pad.cpp">
      <Filter>Source Files</Filter>
    </ClCompile>
    <ClCompile Include="..\src\pch.cpp">
      <Filter>Source Files</Filter>
    </ClCompile>
    <ClCompile Include="..\src\pe.cpp">
      <Filter>Source Files</Filter>
    </ClCompile>
    <ClCompile Include="..\src\pi.cpp">
      <Filter>Source Files</Filter>
    </ClCompile>
    <ClCompile Include="..\src\si.cpp">
      <Filter>Source Files</Filter>
    </ClCompile>
    <ClCompile Include="..\src\sym.cpp">
      <Filter>Source Files</Filter>
    </ClCompile>
    <ClCompile Include="..\src\ui.cpp">
      <Filter>Source Files</Filter>
    </ClCompile>
    <ClCompile Include="..\src\utils.cpp">
      <Filter>Source Files</Filter>
    </ClCompile>
    <ClCompile Include="..\src\vi.cpp">
      <Filter>Source Files</Filter>
    </ClCompile>
    <ClCompile Include="..\src\xf.cpp">
      <Filter>Source Files</Filter>
    </ClCompile>
    <ClCompile Include="..\src\xfb.cpp">
      <Filter>Source Files</Filter>
    </ClCompile>
    <ClCompile Include="..\src\flipperdebug.cpp">
      <Filter>Source Files</Filter>
    </ClCompile>
    <ClCompile Include="..\src\os.cpp">
      <Filter>Source Files</Filter>
    </ClCompile>
    <ClCompile Include="..\src\debug.cpp">
      <Filter>Source Files</Filter>
    </ClCompile>
    <ClCompile Include="..\src\audionull.cpp">
      <Filter>Source Files</Filter>
    </ClCompile>
    <ClCompile Include="..\src\osdebug.cpp">
      <Filter>Source Files</Filter>
    </ClCompile>
    <ClCompile Include="..\src\xfbnull.cpp">
      <Filter>Source Files</Filter>
    </ClCompile>
    <ClCompile Include="..\src\padnull.cpp">
      <Filter>Source Files</Filter>
    </ClCompile>
    <ClCompile Include="..\src\uisimple.cpp">
      <Filter>Source Files</Filter>
    </ClCompile>
    <ClCompile Include="..\src\tx.cpp">
      <Filter>Source Files</Filter>
    </ClCompile>
    <ClCompile Include="..\src\tev.cpp">
      <Filter>Source Files</Filter>
    </ClCompile>
    <ClCompile Include="..\src\ras.cpp">
      <Filter>Source Files</Filter>
    </ClCompile>
    <ClCompile Include="..\src\su.cpp">
      <Filter>Source Files</Filter>
    </ClCompile>
    <ClCompile Include="..\src\cuinull.cpp">
      <Filter>Source Files</Filter>
    </ClCompile>
    <ClCompile Include="..\src\cuisdl.cpp">
      <Filter>Source Files</Filter>
    </ClCompile>
    <ClCompile Include="..\thirdparty\imgui\imgui.cpp">
      <Filter>imgui</Filter>
    </ClCompile>
    <ClCompile Include="..\thirdparty\imgui\imgui_demo.cpp">
      <Filter>imgui</Filter>
    </ClCompile>
    <ClCompile Include="..\thirdparty\imgui\imgui_draw.cpp">
      <Filter>imgui</Filter>
    </ClCompile>
    <ClCompile Include="..\thirdparty\imgui\imgui_tables.cpp">
      <Filter>imgui</Filter>
    </ClCompile>
    <ClCompile Include="..\thirdparty\imgui\imgui_widgets.cpp">
      <Filter>imgui</Filter>
    </ClCompile>
    <ClCompile Include="..\thirdparty\imgui\backends\imgui_impl_sdl2.cpp">
      <Filter>imgui</Filter>
    </ClCompile>
    <ClCompile Include="..\thirdparty\imgui\backends\imgui_impl_sdlrenderer2.cpp">
      <Filter>imgui</Filter>
    </ClCompile>
    <ClCompile Include="..\src\uijdi.cpp">
      <Filter>Source Files</Filter>
    </ClCompile>
    <ClCompile Include="..\thirdparty\glew-2.2.0\src\glew.c">
      <Filter>GLEW</Filter>
    </ClCompile>
    <ClCompile Include="..\src\uisdl.cpp">
      <Filter>Source Files</Filter>
    </ClCompile>
    <ClCompile Include="..\src\xfbsdl.cpp">
      <Filter>Source Files</Filter>
    </ClCompile>
  </ItemGroup>
</Project>