<?xml version="1.0" encoding="utf-8"?>
<Project ToolsVersion="4.0" xmlns="http://schemas.microsoft.com/developer/msbuild/2003">
  <ItemGroup>
    <Filter Include="Source Files">
      <UniqueIdentifier>{4FC737F1-C7A5-4376-A066-2A32D752A2FF}</UniqueIdentifier>
      <Extensions>cpp;c;cc;cxx;def;odl;idl;hpj;bat;asm;asmx</Extensions>
    </Filter>
    <Filter Include="Header Files">
      <UniqueIdentifier>{93995380-89BD-4b04-88EB-625FBE52EBFB}</UniqueIdentifier>
      <Extensions>h;hh;hpp;hxx;hm;inl;inc;ipp;xsd</Extensions>
    </Filter>
    <Filter Include="Resource Files">
      <UniqueIdentifier>{67DA6AB6-F800-4c08-8B7A-83BB121AAD01}</UniqueIdentifier>
      <Extensions>rc;ico;cur;bmp;dlg;rc2;rct;bin;rgs;gif;jpg;jpeg;jpe;resx;tiff;tif;png;wav;mfcribbon-ms</Extensions>
    </Filter>
    <Filter Include="Interpreter">
      <UniqueIdentifier>{ccb9afbe-0ef1-4123-b97e-cd2aa94e9455}</UniqueIdentifier>
    </Filter>
  </ItemGroup>
  <ItemGroup>
    <ClInclude Include="..\Interpreter\interpreter.h">
      <Filter>Interpreter</Filter>
    </ClInclude>
    <ClInclude Include="..\Gekko.h">
      <Filter>Header Files</Filter>
    </ClInclude>
    <ClInclude Include="..\Interpreter.h">
      <Filter>Header Files</Filter>
    </ClInclude>
    <ClInclude Include="..\pch.h">
      <Filter>Header Files</Filter>
    </ClInclude>
    <ClInclude Include="..\GekkoCommands.h">
      <Filter>Header Files</Filter>
    </ClInclude>
    <ClInclude Include="..\GekkoDefs.h">
      <Filter>Header Files</Filter>
    </ClInclude>
    <ClInclude Include="..\Mmu.h">
      <Filter>Header Files</Filter>
    </ClInclude>
    <ClInclude Include="..\GekkoAnalyzer.h">
      <Filter>Header Files</Filter>
    </ClInclude>
    <ClInclude Include="..\GekkoDisasmOld.h">
      <Filter>Header Files</Filter>
    </ClInclude>
    <ClInclude Include="..\GekkoDisasm.h">
      <Filter>Header Files</Filter>
    </ClInclude>
    <ClInclude Include="..\GatherBuffer.h">
      <Filter>Header Files</Filter>
    </ClInclude>
  </ItemGroup>
  <ItemGroup>
    <ClCompile Include="..\Interpreter\c_branch.cpp">
      <Filter>Interpreter</Filter>
    </ClCompile>
    <ClCompile Include="..\Interpreter\c_compare.cpp">
      <Filter>Interpreter</Filter>
    </ClCompile>
    <ClCompile Include="..\Interpreter\c_condition.cpp">
      <Filter>Interpreter</Filter>
    </ClCompile>
    <ClCompile Include="..\Interpreter\c_floatingpoint.cpp">
      <Filter>Interpreter</Filter>
    </ClCompile>
    <ClCompile Include="..\Interpreter\c_fploadstore.cpp">
      <Filter>Interpreter</Filter>
    </ClCompile>
    <ClCompile Include="..\Interpreter\c_integer.cpp">
      <Filter>Interpreter</Filter>
    </ClCompile>
    <ClCompile Include="..\Interpreter\c_loadstore.cpp">
      <Filter>Interpreter</Filter>
    </ClCompile>
    <ClCompile Include="..\Interpreter\c_logical.cpp">
      <Filter>Interpreter</Filter>
    </ClCompile>
    <ClCompile Include="..\Interpreter\c_pairedsingle.cpp">
      <Filter>Interpreter</Filter>
    </ClCompile>
    <ClCompile Include="..\Interpreter\c_psloadstore.cpp">
      <Filter>Interpreter</Filter>
    </ClCompile>
    <ClCompile Include="..\Interpreter\c_rotate.cpp">
      <Filter>Interpreter</Filter>
    </ClCompile>
    <ClCompile Include="..\Interpreter\c_shift.cpp">
      <Filter>Interpreter</Filter>
    </ClCompile>
    <ClCompile Include="..\Interpreter\c_system.cpp">
      <Filter>Interpreter</Filter>
    </ClCompile>
    <ClCompile Include="..\Interpreter\c_tables.cpp">
      <Filter>Interpreter</Filter>
    </ClCompile>
    <ClCompile Include="..\Gekko.cpp">
      <Filter>Source Files</Filter>
    </ClCompile>
    <ClCompile Include="..\Interpreter.cpp">
      <Filter>Source Files</Filter>
    </ClCompile>
    <ClCompile Include="..\pch.cpp">
      <Filter>Source Files</Filter>
    </ClCompile>
    <ClCompile Include="..\GekkoCommands.cpp">
      <Filter>Source Files</Filter>
    </ClCompile>
    <ClCompile Include="..\Mmu.cpp">
      <Filter>Source Files</Filter>
    </ClCompile>
    <ClCompile Include="..\GekkoAnalyzer.cpp">
      <Filter>Source Files</Filter>
    </ClCompile>
    <ClCompile Include="..\GekkoDisasmOld.cpp">
      <Filter>Source Files</Filter>
    </ClCompile>
    <ClCompile Include="..\GekkoDisasm.cpp">
      <Filter>Source Files</Filter>
    </ClCompile>
    <ClCompile Include="..\GatherBuffer.cpp">
      <Filter>Source Files</Filter>
    </ClCompile>
  </ItemGroup>
  <ItemGroup>
    <None Include="..\Readme.md" />
    <None Include="..\..\..\Data\GekkoCoreJdi.json" />
  </ItemGroup>
  <ItemGroup>
    <MASM Include="..\Interpreter\AsmX64.asm">
      <Filter>Interpreter</Filter>
    </MASM>
    <MASM Include="..\Interpreter\AsmX86.asm">
      <Filter>Interpreter</Filter>
    </MASM>
  </ItemGroup>
</Project>