
Microsoft Visual Studio Solution File, Format Version 12.00
# Visual Studio Version 16
VisualStudioVersion = 16.0.30011.22
MinimumVisualStudioVersion = 10.0.40219.1
Project("{8BC9CEB8-8B4A-11D0-8D11-00A0C91BC942}") = "DspAdpcmDecoder", "DspAdpcmDecoder.vcxproj", "{383A0482-3B65-4D2E-9A33-49DE12744E7F}"
EndProject
Project("{8BC9CEB8-8B4A-11D0-8D11-00A0C91BC942}") = "DSP", "..\..\SRC\DSP\Scripts\VS2019\DSP.vcxproj", "{0336D67C-249D-4C48-BD80-8E05CE711A58}"
EndProject
Project("{8BC9CEB8-8B4A-11D0-8D11-00A0C91BC942}") = "Common", "..\..\SRC\Common\Scripts\VS2019\Common.vcxproj", "{8F4F6AE1-B308-4C7F-81FC-4CDDD2302C95}"
EndProject
Global
	GlobalSection(SolutionConfigurationPlatforms) = preSolution
		Debug|x64 = Debug|x64
		Debug|x86 = Debug|x86
		Release|x64 = Release|x64
		Release|x86 = Release|x86
	EndGlobalSection
	GlobalSection(ProjectConfigurationPlatforms) = postSolution
		{383A0482-3B65-4D2E-9A33-49DE12744E7F}.Debug|x64.ActiveCfg = Debug|x64
		{383A0482-3B65-4D2E-9A33-49DE12744E7F}.Debug|x64.Build.0 = Debug|x64
		{383A0482-3B65-4D2E-9A33-49DE12744E7F}.Debug|x86.ActiveCfg = Debug|Win32
		{383A0482-3B65-4D2E-9A33-49DE12744E7F}.Debug|x86.Build.0 = Debug|Win32
		{383A0482-3B65-4D2E-9A33-49DE12744E7F}.Release|x64.ActiveCfg = Release|x64
		{383A0482-3B65-4D2E-9A33-49DE12744E7F}.Release|x64.Build.0 = Release|x64
		{383A0482-3B65-4D2E-9A33-49DE12744E7F}.Release|x86.ActiveCfg = Release|Win32
		{383A0482-3B65-4D2E-9A33-49DE12744E7F}.Release|x86.Build.0 = Release|Win32
		{0336D67C-249D-4C48-BD80-8E05CE711A58}.Debug|x64.ActiveCfg = Debug|x64
		{0336D67C-249D-4C48-BD80-8E05CE711A58}.Debug|x64.Build.0 = Debug|x64
		{0336D67C-249D-4C48-BD80-8E05CE711A58}.Debug|x86.ActiveCfg = Debug|Win32
		{0336D67C-249D-4C48-BD80-8E05CE711A58}.Debug|x86.Build.0 = Debug|Win32
		{0336D67C-249D-4C48-BD80-8E05CE711A58}.Release|x64.ActiveCfg = Release|x64
		{0336D67C-249D-4C48-BD80-8E05CE711A58}.Release|x64.Build.0 = Release|x64
		{0336D67C-249D-4C48-BD80-8E05CE711A58}.Release|x86.ActiveCfg = Release|Win32
		{0336D67C-249D-4C48-BD80-8E05CE711A58}.Release|x86.Build.0 = Release|Win32
		{8F4F6AE1-B308-4C7F-81FC-4CDDD2302C95}.Debug|x64.ActiveCfg = Debug|x64
		{8F4F6AE1-B308-4C7F-81FC-4CDDD2302C95}.Debug|x64.Build.0 = Debug|x64
		{8F4F6AE1-B308-4C7F-81FC-4CDDD2302C95}.Debug|x86.ActiveCfg = Debug|Win32
		{8F4F6AE1-B308-4C7F-81FC-4CDDD2302C95}.Debug|x86.Build.0 = Debug|Win32
		{8F4F6AE1-B308-4C7F-81FC-4CDDD2302C95}.Release|x64.ActiveCfg = Release|x64
		{8F4F6AE1-B308-4C7F-81FC-4CDDD2302C95}.Release|x64.Build.0 = Release|x64
		{8F4F6AE1-B308-4C7F-81FC-4CDDD2302C95}.Release|x86.ActiveCfg = Release|Win32
		{8F4F6AE1-B308-4C7F-81FC-4CDDD2302C95}.Release|x86.Build.0 = Release|Win32
	EndGlobalSection
	GlobalSection(SolutionProperties) = preSolution
		HideSolutionNode = FALSE
	EndGlobalSection
	GlobalSection(ExtensibilityGlobals) = postSolution
		SolutionGuid = {23152515-F79F-4F8C-9D36-EE82BE52B9DF}
	EndGlobalSection
EndGlobal
