<?xml version="1.0" encoding="utf-8"?>
<Project ToolsVersion="4.0" xmlns="http://schemas.microsoft.com/developer/msbuild/2003">
  <ItemGroup>
    <Filter Include="Source Files">
      <UniqueIdentifier>{d54ae57f-c1ce-4ae8-9614-88b5e01b2e6d}</UniqueIdentifier>
      <Extensions>cpp;c;cxx;r;odl;idl;hpj;bat</Extensions>
    </Filter>
    <Filter Include="Header Files">
      <UniqueIdentifier>{0d694554-b7d4-4576-ae21-2bef67ef319a}</UniqueIdentifier>
      <Extensions>h;hpp;hxx;hm;inl</Extensions>
    </Filter>
    <Filter Include="Resource Files">
      <UniqueIdentifier>{0648289c-4ab5-4f0b-8295-158181f2b11e}</UniqueIdentifier>
      <Extensions>ico;cur;bmp;dlg;rc;rc2;rct;bin;rgs;gif;jpg;jpeg;jpe;def</Extensions>
    </Filter>
  </ItemGroup>
  <ItemGroup>
    <ClCompile Include="Src\Configure.cpp">
      <Filter>Source Files</Filter>
    </ClCompile>
    <ClCompile Include="Src\DVD.cpp">
      <Filter>Source Files</Filter>
    </ClCompile>
    <ClCompile Include="Src\filesystem.cpp">
      <Filter>Source Files</Filter>
    </ClCompile>
    <ClCompile Include="Src\GCM.cpp">
      <Filter>Source Files</Filter>
    </ClCompile>
    <ClCompile Include="Src\GMP.cpp">
      <Filter>Source Files</Filter>
    </ClCompile>
    <ClCompile Include="..\SRC\UserMenu\UserConfig.cpp">
      <Filter>Source Files</Filter>
    </ClCompile>
  </ItemGroup>
  <ItemGroup>
    <ClInclude Include="Src\Configure.h">
      <Filter>Header Files</Filter>
    </ClInclude>
    <ClInclude Include="..\SRC\Hardware\DolwinPluginSpecs.h">
      <Filter>Header Files</Filter>
    </ClInclude>
    <ClInclude Include="Src\DVD.h">
      <Filter>Header Files</Filter>
    </ClInclude>
    <ClInclude Include="Src\filesystem.h">
      <Filter>Header Files</Filter>
    </ClInclude>
    <ClInclude Include="Src\GCM.h">
      <Filter>Header Files</Filter>
    </ClInclude>
    <ClInclude Include="Src\GMP.h">
      <Filter>Header Files</Filter>
    </ClInclude>
    <ClInclude Include="RES\resource.h">
      <Filter>Resource Files</Filter>
    </ClInclude>
  </ItemGroup>
  <ItemGroup>
    <None Include="Res\DVD.def">
      <Filter>Resource Files</Filter>
    </None>
  </ItemGroup>
  <ItemGroup>
    <ResourceCompile Include="RES\DVD.rc">
      <Filter>Resource Files</Filter>
    </ResourceCompile>
  </ItemGroup>
</Project>