<?xml version="1.0" encoding="utf-8"?>
<Project ToolsVersion="4.0" xmlns="http://schemas.microsoft.com/developer/msbuild/2003">
  <ItemGroup>
    <Filter Include="Source Files">
      <UniqueIdentifier>{4FC737F1-C7A5-4376-A066-2A32D752A2FF}</UniqueIdentifier>
      <Extensions>cpp;c;cc;cxx;def;odl;idl;hpj;bat;asm;asmx</Extensions>
    </Filter>
    <Filter Include="Header Files">
      <UniqueIdentifier>{93995380-89BD-4b04-88EB-625FBE52EBFB}</UniqueIdentifier>
      <Extensions>h;hh;hpp;hxx;hm;inl;inc;ipp;xsd</Extensions>
    </Filter>
    <Filter Include="Resource Files">
      <UniqueIdentifier>{67DA6AB6-F800-4c08-8B7A-83BB121AAD01}</UniqueIdentifier>
      <Extensions>rc;ico;cur;bmp;dlg;rc2;rct;bin;rgs;gif;jpg;jpeg;jpe;resx;tiff;tif;png;wav;mfcribbon-ms</Extensions>
    </Filter>
    <Filter Include="Interpreter">
      <UniqueIdentifier>{ccb9afbe-0ef1-4123-b97e-cd2aa94e9455}</UniqueIdentifier>
    </Filter>
    <Filter Include="JitcX64">
      <UniqueIdentifier>{7829da66-7107-4b73-8d97-85e7f7cfc1b3}</UniqueIdentifier>
    </Filter>
  </ItemGroup>
  <ItemGroup>
    <ClInclude Include="..\..\Gekko.h">
      <Filter>Header Files</Filter>
    </ClInclude>
    <ClInclude Include="..\..\Interpreter.h">
      <Filter>Header Files</Filter>
    </ClInclude>
    <ClInclude Include="..\..\pch.h">
      <Filter>Header Files</Filter>
    </ClInclude>
    <ClInclude Include="..\..\GekkoCommands.h">
      <Filter>Header Files</Filter>
    </ClInclude>
    <ClInclude Include="..\..\GekkoDefs.h">
      <Filter>Header Files</Filter>
    </ClInclude>
    <ClInclude Include="..\..\GekkoAnalyzer.h">
      <Filter>Header Files</Filter>
    </ClInclude>
    <ClInclude Include="..\..\GekkoDisasm.h">
      <Filter>Header Files</Filter>
    </ClInclude>
    <ClInclude Include="..\..\GatherBuffer.h">
      <Filter>Header Files</Filter>
    </ClInclude>
    <ClInclude Include="..\..\Jitc.h">
      <Filter>Header Files</Filter>
    </ClInclude>
    <ClInclude Include="..\..\TLB.h">
      <Filter>Header Files</Filter>
    </ClInclude>
    <ClInclude Include="..\..\Cache.h">
      <Filter>Header Files</Filter>
    </ClInclude>
    <ClInclude Include="..\..\Interpreter\InterpreterPrivate.h">
      <Filter>Interpreter</Filter>
    </ClInclude>
  </ItemGroup>
  <ItemGroup>
    <ClCompile Include="..\..\Gekko.cpp">
      <Filter>Source Files</Filter>
    </ClCompile>
    <ClCompile Include="..\..\Interpreter.cpp">
      <Filter>Source Files</Filter>
    </ClCompile>
    <ClCompile Include="..\..\pch.cpp">
      <Filter>Source Files</Filter>
    </ClCompile>
    <ClCompile Include="..\..\GekkoCommands.cpp">
      <Filter>Source Files</Filter>
    </ClCompile>
    <ClCompile Include="..\..\Mmu.cpp">
      <Filter>Source Files</Filter>
    </ClCompile>
    <ClCompile Include="..\..\GekkoAnalyzer.cpp">
      <Filter>Source Files</Filter>
    </ClCompile>
    <ClCompile Include="..\..\GekkoDisasm.cpp">
      <Filter>Source Files</Filter>
    </ClCompile>
    <ClCompile Include="..\..\GatherBuffer.cpp">
      <Filter>Source Files</Filter>
    </ClCompile>
    <ClCompile Include="..\..\Jitc.cpp">
      <Filter>Source Files</Filter>
    </ClCompile>
    <ClCompile Include="..\..\JitcX64\Fallback.cpp">
      <Filter>JitcX64</Filter>
    </ClCompile>
    <ClCompile Include="..\..\JitcX64\Common.cpp">
      <Filter>JitcX64</Filter>
    </ClCompile>
    <ClCompile Include="..\..\TLB.cpp">
      <Filter>Source Files</Filter>
    </ClCompile>
    <ClCompile Include="..\..\Cache.cpp">
      <Filter>Source Files</Filter>
    </ClCompile>
    <ClCompile Include="..\..\Interpreter\Branch.cpp">
      <Filter>Interpreter</Filter>
    </ClCompile>
    <ClCompile Include="..\..\Interpreter\Compare.cpp">
      <Filter>Interpreter</Filter>
    </ClCompile>
    <ClCompile Include="..\..\Interpreter\Condition.cpp">
      <Filter>Interpreter</Filter>
    </ClCompile>
    <ClCompile Include="..\..\Interpreter\FloatingPoint.cpp">
      <Filter>Interpreter</Filter>
    </ClCompile>
    <ClCompile Include="..\..\Interpreter\FPLoadStore.cpp">
      <Filter>Interpreter</Filter>
    </ClCompile>
    <ClCompile Include="..\..\Interpreter\Integer.cpp">
      <Filter>Interpreter</Filter>
    </ClCompile>
    <ClCompile Include="..\..\Interpreter\LoadStore.cpp">
      <Filter>Interpreter</Filter>
    </ClCompile>
    <ClCompile Include="..\..\Interpreter\Logical.cpp">
      <Filter>Interpreter</Filter>
    </ClCompile>
    <ClCompile Include="..\..\Interpreter\PairedSingle.cpp">
      <Filter>Interpreter</Filter>
    </ClCompile>
    <ClCompile Include="..\..\Interpreter\PSLoadStore.cpp">
      <Filter>Interpreter</Filter>
    </ClCompile>
    <ClCompile Include="..\..\Interpreter\Rotate.cpp">
      <Filter>Interpreter</Filter>
    </ClCompile>
    <ClCompile Include="..\..\Interpreter\Shift.cpp">
      <Filter>Interpreter</Filter>
    </ClCompile>
    <ClCompile Include="..\..\Interpreter\System.cpp">
      <Filter>Interpreter</Filter>
    </ClCompile>
    <ClCompile Include="..\..\Interpreter\Tables.cpp">
      <Filter>Interpreter</Filter>
    </ClCompile>
    <ClCompile Include="..\..\JitcX64\JitcInteger.cpp">
      <Filter>JitcX64</Filter>
    </ClCompile>
    <ClCompile Include="..\..\JitcX64\JitcRotate.cpp">
      <Filter>JitcX64</Filter>
    </ClCompile>
    <ClCompile Include="..\..\MemoryHub.cpp">
      <Filter>Source Files</Filter>
    </ClCompile>
    <ClCompile Include="..\..\JitcX64\JitcBranch.cpp">
      <Filter>JitcX64</Filter>
    </ClCompile>
    <ClCompile Include="..\..\JitcX64\JitcLoadStore.cpp">
      <Filter>JitcX64</Filter>
    </ClCompile>
    <ClCompile Include="..\..\JitcX64\JitcPSLoadStore.cpp">
      <Filter>JitcX64</Filter>
    </ClCompile>
    <ClCompile Include="..\..\JitcX64\JitcPairedSingle.cpp">
      <Filter>JitcX64</Filter>
    </ClCompile>
    <ClCompile Include="..\..\Breakpoints.cpp">
      <Filter>Source Files</Filter>
    </ClCompile>
    <ClCompile Include="..\..\Interpreter\NoAsm.cpp">
      <Filter>Interpreter</Filter>
    </ClCompile>
  </ItemGroup>
  <ItemGroup>
    <None Include="..\..\Readme.md" />
    <None Include="..\..\..\..\Data\Json\GekkoCoreJdi.json" />
  </ItemGroup>
  <ItemGroup>
    <MASM Include="..\..\Interpreter\AsmX64.asm">
      <Filter>Interpreter</Filter>
    </MASM>
    <MASM Include="..\..\Interpreter\AsmX86.asm">
      <Filter>Interpreter</Filter>
    </MASM>
  </ItemGroup>
</Project>